// !$*UTF8*$!
{
	archiveVersion = 1;
	classes = {
	};
	objectVersion = 46;
	objects = {

/* Begin PBXBuildFile section */
		081222D012EB2AF200CDCDDE /* EAGLView.m in Sources */ = {isa = PBXBuildFile; fileRef = 081222C912EB2AF200CDCDDE /* EAGLView.m */; };
		081222D212EB2AF200CDCDDE /* SuperDustBunnyAppDelegate.m in Sources */ = {isa = PBXBuildFile; fileRef = 081222CD12EB2AF200CDCDDE /* SuperDustBunnyAppDelegate.m */; };
		081222D312EB2AF200CDCDDE /* SuperDustBunnyViewController.m in Sources */ = {isa = PBXBuildFile; fileRef = 081222CF12EB2AF200CDCDDE /* SuperDustBunnyViewController.m */; };
		0812233A12EB2D6000CDCDDE /* graphics.mm in Sources */ = {isa = PBXBuildFile; fileRef = 0812233312EB2D6000CDCDDE /* graphics.mm */; };
		0812233B12EB2D6000CDCDDE /* keyboard.mm in Sources */ = {isa = PBXBuildFile; fileRef = 0812233512EB2D6000CDCDDE /* keyboard.mm */; };
		0812233C12EB2D6000CDCDDE /* mouse.mm in Sources */ = {isa = PBXBuildFile; fileRef = 0812233712EB2D6000CDCDDE /* mouse.mm */; };
		08587B0B12E8D0AA003A66B6 /* UIKit.framework in Frameworks */ = {isa = PBXBuildFile; fileRef = 08587B0A12E8D0AA003A66B6 /* UIKit.framework */; };
		08587B0D12E8D0AA003A66B6 /* Foundation.framework in Frameworks */ = {isa = PBXBuildFile; fileRef = 08587B0C12E8D0AA003A66B6 /* Foundation.framework */; };
		08587B0F12E8D0AA003A66B6 /* CoreGraphics.framework in Frameworks */ = {isa = PBXBuildFile; fileRef = 08587B0E12E8D0AA003A66B6 /* CoreGraphics.framework */; };
		08587B1112E8D0AA003A66B6 /* QuartzCore.framework in Frameworks */ = {isa = PBXBuildFile; fileRef = 08587B1012E8D0AA003A66B6 /* QuartzCore.framework */; };
		08587B1312E8D0AA003A66B6 /* OpenGLES.framework in Frameworks */ = {isa = PBXBuildFile; fileRef = 08587B1212E8D0AA003A66B6 /* OpenGLES.framework */; };
		08814D9012EBC819002A152C /* Assets.cpp in Sources */ = {isa = PBXBuildFile; fileRef = 08814D3B12EBC818002A152C /* Assets.cpp */; };
		08814D9112EBC819002A152C /* Barrel.cpp in Sources */ = {isa = PBXBuildFile; fileRef = 08814D3D12EBC818002A152C /* Barrel.cpp */; };
		08814D9212EBC819002A152C /* chapter.cpp in Sources */ = {isa = PBXBuildFile; fileRef = 08814D3F12EBC818002A152C /* chapter.cpp */; };
		08814D9312EBC819002A152C /* ChapterIntro.cpp in Sources */ = {isa = PBXBuildFile; fileRef = 08814D4112EBC818002A152C /* ChapterIntro.cpp */; };
		08814D9412EBC819002A152C /* Coin.cpp in Sources */ = {isa = PBXBuildFile; fileRef = 08814D4312EBC818002A152C /* Coin.cpp */; };
		08814D9512EBC819002A152C /* CreditsScreen.cpp in Sources */ = {isa = PBXBuildFile; fileRef = 08814D4612EBC818002A152C /* CreditsScreen.cpp */; };
		08814D9612EBC819002A152C /* Debris.cpp in Sources */ = {isa = PBXBuildFile; fileRef = 08814D4912EBC818002A152C /* Debris.cpp */; };
		08814D9712EBC819002A152C /* DieScreen.cpp in Sources */ = {isa = PBXBuildFile; fileRef = 08814D4B12EBC818002A152C /* DieScreen.cpp */; };
		08814D9812EBC819002A152C /* Dust.cpp in Sources */ = {isa = PBXBuildFile; fileRef = 08814D4D12EBC818002A152C /* Dust.cpp */; };
		08814D9912EBC819002A152C /* Dusty.cpp in Sources */ = {isa = PBXBuildFile; fileRef = 08814D4F12EBC818002A152C /* Dusty.cpp */; };
		08814D9A12EBC819002A152C /* Fan.cpp in Sources */ = {isa = PBXBuildFile; fileRef = 08814D5112EBC818002A152C /* Fan.cpp */; };
		08814D9B12EBC819002A152C /* FireWorks.cpp in Sources */ = {isa = PBXBuildFile; fileRef = 08814D5312EBC818002A152C /* FireWorks.cpp */; };
		08814D9C12EBC819002A152C /* Flashlight.cpp in Sources */ = {isa = PBXBuildFile; fileRef = 08814D5512EBC818002A152C /* Flashlight.cpp */; };
		08814D9D12EBC819002A152C /* GameScore.cpp in Sources */ = {isa = PBXBuildFile; fileRef = 08814D5712EBC818002A152C /* GameScore.cpp */; };
		08814D9E12EBC819002A152C /* Gear.cpp in Sources */ = {isa = PBXBuildFile; fileRef = 08814D5912EBC818002A152C /* Gear.cpp */; };
		08814D9F12EBC819002A152C /* HelpScreen.cpp in Sources */ = {isa = PBXBuildFile; fileRef = 08814D5B12EBC818002A152C /* HelpScreen.cpp */; };
		08814DA412EBC819002A152C /* main.m in Sources */ = {isa = PBXBuildFile; fileRef = 08814D6512EBC818002A152C /* main.m */; };
		08814DA512EBC819002A152C /* MainWindow-iPad.xib in Resources */ = {isa = PBXBuildFile; fileRef = 08814D6612EBC818002A152C /* MainWindow-iPad.xib */; };
		08814DA612EBC819002A152C /* MainWindow.xib in Resources */ = {isa = PBXBuildFile; fileRef = 08814D6712EBC818002A152C /* MainWindow.xib */; };
		08814DA812EBC819002A152C /* sound.mm in Sources */ = {isa = PBXBuildFile; fileRef = 08814D6B12EBC818002A152C /* sound.mm */; };
		08814DAC12EBC819002A152C /* SuperDustBunnyViewController.xib in Resources */ = {isa = PBXBuildFile; fileRef = 08814D7512EBC818002A152C /* SuperDustBunnyViewController.xib */; };
		08814DAD12EBC819002A152C /* Lighting.cpp in Sources */ = {isa = PBXBuildFile; fileRef = 08814D7612EBC818002A152C /* Lighting.cpp */; };
		08814DAE12EBC819002A152C /* Lives.cpp in Sources */ = {isa = PBXBuildFile; fileRef = 08814D7812EBC818002A152C /* Lives.cpp */; };
		08814DB112EBC819002A152C /* Recorder.cpp in Sources */ = {isa = PBXBuildFile; fileRef = 08814D8112EBC818002A152C /* Recorder.cpp */; };
		08814DB212EBC819002A152C /* StartScreen.cpp in Sources */ = {isa = PBXBuildFile; fileRef = 08814D8312EBC818002A152C /* StartScreen.cpp */; };
		08814DB312EBC819002A152C /* SuperDustBunny.cpp in Sources */ = {isa = PBXBuildFile; fileRef = 08814D8512EBC819002A152C /* SuperDustBunny.cpp */; };
		08814DB412EBC819002A152C /* TennisBall.cpp in Sources */ = {isa = PBXBuildFile; fileRef = 08814D8612EBC819002A152C /* TennisBall.cpp */; };
		08814DB512EBC819002A152C /* Tutorial.cpp in Sources */ = {isa = PBXBuildFile; fileRef = 08814D8812EBC819002A152C /* Tutorial.cpp */; };
		08814DB612EBC819002A152C /* Vacuum.cpp in Sources */ = {isa = PBXBuildFile; fileRef = 08814D8A12EBC819002A152C /* Vacuum.cpp */; };
		08814DB712EBC819002A152C /* WinScreen.cpp in Sources */ = {isa = PBXBuildFile; fileRef = 08814D8C12EBC819002A152C /* WinScreen.cpp */; };
		08814DB812EBC819002A152C /* Wipe.cpp in Sources */ = {isa = PBXBuildFile; fileRef = 08814D8E12EBC819002A152C /* Wipe.cpp */; };
		08EADE5612EB376900229125 /* OpenAL.framework in Frameworks */ = {isa = PBXBuildFile; fileRef = 08EADE5512EB376900229125 /* OpenAL.framework */; };
		08EADE5B12EB37E400229125 /* AudioToolbox.framework in Frameworks */ = {isa = PBXBuildFile; fileRef = 08EADE5A12EB37E400229125 /* AudioToolbox.framework */; };
/* End PBXBuildFile section */

/* Begin PBXFileReference section */
		081222C812EB2AF200CDCDDE /* EAGLView.h */ = {isa = PBXFileReference; fileEncoding = 4; lastKnownFileType = sourcecode.c.h; path = EAGLView.h; sourceTree = SOURCE_ROOT; };
		081222C912EB2AF200CDCDDE /* EAGLView.m */ = {isa = PBXFileReference; fileEncoding = 4; lastKnownFileType = sourcecode.c.objc; path = EAGLView.m; sourceTree = SOURCE_ROOT; };
		081222CB12EB2AF200CDCDDE /* SuperDustBunny-Prefix.pch */ = {isa = PBXFileReference; fileEncoding = 4; lastKnownFileType = sourcecode.c.h; path = "SuperDustBunny-Prefix.pch"; sourceTree = SOURCE_ROOT; };
		081222CC12EB2AF200CDCDDE /* SuperDustBunnyAppDelegate.h */ = {isa = PBXFileReference; fileEncoding = 4; lastKnownFileType = sourcecode.c.h; path = SuperDustBunnyAppDelegate.h; sourceTree = SOURCE_ROOT; };
		081222CD12EB2AF200CDCDDE /* SuperDustBunnyAppDelegate.m */ = {isa = PBXFileReference; fileEncoding = 4; lastKnownFileType = sourcecode.c.objc; path = SuperDustBunnyAppDelegate.m; sourceTree = SOURCE_ROOT; };
		081222CE12EB2AF200CDCDDE /* SuperDustBunnyViewController.h */ = {isa = PBXFileReference; fileEncoding = 4; lastKnownFileType = sourcecode.c.h; path = SuperDustBunnyViewController.h; sourceTree = SOURCE_ROOT; };
		081222CF12EB2AF200CDCDDE /* SuperDustBunnyViewController.m */ = {isa = PBXFileReference; fileEncoding = 4; lastKnownFileType = sourcecode.c.objc; path = SuperDustBunnyViewController.m; sourceTree = SOURCE_ROOT; };
		081222D412EB2B9E00CDCDDE /* SuperDustBunny-Info.plist */ = {isa = PBXFileReference; fileEncoding = 4; lastKnownFileType = text.plist.xml; path = "SuperDustBunny-Info.plist"; sourceTree = SOURCE_ROOT; };
		0812233212EB2D6000CDCDDE /* graphics.h */ = {isa = PBXFileReference; fileEncoding = 4; lastKnownFileType = sourcecode.c.h; path = graphics.h; sourceTree = SOURCE_ROOT; };
		0812233312EB2D6000CDCDDE /* graphics.mm */ = {isa = PBXFileReference; fileEncoding = 4; lastKnownFileType = sourcecode.cpp.objcpp; path = graphics.mm; sourceTree = SOURCE_ROOT; };
		0812233412EB2D6000CDCDDE /* keyboard.h */ = {isa = PBXFileReference; fileEncoding = 4; lastKnownFileType = sourcecode.c.h; path = keyboard.h; sourceTree = SOURCE_ROOT; };
		0812233512EB2D6000CDCDDE /* keyboard.mm */ = {isa = PBXFileReference; fileEncoding = 4; lastKnownFileType = sourcecode.cpp.objcpp; path = keyboard.mm; sourceTree = SOURCE_ROOT; };
		0812233612EB2D6000CDCDDE /* mouse.h */ = {isa = PBXFileReference; fileEncoding = 4; lastKnownFileType = sourcecode.c.h; path = mouse.h; sourceTree = SOURCE_ROOT; };
		0812233712EB2D6000CDCDDE /* mouse.mm */ = {isa = PBXFileReference; fileEncoding = 4; lastKnownFileType = sourcecode.cpp.objcpp; path = mouse.mm; sourceTree = SOURCE_ROOT; };
		0812233812EB2D6000CDCDDE /* sound.h */ = {isa = PBXFileReference; fileEncoding = 4; lastKnownFileType = sourcecode.c.h; path = sound.h; sourceTree = SOURCE_ROOT; };
		0812233912EB2D6000CDCDDE /* sound.mm */ = {isa = PBXFileReference; fileEncoding = 4; lastKnownFileType = sourcecode.cpp.objcpp; path = sound.mm; sourceTree = SOURCE_ROOT; };
		08587B0612E8D0AA003A66B6 /* SuperDustBunny.app */ = {isa = PBXFileReference; explicitFileType = wrapper.application; includeInIndex = 0; path = SuperDustBunny.app; sourceTree = BUILT_PRODUCTS_DIR; };
		08587B0A12E8D0AA003A66B6 /* UIKit.framework */ = {isa = PBXFileReference; lastKnownFileType = wrapper.framework; name = UIKit.framework; path = System/Library/Frameworks/UIKit.framework; sourceTree = SDKROOT; };
		08587B0C12E8D0AA003A66B6 /* Foundation.framework */ = {isa = PBXFileReference; lastKnownFileType = wrapper.framework; name = Foundation.framework; path = System/Library/Frameworks/Foundation.framework; sourceTree = SDKROOT; };
		08587B0E12E8D0AA003A66B6 /* CoreGraphics.framework */ = {isa = PBXFileReference; lastKnownFileType = wrapper.framework; name = CoreGraphics.framework; path = System/Library/Frameworks/CoreGraphics.framework; sourceTree = SDKROOT; };
		08587B1012E8D0AA003A66B6 /* QuartzCore.framework */ = {isa = PBXFileReference; lastKnownFileType = wrapper.framework; name = QuartzCore.framework; path = System/Library/Frameworks/QuartzCore.framework; sourceTree = SDKROOT; };
		08587B1212E8D0AA003A66B6 /* OpenGLES.framework */ = {isa = PBXFileReference; lastKnownFileType = wrapper.framework; name = OpenGLES.framework; path = System/Library/Frameworks/OpenGLES.framework; sourceTree = SDKROOT; };
		08814D3112EBC783002A152C /* InfoPlist.strings */ = {isa = PBXFileReference; fileEncoding = 4; lastKnownFileType = text.plist.strings; path = InfoPlist.strings; sourceTree = SOURCE_ROOT; };
		08814D3212EBC783002A152C /* main.m */ = {isa = PBXFileReference; fileEncoding = 4; lastKnownFileType = sourcecode.c.objc; path = main.m; sourceTree = SOURCE_ROOT; };
		08814D3312EBC783002A152C /* MainWindow-iPad.xib */ = {isa = PBXFileReference; fileEncoding = 4; lastKnownFileType = file.xib; path = "MainWindow-iPad.xib"; sourceTree = SOURCE_ROOT; };
		08814D3412EBC783002A152C /* MainWindow.xib */ = {isa = PBXFileReference; fileEncoding = 4; lastKnownFileType = file.xib; path = MainWindow.xib; sourceTree = SOURCE_ROOT; };
		08814D3512EBC783002A152C /* SuperDustBunnyViewController.xib */ = {isa = PBXFileReference; fileEncoding = 4; lastKnownFileType = file.xib; path = SuperDustBunnyViewController.xib; sourceTree = SOURCE_ROOT; };
		08814D3B12EBC818002A152C /* Assets.cpp */ = {isa = PBXFileReference; fileEncoding = 4; lastKnownFileType = sourcecode.cpp.cpp; name = Assets.cpp; path = ../../Assets.cpp; sourceTree = "<group>"; };
		08814D3C12EBC818002A152C /* Assets.h */ = {isa = PBXFileReference; fileEncoding = 4; lastKnownFileType = sourcecode.c.h; name = Assets.h; path = ../../Assets.h; sourceTree = "<group>"; };
		08814D3D12EBC818002A152C /* Barrel.cpp */ = {isa = PBXFileReference; fileEncoding = 4; lastKnownFileType = sourcecode.cpp.cpp; name = Barrel.cpp; path = ../../Barrel.cpp; sourceTree = "<group>"; };
		08814D3E12EBC818002A152C /* Barrel.h */ = {isa = PBXFileReference; fileEncoding = 4; lastKnownFileType = sourcecode.c.h; name = Barrel.h; path = ../../Barrel.h; sourceTree = "<group>"; };
		08814D3F12EBC818002A152C /* chapter.cpp */ = {isa = PBXFileReference; fileEncoding = 4; lastKnownFileType = sourcecode.cpp.cpp; name = chapter.cpp; path = ../../chapter.cpp; sourceTree = "<group>"; };
		08814D4012EBC818002A152C /* chapter.h */ = {isa = PBXFileReference; fileEncoding = 4; lastKnownFileType = sourcecode.c.h; name = chapter.h; path = ../../chapter.h; sourceTree = "<group>"; };
		08814D4112EBC818002A152C /* ChapterIntro.cpp */ = {isa = PBXFileReference; fileEncoding = 4; lastKnownFileType = sourcecode.cpp.cpp; name = ChapterIntro.cpp; path = ../../ChapterIntro.cpp; sourceTree = "<group>"; };
		08814D4212EBC818002A152C /* ChapterIntro.h */ = {isa = PBXFileReference; fileEncoding = 4; lastKnownFileType = sourcecode.c.h; name = ChapterIntro.h; path = ../../ChapterIntro.h; sourceTree = "<group>"; };
		08814D4312EBC818002A152C /* Coin.cpp */ = {isa = PBXFileReference; fileEncoding = 4; lastKnownFileType = sourcecode.cpp.cpp; name = Coin.cpp; path = ../../Coin.cpp; sourceTree = "<group>"; };
		08814D4412EBC818002A152C /* Coin.h */ = {isa = PBXFileReference; fileEncoding = 4; lastKnownFileType = sourcecode.c.h; name = Coin.h; path = ../../Coin.h; sourceTree = "<group>"; };
		08814D4512EBC818002A152C /* common.h */ = {isa = PBXFileReference; fileEncoding = 4; lastKnownFileType = sourcecode.c.h; name = common.h; path = ../../common.h; sourceTree = "<group>"; };
		08814D4612EBC818002A152C /* CreditsScreen.cpp */ = {isa = PBXFileReference; fileEncoding = 4; lastKnownFileType = sourcecode.cpp.cpp; name = CreditsScreen.cpp; path = ../../CreditsScreen.cpp; sourceTree = "<group>"; };
		08814D4712EBC818002A152C /* CreditsScreen.h */ = {isa = PBXFileReference; fileEncoding = 4; lastKnownFileType = sourcecode.c.h; name = CreditsScreen.h; path = ../../CreditsScreen.h; sourceTree = "<group>"; };
		08814D4812EBC818002A152C /* Crumb.h */ = {isa = PBXFileReference; fileEncoding = 4; lastKnownFileType = sourcecode.c.h; name = Crumb.h; path = ../../Crumb.h; sourceTree = "<group>"; };
		08814D4912EBC818002A152C /* Debris.cpp */ = {isa = PBXFileReference; fileEncoding = 4; lastKnownFileType = sourcecode.cpp.cpp; name = Debris.cpp; path = ../../Debris.cpp; sourceTree = "<group>"; };
		08814D4A12EBC818002A152C /* Debris.h */ = {isa = PBXFileReference; fileEncoding = 4; lastKnownFileType = sourcecode.c.h; name = Debris.h; path = ../../Debris.h; sourceTree = "<group>"; };
		08814D4B12EBC818002A152C /* DieScreen.cpp */ = {isa = PBXFileReference; fileEncoding = 4; lastKnownFileType = sourcecode.cpp.cpp; name = DieScreen.cpp; path = ../../DieScreen.cpp; sourceTree = "<group>"; };
		08814D4C12EBC818002A152C /* DieScreen.h */ = {isa = PBXFileReference; fileEncoding = 4; lastKnownFileType = sourcecode.c.h; name = DieScreen.h; path = ../../DieScreen.h; sourceTree = "<group>"; };
		08814D4D12EBC818002A152C /* Dust.cpp */ = {isa = PBXFileReference; fileEncoding = 4; lastKnownFileType = sourcecode.cpp.cpp; name = Dust.cpp; path = ../../Dust.cpp; sourceTree = "<group>"; };
		08814D4E12EBC818002A152C /* Dust.h */ = {isa = PBXFileReference; fileEncoding = 4; lastKnownFileType = sourcecode.c.h; name = Dust.h; path = ../../Dust.h; sourceTree = "<group>"; };
		08814D4F12EBC818002A152C /* Dusty.cpp */ = {isa = PBXFileReference; fileEncoding = 4; lastKnownFileType = sourcecode.cpp.cpp; name = Dusty.cpp; path = ../../Dusty.cpp; sourceTree = "<group>"; };
		08814D5012EBC818002A152C /* Dusty.h */ = {isa = PBXFileReference; fileEncoding = 4; lastKnownFileType = sourcecode.c.h; name = Dusty.h; path = ../../Dusty.h; sourceTree = "<group>"; };
		08814D5112EBC818002A152C /* Fan.cpp */ = {isa = PBXFileReference; fileEncoding = 4; lastKnownFileType = sourcecode.cpp.cpp; name = Fan.cpp; path = ../../Fan.cpp; sourceTree = "<group>"; };
		08814D5212EBC818002A152C /* Fan.h */ = {isa = PBXFileReference; fileEncoding = 4; lastKnownFileType = sourcecode.c.h; name = Fan.h; path = ../../Fan.h; sourceTree = "<group>"; };
		08814D5312EBC818002A152C /* FireWorks.cpp */ = {isa = PBXFileReference; fileEncoding = 4; lastKnownFileType = sourcecode.cpp.cpp; name = FireWorks.cpp; path = ../../FireWorks.cpp; sourceTree = "<group>"; };
		08814D5412EBC818002A152C /* FireWorks.h */ = {isa = PBXFileReference; fileEncoding = 4; lastKnownFileType = sourcecode.c.h; name = FireWorks.h; path = ../../FireWorks.h; sourceTree = "<group>"; };
		08814D5512EBC818002A152C /* Flashlight.cpp */ = {isa = PBXFileReference; fileEncoding = 4; lastKnownFileType = sourcecode.cpp.cpp; name = Flashlight.cpp; path = ../../Flashlight.cpp; sourceTree = "<group>"; };
		08814D5612EBC818002A152C /* Flashlight.h */ = {isa = PBXFileReference; fileEncoding = 4; lastKnownFileType = sourcecode.c.h; name = Flashlight.h; path = ../../Flashlight.h; sourceTree = "<group>"; };
		08814D5712EBC818002A152C /* GameScore.cpp */ = {isa = PBXFileReference; fileEncoding = 4; lastKnownFileType = sourcecode.cpp.cpp; name = GameScore.cpp; path = ../../GameScore.cpp; sourceTree = "<group>"; };
		08814D5812EBC818002A152C /* GameScore.h */ = {isa = PBXFileReference; fileEncoding = 4; lastKnownFileType = sourcecode.c.h; name = GameScore.h; path = ../../GameScore.h; sourceTree = "<group>"; };
		08814D5912EBC818002A152C /* Gear.cpp */ = {isa = PBXFileReference; fileEncoding = 4; lastKnownFileType = sourcecode.cpp.cpp; name = Gear.cpp; path = ../../Gear.cpp; sourceTree = "<group>"; };
		08814D5A12EBC818002A152C /* Gear.h */ = {isa = PBXFileReference; fileEncoding = 4; lastKnownFileType = sourcecode.c.h; name = Gear.h; path = ../../Gear.h; sourceTree = "<group>"; };
		08814D5B12EBC818002A152C /* HelpScreen.cpp */ = {isa = PBXFileReference; fileEncoding = 4; lastKnownFileType = sourcecode.cpp.cpp; name = HelpScreen.cpp; path = ../../HelpScreen.cpp; sourceTree = "<group>"; };
		08814D5C12EBC818002A152C /* HelpScreen.h */ = {isa = PBXFileReference; fileEncoding = 4; lastKnownFileType = sourcecode.c.h; name = HelpScreen.h; path = ../../HelpScreen.h; sourceTree = "<group>"; };
		08814D5E12EBC818002A152C /* EAGLView.h */ = {isa = PBXFileReference; fileEncoding = 4; lastKnownFileType = sourcecode.c.h; path = EAGLView.h; sourceTree = "<group>"; };
		08814D6012EBC818002A152C /* graphics.h */ = {isa = PBXFileReference; fileEncoding = 4; lastKnownFileType = sourcecode.c.h; path = graphics.h; sourceTree = "<group>"; };
		08814D6112EBC818002A152C /* graphics.mm */ = {isa = PBXFileReference; fileEncoding = 4; lastKnownFileType = sourcecode.cpp.objcpp; path = graphics.mm; sourceTree = "<group>"; };
		08814D6212EBC818002A152C /* InfoPlist.strings */ = {isa = PBXFileReference; fileEncoding = 4; lastKnownFileType = text.plist.strings; path = InfoPlist.strings; sourceTree = "<group>"; };
		08814D6312EBC818002A152C /* keyboard.h */ = {isa = PBXFileReference; fileEncoding = 4; lastKnownFileType = sourcecode.c.h; path = keyboard.h; sourceTree = "<group>"; };
		08814D6412EBC818002A152C /* keyboard.mm */ = {isa = PBXFileReference; fileEncoding = 4; lastKnownFileType = sourcecode.cpp.objcpp; path = keyboard.mm; sourceTree = "<group>"; };
		08814D6512EBC818002A152C /* main.m */ = {isa = PBXFileReference; fileEncoding = 4; lastKnownFileType = sourcecode.c.objc; path = main.m; sourceTree = "<group>"; };
		08814D6612EBC818002A152C /* MainWindow-iPad.xib */ = {isa = PBXFileReference; fileEncoding = 4; lastKnownFileType = file.xib; path = "MainWindow-iPad.xib"; sourceTree = "<group>"; };
		08814D6712EBC818002A152C /* MainWindow.xib */ = {isa = PBXFileReference; fileEncoding = 4; lastKnownFileType = file.xib; path = MainWindow.xib; sourceTree = "<group>"; };
		08814D6812EBC818002A152C /* mouse.h */ = {isa = PBXFileReference; fileEncoding = 4; lastKnownFileType = sourcecode.c.h; path = mouse.h; sourceTree = "<group>"; };
		08814D6912EBC818002A152C /* mouse.mm */ = {isa = PBXFileReference; fileEncoding = 4; lastKnownFileType = sourcecode.cpp.objcpp; path = mouse.mm; sourceTree = "<group>"; };
		08814D6A12EBC818002A152C /* sound.h */ = {isa = PBXFileReference; fileEncoding = 4; lastKnownFileType = sourcecode.c.h; path = sound.h; sourceTree = "<group>"; };
		08814D6B12EBC818002A152C /* sound.mm */ = {isa = PBXFileReference; fileEncoding = 4; lastKnownFileType = sourcecode.cpp.objcpp; path = sound.mm; sourceTree = "<group>"; };
		08814D6C12EBC818002A152C /* SuperDustBunny-Info.plist */ = {isa = PBXFileReference; fileEncoding = 4; lastKnownFileType = text.plist.xml; path = "SuperDustBunny-Info.plist"; sourceTree = "<group>"; };
		08814D6D12EBC818002A152C /* SuperDustBunny-Prefix.pch */ = {isa = PBXFileReference; fileEncoding = 4; lastKnownFileType = sourcecode.c.h; path = "SuperDustBunny-Prefix.pch"; sourceTree = "<group>"; };
		08814D7112EBC818002A152C /* SuperDustBunnyAppDelegate.h */ = {isa = PBXFileReference; fileEncoding = 4; lastKnownFileType = sourcecode.c.h; path = SuperDustBunnyAppDelegate.h; sourceTree = "<group>"; };
		08814D7212EBC818002A152C /* SuperDustBunnyAppDelegate.m */ = {isa = PBXFileReference; fileEncoding = 4; lastKnownFileType = sourcecode.c.objc; path = SuperDustBunnyAppDelegate.m; sourceTree = "<group>"; };
		08814D7312EBC818002A152C /* SuperDustBunnyViewController.h */ = {isa = PBXFileReference; fileEncoding = 4; lastKnownFileType = sourcecode.c.h; path = SuperDustBunnyViewController.h; sourceTree = "<group>"; };
		08814D7412EBC818002A152C /* SuperDustBunnyViewController.m */ = {isa = PBXFileReference; fileEncoding = 4; lastKnownFileType = sourcecode.c.objc; path = SuperDustBunnyViewController.m; sourceTree = "<group>"; };
		08814D7512EBC818002A152C /* SuperDustBunnyViewController.xib */ = {isa = PBXFileReference; fileEncoding = 4; lastKnownFileType = file.xib; path = SuperDustBunnyViewController.xib; sourceTree = "<group>"; };
		08814D7612EBC818002A152C /* Lighting.cpp */ = {isa = PBXFileReference; fileEncoding = 4; lastKnownFileType = sourcecode.cpp.cpp; name = Lighting.cpp; path = ../../Lighting.cpp; sourceTree = "<group>"; };
		08814D7712EBC818002A152C /* Lighting.h */ = {isa = PBXFileReference; fileEncoding = 4; lastKnownFileType = sourcecode.c.h; name = Lighting.h; path = ../../Lighting.h; sourceTree = "<group>"; };
		08814D7812EBC818002A152C /* Lives.cpp */ = {isa = PBXFileReference; fileEncoding = 4; lastKnownFileType = sourcecode.cpp.cpp; name = Lives.cpp; path = ../../Lives.cpp; sourceTree = "<group>"; };
		08814D7912EBC818002A152C /* Lives.h */ = {isa = PBXFileReference; fileEncoding = 4; lastKnownFileType = sourcecode.c.h; name = Lives.h; path = ../../Lives.h; sourceTree = "<group>"; };
		08814D7B12EBC818002A152C /* license.txt */ = {isa = PBXFileReference; fileEncoding = 4; lastKnownFileType = text; path = license.txt; sourceTree = "<group>"; };
		08814D7C12EBC818002A152C /* manual.html */ = {isa = PBXFileReference; fileEncoding = 4; lastKnownFileType = text.html; path = manual.html; sourceTree = "<group>"; };
		08814D7D12EBC818002A152C /* rapidxml.hpp */ = {isa = PBXFileReference; fileEncoding = 4; lastKnownFileType = sourcecode.cpp.h; path = rapidxml.hpp; sourceTree = "<group>"; };
		08814D7E12EBC818002A152C /* rapidxml_iterators.hpp */ = {isa = PBXFileReference; fileEncoding = 4; lastKnownFileType = sourcecode.cpp.h; path = rapidxml_iterators.hpp; sourceTree = "<group>"; };
		08814D7F12EBC818002A152C /* rapidxml_print.hpp */ = {isa = PBXFileReference; fileEncoding = 4; lastKnownFileType = sourcecode.cpp.h; path = rapidxml_print.hpp; sourceTree = "<group>"; };
		08814D8012EBC818002A152C /* rapidxml_utils.hpp */ = {isa = PBXFileReference; fileEncoding = 4; lastKnownFileType = sourcecode.cpp.h; path = rapidxml_utils.hpp; sourceTree = "<group>"; };
		08814D8112EBC818002A152C /* Recorder.cpp */ = {isa = PBXFileReference; fileEncoding = 4; lastKnownFileType = sourcecode.cpp.cpp; name = Recorder.cpp; path = ../../Recorder.cpp; sourceTree = "<group>"; };
		08814D8212EBC818002A152C /* Recorder.h */ = {isa = PBXFileReference; fileEncoding = 4; lastKnownFileType = sourcecode.c.h; name = Recorder.h; path = ../../Recorder.h; sourceTree = "<group>"; };
		08814D8312EBC818002A152C /* StartScreen.cpp */ = {isa = PBXFileReference; fileEncoding = 4; lastKnownFileType = sourcecode.cpp.cpp; name = StartScreen.cpp; path = ../../StartScreen.cpp; sourceTree = "<group>"; };
		08814D8412EBC818002A152C /* StartScreen.h */ = {isa = PBXFileReference; fileEncoding = 4; lastKnownFileType = sourcecode.c.h; name = StartScreen.h; path = ../../StartScreen.h; sourceTree = "<group>"; };
		08814D8512EBC819002A152C /* SuperDustBunny.cpp */ = {isa = PBXFileReference; fileEncoding = 4; lastKnownFileType = sourcecode.cpp.cpp; name = SuperDustBunny.cpp; path = ../../SuperDustBunny.cpp; sourceTree = "<group>"; };
		08814D8612EBC819002A152C /* TennisBall.cpp */ = {isa = PBXFileReference; fileEncoding = 4; lastKnownFileType = sourcecode.cpp.cpp; name = TennisBall.cpp; path = ../../TennisBall.cpp; sourceTree = "<group>"; };
		08814D8712EBC819002A152C /* TennisBall.h */ = {isa = PBXFileReference; fileEncoding = 4; lastKnownFileType = sourcecode.c.h; name = TennisBall.h; path = ../../TennisBall.h; sourceTree = "<group>"; };
		08814D8812EBC819002A152C /* Tutorial.cpp */ = {isa = PBXFileReference; fileEncoding = 4; lastKnownFileType = sourcecode.cpp.cpp; name = Tutorial.cpp; path = ../../Tutorial.cpp; sourceTree = "<group>"; };
		08814D8912EBC819002A152C /* Tutorial.h */ = {isa = PBXFileReference; fileEncoding = 4; lastKnownFileType = sourcecode.c.h; name = Tutorial.h; path = ../../Tutorial.h; sourceTree = "<group>"; };
		08814D8A12EBC819002A152C /* Vacuum.cpp */ = {isa = PBXFileReference; fileEncoding = 4; lastKnownFileType = sourcecode.cpp.cpp; name = Vacuum.cpp; path = ../../Vacuum.cpp; sourceTree = "<group>"; };
		08814D8B12EBC819002A152C /* Vacuum.h */ = {isa = PBXFileReference; fileEncoding = 4; lastKnownFileType = sourcecode.c.h; name = Vacuum.h; path = ../../Vacuum.h; sourceTree = "<group>"; };
		08814D8C12EBC819002A152C /* WinScreen.cpp */ = {isa = PBXFileReference; fileEncoding = 4; lastKnownFileType = sourcecode.cpp.cpp; name = WinScreen.cpp; path = ../../WinScreen.cpp; sourceTree = "<group>"; };
		08814D8D12EBC819002A152C /* WinScreen.h */ = {isa = PBXFileReference; fileEncoding = 4; lastKnownFileType = sourcecode.c.h; name = WinScreen.h; path = ../../WinScreen.h; sourceTree = "<group>"; };
		08814D8E12EBC819002A152C /* Wipe.cpp */ = {isa = PBXFileReference; fileEncoding = 4; lastKnownFileType = sourcecode.cpp.cpp; name = Wipe.cpp; path = ../../Wipe.cpp; sourceTree = "<group>"; };
		08814D8F12EBC819002A152C /* Wipe.h */ = {isa = PBXFileReference; fileEncoding = 4; lastKnownFileType = sourcecode.c.h; name = Wipe.h; path = ../../Wipe.h; sourceTree = "<group>"; };
		08EADE5512EB376900229125 /* OpenAL.framework */ = {isa = PBXFileReference; lastKnownFileType = wrapper.framework; name = OpenAL.framework; path = System/Library/Frameworks/OpenAL.framework; sourceTree = SDKROOT; };
		08EADE5A12EB37E400229125 /* AudioToolbox.framework */ = {isa = PBXFileReference; lastKnownFileType = wrapper.framework; name = AudioToolbox.framework; path = System/Library/Frameworks/AudioToolbox.framework; sourceTree = SDKROOT; };
/* End PBXFileReference section */

/* Begin PBXFrameworksBuildPhase section */
		08587B0312E8D0AA003A66B6 /* Frameworks */ = {
			isa = PBXFrameworksBuildPhase;
			buildActionMask = 2147483647;
			files = (
				08587B0B12E8D0AA003A66B6 /* UIKit.framework in Frameworks */,
				08587B0D12E8D0AA003A66B6 /* Foundation.framework in Frameworks */,
				08587B0F12E8D0AA003A66B6 /* CoreGraphics.framework in Frameworks */,
				08587B1112E8D0AA003A66B6 /* QuartzCore.framework in Frameworks */,
				08587B1312E8D0AA003A66B6 /* OpenGLES.framework in Frameworks */,
				08EADE5612EB376900229125 /* OpenAL.framework in Frameworks */,
				08EADE5B12EB37E400229125 /* AudioToolbox.framework in Frameworks */,
			);
			runOnlyForDeploymentPostprocessing = 0;
		};
/* End PBXFrameworksBuildPhase section */

/* Begin PBXGroup section */
		081222C712EB2A2C00CDCDDE /* iOS */ = {
			isa = PBXGroup;
			children = (
				08814D3112EBC783002A152C /* InfoPlist.strings */,
				08814D3212EBC783002A152C /* main.m */,
				08814D3312EBC783002A152C /* MainWindow-iPad.xib */,
				08814D3412EBC783002A152C /* MainWindow.xib */,
				08814D3512EBC783002A152C /* SuperDustBunnyViewController.xib */,
				0812233212EB2D6000CDCDDE /* graphics.h */,
				0812233312EB2D6000CDCDDE /* graphics.mm */,
				0812233412EB2D6000CDCDDE /* keyboard.h */,
				0812233512EB2D6000CDCDDE /* keyboard.mm */,
				0812233612EB2D6000CDCDDE /* mouse.h */,
				0812233712EB2D6000CDCDDE /* mouse.mm */,
				0812233812EB2D6000CDCDDE /* sound.h */,
				0812233912EB2D6000CDCDDE /* sound.mm */,
				081222D412EB2B9E00CDCDDE /* SuperDustBunny-Info.plist */,
				081222C812EB2AF200CDCDDE /* EAGLView.h */,
				081222C912EB2AF200CDCDDE /* EAGLView.m */,
				081222CB12EB2AF200CDCDDE /* SuperDustBunny-Prefix.pch */,
				081222CC12EB2AF200CDCDDE /* SuperDustBunnyAppDelegate.h */,
				081222CD12EB2AF200CDCDDE /* SuperDustBunnyAppDelegate.m */,
				081222CE12EB2AF200CDCDDE /* SuperDustBunnyViewController.h */,
				081222CF12EB2AF200CDCDDE /* SuperDustBunnyViewController.m */,
			);
			name = iOS;
			sourceTree = "<group>";
		};
		08587AFB12E8D0AA003A66B6 = {
			isa = PBXGroup;
			children = (
				08587B1412E8D0AA003A66B6 /* SuperDustBunny */,
				08587B0912E8D0AA003A66B6 /* Frameworks */,
				08587B0712E8D0AA003A66B6 /* Products */,
			);
			sourceTree = "<group>";
		};
		08587B0712E8D0AA003A66B6 /* Products */ = {
			isa = PBXGroup;
			children = (
				08587B0612E8D0AA003A66B6 /* SuperDustBunny.app */,
			);
			name = Products;
			sourceTree = "<group>";
		};
		08587B0912E8D0AA003A66B6 /* Frameworks */ = {
			isa = PBXGroup;
			children = (
				08EADE5A12EB37E400229125 /* AudioToolbox.framework */,
				08EADE5512EB376900229125 /* OpenAL.framework */,
				08587B0A12E8D0AA003A66B6 /* UIKit.framework */,
				08587B0C12E8D0AA003A66B6 /* Foundation.framework */,
				08587B0E12E8D0AA003A66B6 /* CoreGraphics.framework */,
				08587B1012E8D0AA003A66B6 /* QuartzCore.framework */,
				08587B1212E8D0AA003A66B6 /* OpenGLES.framework */,
			);
			name = Frameworks;
			sourceTree = "<group>";
		};
		08587B1412E8D0AA003A66B6 /* SuperDustBunny */ = {
			isa = PBXGroup;
			children = (
				08814D3B12EBC818002A152C /* Assets.cpp */,
				08814D3C12EBC818002A152C /* Assets.h */,
				08814D3D12EBC818002A152C /* Barrel.cpp */,
				08814D3E12EBC818002A152C /* Barrel.h */,
				08814D3F12EBC818002A152C /* chapter.cpp */,
				08814D4012EBC818002A152C /* chapter.h */,
				08814D4112EBC818002A152C /* ChapterIntro.cpp */,
				08814D4212EBC818002A152C /* ChapterIntro.h */,
				08814D4312EBC818002A152C /* Coin.cpp */,
				08814D4412EBC818002A152C /* Coin.h */,
				08814D4512EBC818002A152C /* common.h */,
				08814D4612EBC818002A152C /* CreditsScreen.cpp */,
				08814D4712EBC818002A152C /* CreditsScreen.h */,
				08814D4812EBC818002A152C /* Crumb.h */,
				08814D4912EBC818002A152C /* Debris.cpp */,
				08814D4A12EBC818002A152C /* Debris.h */,
				08814D4B12EBC818002A152C /* DieScreen.cpp */,
				08814D4C12EBC818002A152C /* DieScreen.h */,
				08814D4D12EBC818002A152C /* Dust.cpp */,
				08814D4E12EBC818002A152C /* Dust.h */,
				08814D4F12EBC818002A152C /* Dusty.cpp */,
				08814D5012EBC818002A152C /* Dusty.h */,
				08814D5112EBC818002A152C /* Fan.cpp */,
				08814D5212EBC818002A152C /* Fan.h */,
				08814D5312EBC818002A152C /* FireWorks.cpp */,
				08814D5412EBC818002A152C /* FireWorks.h */,
				08814D5512EBC818002A152C /* Flashlight.cpp */,
				08814D5612EBC818002A152C /* Flashlight.h */,
				08814D5712EBC818002A152C /* GameScore.cpp */,
				08814D5812EBC818002A152C /* GameScore.h */,
				08814D5912EBC818002A152C /* Gear.cpp */,
				08814D5A12EBC818002A152C /* Gear.h */,
				08814D5B12EBC818002A152C /* HelpScreen.cpp */,
				08814D5C12EBC818002A152C /* HelpScreen.h */,
				08814D5D12EBC818002A152C /* iOS */,
				08814D7612EBC818002A152C /* Lighting.cpp */,
				08814D7712EBC818002A152C /* Lighting.h */,
				08814D7812EBC818002A152C /* Lives.cpp */,
				08814D7912EBC818002A152C /* Lives.h */,
				08814D7A12EBC818002A152C /* rapidxml */,
				08814D8112EBC818002A152C /* Recorder.cpp */,
				08814D8212EBC818002A152C /* Recorder.h */,
				08814D8312EBC818002A152C /* StartScreen.cpp */,
				08814D8412EBC818002A152C /* StartScreen.h */,
				08814D8512EBC819002A152C /* SuperDustBunny.cpp */,
				08814D8612EBC819002A152C /* TennisBall.cpp */,
				08814D8712EBC819002A152C /* TennisBall.h */,
				08814D8812EBC819002A152C /* Tutorial.cpp */,
				08814D8912EBC819002A152C /* Tutorial.h */,
				08814D8A12EBC819002A152C /* Vacuum.cpp */,
				08814D8B12EBC819002A152C /* Vacuum.h */,
				08814D8C12EBC819002A152C /* WinScreen.cpp */,
				08814D8D12EBC819002A152C /* WinScreen.h */,
				08814D8E12EBC819002A152C /* Wipe.cpp */,
				08814D8F12EBC819002A152C /* Wipe.h */,
				081222C712EB2A2C00CDCDDE /* iOS */,
			);
			path = SuperDustBunny;
			sourceTree = "<group>";
		};
		08814D5D12EBC818002A152C /* iOS */ = {
			isa = PBXGroup;
			children = (
				08814D5E12EBC818002A152C /* EAGLView.h */,
				08814D6012EBC818002A152C /* graphics.h */,
				08814D6112EBC818002A152C /* graphics.mm */,
				08814D6212EBC818002A152C /* InfoPlist.strings */,
				08814D6312EBC818002A152C /* keyboard.h */,
				08814D6412EBC818002A152C /* keyboard.mm */,
				08814D6512EBC818002A152C /* main.m */,
				08814D6612EBC818002A152C /* MainWindow-iPad.xib */,
				08814D6712EBC818002A152C /* MainWindow.xib */,
				08814D6812EBC818002A152C /* mouse.h */,
				08814D6912EBC818002A152C /* mouse.mm */,
				08814D6A12EBC818002A152C /* sound.h */,
				08814D6B12EBC818002A152C /* sound.mm */,
				08814D6C12EBC818002A152C /* SuperDustBunny-Info.plist */,
				08814D6D12EBC818002A152C /* SuperDustBunny-Prefix.pch */,
				08814D7112EBC818002A152C /* SuperDustBunnyAppDelegate.h */,
				08814D7212EBC818002A152C /* SuperDustBunnyAppDelegate.m */,
				08814D7312EBC818002A152C /* SuperDustBunnyViewController.h */,
				08814D7412EBC818002A152C /* SuperDustBunnyViewController.m */,
				08814D7512EBC818002A152C /* SuperDustBunnyViewController.xib */,
			);
			name = iOS;
			sourceTree = SOURCE_ROOT;
		};
		08814D7A12EBC818002A152C /* rapidxml */ = {
			isa = PBXGroup;
			children = (
				08814D7B12EBC818002A152C /* license.txt */,
				08814D7C12EBC818002A152C /* manual.html */,
				08814D7D12EBC818002A152C /* rapidxml.hpp */,
				08814D7E12EBC818002A152C /* rapidxml_iterators.hpp */,
				08814D7F12EBC818002A152C /* rapidxml_print.hpp */,
				08814D8012EBC818002A152C /* rapidxml_utils.hpp */,
			);
			name = rapidxml;
			path = ../../rapidxml;
			sourceTree = "<group>";
		};
/* End PBXGroup section */

/* Begin PBXNativeTarget section */
		08587B0512E8D0AA003A66B6 /* SuperDustBunny */ = {
			isa = PBXNativeTarget;
			buildConfigurationList = 08587B3212E8D0AA003A66B6 /* Build configuration list for PBXNativeTarget "SuperDustBunny" */;
			buildPhases = (
				08587B0212E8D0AA003A66B6 /* Sources */,
				08587B0312E8D0AA003A66B6 /* Frameworks */,
				08587B0412E8D0AA003A66B6 /* Resources */,
			);
			buildRules = (
			);
			dependencies = (
			);
			name = SuperDustBunny;
			productName = SuperDustBunny;
			productReference = 08587B0612E8D0AA003A66B6 /* SuperDustBunny.app */;
			productType = "com.apple.product-type.application";
		};
/* End PBXNativeTarget section */

/* Begin PBXProject section */
		08587AFD12E8D0AA003A66B6 /* Project object */ = {
			isa = PBXProject;
			attributes = {
				ORGANIZATIONNAME = Self;
			};
			buildConfigurationList = 08587B0012E8D0AA003A66B6 /* Build configuration list for PBXProject "SuperDustBunny" */;
			compatibilityVersion = "Xcode 3.2";
			developmentRegion = English;
			hasScannedForEncodings = 0;
			knownRegions = (
				en,
			);
			mainGroup = 08587AFB12E8D0AA003A66B6;
			productRefGroup = 08587B0712E8D0AA003A66B6 /* Products */;
			projectDirPath = "";
			projectRoot = "";
			targets = (
				08587B0512E8D0AA003A66B6 /* SuperDustBunny */,
			);
		};
/* End PBXProject section */

/* Begin PBXResourcesBuildPhase section */
		08587B0412E8D0AA003A66B6 /* Resources */ = {
			isa = PBXResourcesBuildPhase;
			buildActionMask = 2147483647;
			files = (
				08814DA512EBC819002A152C /* MainWindow-iPad.xib in Resources */,
				08814DA612EBC819002A152C /* MainWindow.xib in Resources */,
				08814DAC12EBC819002A152C /* SuperDustBunnyViewController.xib in Resources */,
			);
			runOnlyForDeploymentPostprocessing = 0;
		};
/* End PBXResourcesBuildPhase section */

/* Begin PBXSourcesBuildPhase section */
		08587B0212E8D0AA003A66B6 /* Sources */ = {
			isa = PBXSourcesBuildPhase;
			buildActionMask = 2147483647;
			files = (
				081222D012EB2AF200CDCDDE /* EAGLView.m in Sources */,
				081222D212EB2AF200CDCDDE /* SuperDustBunnyAppDelegate.m in Sources */,
				081222D312EB2AF200CDCDDE /* SuperDustBunnyViewController.m in Sources */,
				0812233A12EB2D6000CDCDDE /* graphics.mm in Sources */,
				0812233B12EB2D6000CDCDDE /* keyboard.mm in Sources */,
				0812233C12EB2D6000CDCDDE /* mouse.mm in Sources */,
				08814D9012EBC819002A152C /* Assets.cpp in Sources */,
				08814D9112EBC819002A152C /* Barrel.cpp in Sources */,
				08814D9212EBC819002A152C /* chapter.cpp in Sources */,
				08814D9312EBC819002A152C /* ChapterIntro.cpp in Sources */,
				08814D9412EBC819002A152C /* Coin.cpp in Sources */,
				08814D9512EBC819002A152C /* CreditsScreen.cpp in Sources */,
				08814D9612EBC819002A152C /* Debris.cpp in Sources */,
				08814D9712EBC819002A152C /* DieScreen.cpp in Sources */,
				08814D9812EBC819002A152C /* Dust.cpp in Sources */,
				08814D9912EBC819002A152C /* Dusty.cpp in Sources */,
				08814D9A12EBC819002A152C /* Fan.cpp in Sources */,
				08814D9B12EBC819002A152C /* FireWorks.cpp in Sources */,
				08814D9C12EBC819002A152C /* Flashlight.cpp in Sources */,
				08814D9D12EBC819002A152C /* GameScore.cpp in Sources */,
				08814D9E12EBC819002A152C /* Gear.cpp in Sources */,
				08814D9F12EBC819002A152C /* HelpScreen.cpp in Sources */,
				08814DA412EBC819002A152C /* main.m in Sources */,
				08814DA812EBC819002A152C /* sound.mm in Sources */,
				08814DAD12EBC819002A152C /* Lighting.cpp in Sources */,
				08814DAE12EBC819002A152C /* Lives.cpp in Sources */,
				08814DB112EBC819002A152C /* Recorder.cpp in Sources */,
				08814DB212EBC819002A152C /* StartScreen.cpp in Sources */,
				08814DB312EBC819002A152C /* SuperDustBunny.cpp in Sources */,
				08814DB412EBC819002A152C /* TennisBall.cpp in Sources */,
				08814DB512EBC819002A152C /* Tutorial.cpp in Sources */,
				08814DB612EBC819002A152C /* Vacuum.cpp in Sources */,
				08814DB712EBC819002A152C /* WinScreen.cpp in Sources */,
				08814DB812EBC819002A152C /* Wipe.cpp in Sources */,
			);
			runOnlyForDeploymentPostprocessing = 0;
		};
/* End PBXSourcesBuildPhase section */

/* Begin XCBuildConfiguration section */
		08587B3012E8D0AA003A66B6 /* Debug */ = {
			isa = XCBuildConfiguration;
			buildSettings = {
				ARCHS = "$(ARCHS_STANDARD_32_BIT)";
				"CODE_SIGN_IDENTITY[sdk=iphoneos*]" = "iPhone Developer";
				GCC_C_LANGUAGE_STANDARD = gnu99;
				GCC_OPTIMIZATION_LEVEL = 0;
				GCC_PREPROCESSOR_DEFINITIONS = DEBUG;
				GCC_WARN_ABOUT_RETURN_TYPE = YES;
				GCC_WARN_UNUSED_VARIABLE = YES;
				IPHONEOS_DEPLOYMENT_TARGET = 4.2;
				SDKROOT = iphoneos;
			};
			name = Debug;
		};
		08587B3112E8D0AA003A66B6 /* Release */ = {
			isa = XCBuildConfiguration;
			buildSettings = {
				ARCHS = "$(ARCHS_STANDARD_32_BIT)";
				"CODE_SIGN_IDENTITY[sdk=iphoneos*]" = "iPhone Developer";
				GCC_C_LANGUAGE_STANDARD = gnu99;
				GCC_WARN_ABOUT_RETURN_TYPE = YES;
				GCC_WARN_UNUSED_VARIABLE = YES;
				IPHONEOS_DEPLOYMENT_TARGET = 4.2;
				OTHER_CFLAGS = "-DNS_BLOCK_ASSERTIONS=1";
				SDKROOT = iphoneos;
			};
			name = Release;
		};
		08587B3312E8D0AA003A66B6 /* Debug */ = {
			isa = XCBuildConfiguration;
			buildSettings = {
				ALWAYS_SEARCH_USER_PATHS = NO;
				COPY_PHASE_STRIP = NO;
				GCC_DYNAMIC_NO_PIC = NO;
				GCC_PRECOMPILE_PREFIX_HEADER = YES;
				GCC_PREFIX_HEADER = "SuperDustBunny-Prefix.pch";
				"GCC_THUMB_SUPPORT[arch=armv6]" = "";
				INFOPLIST_FILE = "SuperDustBunny-Info.plist";
				IPHONEOS_DEPLOYMENT_TARGET = 4.2;
				PRODUCT_NAME = "$(TARGET_NAME)";
				TARGETED_DEVICE_FAMILY = "1,2";
				WRAPPER_EXTENSION = app;
			};
			name = Debug;
		};
		08587B3412E8D0AA003A66B6 /* Release */ = {
			isa = XCBuildConfiguration;
			buildSettings = {
				ALWAYS_SEARCH_USER_PATHS = NO;
				COPY_PHASE_STRIP = YES;
				GCC_PRECOMPILE_PREFIX_HEADER = YES;
				GCC_PREFIX_HEADER = "SuperDustBunny-Prefix.pch";
				"GCC_THUMB_SUPPORT[arch=armv6]" = "";
				INFOPLIST_FILE = "SuperDustBunny-Info.plist";
				IPHONEOS_DEPLOYMENT_TARGET = 4.2;
				PRODUCT_NAME = "$(TARGET_NAME)";
				TARGETED_DEVICE_FAMILY = "1,2";
				VALIDATE_PRODUCT = YES;
				WRAPPER_EXTENSION = app;
			};
			name = Release;
		};
/* End XCBuildConfiguration section */

/* Begin XCConfigurationList section */
		08587B0012E8D0AA003A66B6 /* Build configuration list for PBXProject "SuperDustBunny" */ = {
			isa = XCConfigurationList;
			buildConfigurations = (
				08587B3012E8D0AA003A66B6 /* Debug */,
				08587B3112E8D0AA003A66B6 /* Release */,
			);
			defaultConfigurationIsVisible = 0;
			defaultConfigurationName = Release;
		};
		08587B3212E8D0AA003A66B6 /* Build configuration list for PBXNativeTarget "SuperDustBunny" */ = {
			isa = XCConfigurationList;
			buildConfigurations = (
				08587B3312E8D0AA003A66B6 /* Debug */,
				08587B3412E8D0AA003A66B6 /* Release */,
			);
			defaultConfigurationIsVisible = 0;
			defaultConfigurationName = Release;
		};
/* End XCConfigurationList section */
	};
	rootObject = 08587AFD12E8D0AA003A66B6 /* Project object */;
}
