// !$*UTF8*$!
{
	archiveVersion = 1;
	classes = {
	};
	objectVersion = 46;
	objects = {

/* Begin PBXBuildFile section */
		0816B6D3137F8C1C00CE5DE4 /* Input.cpp in Sources */ = {isa = PBXBuildFile; fileRef = 0816B6D1137F8C1B00CE5DE4 /* Input.cpp */; };
		082C9B8013E8D97400586EDB /* Icon-ipad.png in Resources */ = {isa = PBXBuildFile; fileRef = 082C9B7F13E8D97400586EDB /* Icon-ipad.png */; };
		0844B73913F9F0A500092ECE /* Text.cpp in Sources */ = {isa = PBXBuildFile; fileRef = 0844B73813F9F0A500092ECE /* Text.cpp */; };
		0856200F1346A40000F9EFBA /* Default-ipad.png in Resources */ = {isa = PBXBuildFile; fileRef = 0856200A1346A40000F9EFBA /* Default-ipad.png */; };
		085620101346A40000F9EFBA /* Default.png in Resources */ = {isa = PBXBuildFile; fileRef = 0856200B1346A40000F9EFBA /* Default.png */; };
		085620111346A40000F9EFBA /* Default@2x.png in Resources */ = {isa = PBXBuildFile; fileRef = 0856200C1346A40000F9EFBA /* Default@2x.png */; };
		085620121346A40000F9EFBA /* Icon.png in Resources */ = {isa = PBXBuildFile; fileRef = 0856200D1346A40000F9EFBA /* Icon.png */; };
		085620131346A40000F9EFBA /* Icon@2x.png in Resources */ = {isa = PBXBuildFile; fileRef = 0856200E1346A40000F9EFBA /* Icon@2x.png */; };
		085AA95F132C572A00DF32CA /* UIKit.framework in Frameworks */ = {isa = PBXBuildFile; fileRef = 085AA95E132C572A00DF32CA /* UIKit.framework */; };
		085AA961132C572A00DF32CA /* Foundation.framework in Frameworks */ = {isa = PBXBuildFile; fileRef = 085AA960132C572A00DF32CA /* Foundation.framework */; };
		085AA963132C572A00DF32CA /* CoreGraphics.framework in Frameworks */ = {isa = PBXBuildFile; fileRef = 085AA962132C572A00DF32CA /* CoreGraphics.framework */; };
		085AA9FE132C582C00DF32CA /* EAGLView.m in Sources */ = {isa = PBXBuildFile; fileRef = 085AA9E7132C582C00DF32CA /* EAGLView.m */; };
		085AA9FF132C582C00DF32CA /* graphics.mm in Sources */ = {isa = PBXBuildFile; fileRef = 085AA9E9132C582C00DF32CA /* graphics.mm */; };
		085AAA00132C582C00DF32CA /* InfoPlist.strings in Resources */ = {isa = PBXBuildFile; fileRef = 085AA9EA132C582C00DF32CA /* InfoPlist.strings */; };
		085AAA01132C582C00DF32CA /* keyboard.mm in Sources */ = {isa = PBXBuildFile; fileRef = 085AA9EC132C582C00DF32CA /* keyboard.mm */; };
		085AAA02132C582C00DF32CA /* main.m in Sources */ = {isa = PBXBuildFile; fileRef = 085AA9ED132C582C00DF32CA /* main.m */; };
		085AAA03132C582C00DF32CA /* MainWindow-iPad.xib in Resources */ = {isa = PBXBuildFile; fileRef = 085AA9EE132C582C00DF32CA /* MainWindow-iPad.xib */; };
		085AAA04132C582C00DF32CA /* MainWindow-iPhone.xib in Resources */ = {isa = PBXBuildFile; fileRef = 085AA9EF132C582C00DF32CA /* MainWindow-iPhone.xib */; };
		085AAA05132C582C00DF32CA /* mouse.mm in Sources */ = {isa = PBXBuildFile; fileRef = 085AA9F1132C582C00DF32CA /* mouse.mm */; };
		085AAA06132C582C00DF32CA /* SettingsViewController.m in Sources */ = {isa = PBXBuildFile; fileRef = 085AA9F3132C582C00DF32CA /* SettingsViewController.m */; };
		085AAA07132C582C00DF32CA /* SettingsViewController.xib in Resources */ = {isa = PBXBuildFile; fileRef = 085AA9F4132C582C00DF32CA /* SettingsViewController.xib */; };
		085AAA08132C582C00DF32CA /* sound.mm in Sources */ = {isa = PBXBuildFile; fileRef = 085AA9F6132C582C00DF32CA /* sound.mm */; };
		085AAA0A132C582C00DF32CA /* SuperDustBunnyAppDelegate.m in Sources */ = {isa = PBXBuildFile; fileRef = 085AA9FA132C582C00DF32CA /* SuperDustBunnyAppDelegate.m */; };
		085AAA0B132C582C00DF32CA /* SuperDustBunnyViewController.m in Sources */ = {isa = PBXBuildFile; fileRef = 085AA9FC132C582C00DF32CA /* SuperDustBunnyViewController.m */; };
		085AAA0C132C582C00DF32CA /* SuperDustBunnyViewController.xib in Resources */ = {isa = PBXBuildFile; fileRef = 085AA9FD132C582C00DF32CA /* SuperDustBunnyViewController.xib */; };
		085AAA0E132C5ABC00DF32CA /* OpenGLES.framework in Frameworks */ = {isa = PBXBuildFile; fileRef = 085AAA0D132C5ABC00DF32CA /* OpenGLES.framework */; };
		085AAA11132C5B2E00DF32CA /* AudioToolbox.framework in Frameworks */ = {isa = PBXBuildFile; fileRef = 085AAA10132C5B2E00DF32CA /* AudioToolbox.framework */; };
		085AAA13132C5B4800DF32CA /* OpenAL.framework in Frameworks */ = {isa = PBXBuildFile; fileRef = 085AAA12132C5B4800DF32CA /* OpenAL.framework */; };
		085AAA56132C5B9F00DF32CA /* Assets.cpp in Sources */ = {isa = PBXBuildFile; fileRef = 085AAA16132C5B9F00DF32CA /* Assets.cpp */; };
		085AAA57132C5B9F00DF32CA /* Barrel.cpp in Sources */ = {isa = PBXBuildFile; fileRef = 085AAA18132C5B9F00DF32CA /* Barrel.cpp */; };
		085AAA58132C5B9F00DF32CA /* chapter.cpp in Sources */ = {isa = PBXBuildFile; fileRef = 085AAA1A132C5B9F00DF32CA /* chapter.cpp */; };
		085AAA59132C5B9F00DF32CA /* ChapterIntro.cpp in Sources */ = {isa = PBXBuildFile; fileRef = 085AAA1C132C5B9F00DF32CA /* ChapterIntro.cpp */; };
		085AAA5A132C5B9F00DF32CA /* Coin.cpp in Sources */ = {isa = PBXBuildFile; fileRef = 085AAA1E132C5B9F00DF32CA /* Coin.cpp */; };
		085AAA5B132C5B9F00DF32CA /* CreditsScreen.cpp in Sources */ = {isa = PBXBuildFile; fileRef = 085AAA21132C5B9F00DF32CA /* CreditsScreen.cpp */; };
		085AAA5C132C5B9F00DF32CA /* Debris.cpp in Sources */ = {isa = PBXBuildFile; fileRef = 085AAA24132C5B9F00DF32CA /* Debris.cpp */; };
		085AAA5D132C5B9F00DF32CA /* DieScreen.cpp in Sources */ = {isa = PBXBuildFile; fileRef = 085AAA26132C5B9F00DF32CA /* DieScreen.cpp */; };
		085AAA5E132C5B9F00DF32CA /* Dust.cpp in Sources */ = {isa = PBXBuildFile; fileRef = 085AAA28132C5B9F00DF32CA /* Dust.cpp */; };
		085AAA5F132C5B9F00DF32CA /* Dusty.cpp in Sources */ = {isa = PBXBuildFile; fileRef = 085AAA2A132C5B9F00DF32CA /* Dusty.cpp */; };
		085AAA60132C5B9F00DF32CA /* Fan.cpp in Sources */ = {isa = PBXBuildFile; fileRef = 085AAA2C132C5B9F00DF32CA /* Fan.cpp */; };
		085AAA61132C5B9F00DF32CA /* FireWorks.cpp in Sources */ = {isa = PBXBuildFile; fileRef = 085AAA2E132C5B9F00DF32CA /* FireWorks.cpp */; };
		085AAA62132C5B9F00DF32CA /* Flashlight.cpp in Sources */ = {isa = PBXBuildFile; fileRef = 085AAA30132C5B9F00DF32CA /* Flashlight.cpp */; };
		085AAA63132C5B9F00DF32CA /* GameScore.cpp in Sources */ = {isa = PBXBuildFile; fileRef = 085AAA32132C5B9F00DF32CA /* GameScore.cpp */; };
		085AAA64132C5B9F00DF32CA /* Gear.cpp in Sources */ = {isa = PBXBuildFile; fileRef = 085AAA34132C5B9F00DF32CA /* Gear.cpp */; };
		085AAA65132C5B9F00DF32CA /* HelpScreen.cpp in Sources */ = {isa = PBXBuildFile; fileRef = 085AAA36132C5B9F00DF32CA /* HelpScreen.cpp */; };
		085AAA66132C5B9F00DF32CA /* Lighting.cpp in Sources */ = {isa = PBXBuildFile; fileRef = 085AAA38132C5B9F00DF32CA /* Lighting.cpp */; };
		085AAA67132C5B9F00DF32CA /* Lives.cpp in Sources */ = {isa = PBXBuildFile; fileRef = 085AAA3A132C5B9F00DF32CA /* Lives.cpp */; };
		085AAA68132C5B9F00DF32CA /* license.txt in Resources */ = {isa = PBXBuildFile; fileRef = 085AAA3D132C5B9F00DF32CA /* license.txt */; };
		085AAA69132C5B9F00DF32CA /* manual.html in Resources */ = {isa = PBXBuildFile; fileRef = 085AAA3E132C5B9F00DF32CA /* manual.html */; };
		085AAA6A132C5B9F00DF32CA /* Recorder.cpp in Sources */ = {isa = PBXBuildFile; fileRef = 085AAA43132C5B9F00DF32CA /* Recorder.cpp */; };
		085AAA6B132C5B9F00DF32CA /* Settings.cpp in Sources */ = {isa = PBXBuildFile; fileRef = 085AAA45132C5B9F00DF32CA /* Settings.cpp */; };
		085AAA6C132C5B9F00DF32CA /* Stapler.cpp in Sources */ = {isa = PBXBuildFile; fileRef = 085AAA47132C5B9F00DF32CA /* Stapler.cpp */; };
		085AAA6D132C5B9F00DF32CA /* StartScreen.cpp in Sources */ = {isa = PBXBuildFile; fileRef = 085AAA49132C5B9F00DF32CA /* StartScreen.cpp */; };
		085AAA6E132C5B9F00DF32CA /* SuperDustBunny.cpp in Sources */ = {isa = PBXBuildFile; fileRef = 085AAA4B132C5B9F00DF32CA /* SuperDustBunny.cpp */; };
		085AAA6F132C5B9F00DF32CA /* TennisBall.cpp in Sources */ = {isa = PBXBuildFile; fileRef = 085AAA4C132C5B9F00DF32CA /* TennisBall.cpp */; };
		085AAA70132C5B9F00DF32CA /* Tutorial.cpp in Sources */ = {isa = PBXBuildFile; fileRef = 085AAA4E132C5B9F00DF32CA /* Tutorial.cpp */; };
		085AAA71132C5B9F00DF32CA /* Vacuum.cpp in Sources */ = {isa = PBXBuildFile; fileRef = 085AAA50132C5B9F00DF32CA /* Vacuum.cpp */; };
		085AAA72132C5B9F00DF32CA /* WinScreen.cpp in Sources */ = {isa = PBXBuildFile; fileRef = 085AAA52132C5B9F00DF32CA /* WinScreen.cpp */; };
		085AAA73132C5B9F00DF32CA /* Wipe.cpp in Sources */ = {isa = PBXBuildFile; fileRef = 085AAA54132C5B9F00DF32CA /* Wipe.cpp */; };
		085AAA75132C5C9E00DF32CA /* QuartzCore.framework in Frameworks */ = {isa = PBXBuildFile; fileRef = 085AAA74132C5C9E00DF32CA /* QuartzCore.framework */; };
		085AAA8A132D0E8F00DF32CA /* Converter.py in Resources */ = {isa = PBXBuildFile; fileRef = 085AAA89132D0E8F00DF32CA /* Converter.py */; };
		085AAA8C132D169700DF32CA /* libz.dylib in Frameworks */ = {isa = PBXBuildFile; fileRef = 085AAA8B132D169700DF32CA /* libz.dylib */; };
		0877CB0F13DCA16E002800D2 /* Flame.cpp in Sources */ = {isa = PBXBuildFile; fileRef = 0877CB0E13DCA16D002800D2 /* Flame.cpp */; };
		0877CB1313E43FB5002800D2 /* Smoke.cpp in Sources */ = {isa = PBXBuildFile; fileRef = 0877CB1213E43FB4002800D2 /* Smoke.cpp */; };
		08A8FC7613302F6300E45A98 /* TODO.txt in Resources */ = {isa = PBXBuildFile; fileRef = 08A8FC7513302F6300E45A98 /* TODO.txt */; };
		08BF391713466F4E002C1A7B /* Converted in Resources */ = {isa = PBXBuildFile; fileRef = 08BF391613466F4E002C1A7B /* Converted */; };
		08D2E1AB13660E0300AD31B8 /* PowerUp.cpp in Sources */ = {isa = PBXBuildFile; fileRef = 08D2E1A913660E0300AD31B8 /* PowerUp.cpp */; };
		08D497961417AE100022E457 /* Cocoa.framework in Frameworks */ = {isa = PBXBuildFile; fileRef = 08D497951417AE100022E457 /* Cocoa.framework */; };
		08D497A01417AE110022E457 /* InfoPlist.strings in Resources */ = {isa = PBXBuildFile; fileRef = 08D4979E1417AE100022E457 /* InfoPlist.strings */; };
		08D497A21417AE110022E457 /* main.m in Sources */ = {isa = PBXBuildFile; fileRef = 08D497A11417AE110022E457 /* main.m */; };
		08D497A61417AE110022E457 /* Credits.rtf in Resources */ = {isa = PBXBuildFile; fileRef = 08D497A41417AE110022E457 /* Credits.rtf */; };
		08D497A91417AE110022E457 /* SDBAppDelegate.m in Sources */ = {isa = PBXBuildFile; fileRef = 08D497A81417AE110022E457 /* SDBAppDelegate.m */; };
		08D497AC1417AE110022E457 /* MainMenu.xib in Resources */ = {isa = PBXBuildFile; fileRef = 08D497AA1417AE110022E457 /* MainMenu.xib */; };
		08D497B11417AFC10022E457 /* Assets.cpp in Sources */ = {isa = PBXBuildFile; fileRef = 085AAA16132C5B9F00DF32CA /* Assets.cpp */; };
		08D497B31417AFC10022E457 /* Barrel.cpp in Sources */ = {isa = PBXBuildFile; fileRef = 085AAA18132C5B9F00DF32CA /* Barrel.cpp */; };
		08D497B51417AFC10022E457 /* chapter.cpp in Sources */ = {isa = PBXBuildFile; fileRef = 085AAA1A132C5B9F00DF32CA /* chapter.cpp */; };
		08D497B71417AFC10022E457 /* ChapterIntro.cpp in Sources */ = {isa = PBXBuildFile; fileRef = 085AAA1C132C5B9F00DF32CA /* ChapterIntro.cpp */; };
		08D497B91417AFC10022E457 /* Coin.cpp in Sources */ = {isa = PBXBuildFile; fileRef = 085AAA1E132C5B9F00DF32CA /* Coin.cpp */; };
		08D497BC1417AFC10022E457 /* CreditsScreen.cpp in Sources */ = {isa = PBXBuildFile; fileRef = 085AAA21132C5B9F00DF32CA /* CreditsScreen.cpp */; };
		08D497BE1417AFC10022E457 /* Debris.cpp in Sources */ = {isa = PBXBuildFile; fileRef = 085AAA24132C5B9F00DF32CA /* Debris.cpp */; };
		08D497C01417AFC10022E457 /* Debug.cpp in Sources */ = {isa = PBXBuildFile; fileRef = 08F44ACF13FB694D00991708 /* Debug.cpp */; };
		08D497C21417AFC10022E457 /* DieScreen.cpp in Sources */ = {isa = PBXBuildFile; fileRef = 085AAA26132C5B9F00DF32CA /* DieScreen.cpp */; };
		08D497C41417AFC10022E457 /* Dust.cpp in Sources */ = {isa = PBXBuildFile; fileRef = 085AAA28132C5B9F00DF32CA /* Dust.cpp */; };
		08D497C61417AFC10022E457 /* Dusty.cpp in Sources */ = {isa = PBXBuildFile; fileRef = 085AAA2A132C5B9F00DF32CA /* Dusty.cpp */; };
		08D497C81417AFC10022E457 /* Fan.cpp in Sources */ = {isa = PBXBuildFile; fileRef = 085AAA2C132C5B9F00DF32CA /* Fan.cpp */; };
		08D497CA1417AFC10022E457 /* FireWorks.cpp in Sources */ = {isa = PBXBuildFile; fileRef = 085AAA2E132C5B9F00DF32CA /* FireWorks.cpp */; };
		08D497CC1417AFC10022E457 /* Flame.cpp in Sources */ = {isa = PBXBuildFile; fileRef = 0877CB0E13DCA16D002800D2 /* Flame.cpp */; };
		08D497CE1417AFC10022E457 /* Flashlight.cpp in Sources */ = {isa = PBXBuildFile; fileRef = 085AAA30132C5B9F00DF32CA /* Flashlight.cpp */; };
		08D497D01417AFC10022E457 /* GameScore.cpp in Sources */ = {isa = PBXBuildFile; fileRef = 085AAA32132C5B9F00DF32CA /* GameScore.cpp */; };
		08D497D21417AFC10022E457 /* Gear.cpp in Sources */ = {isa = PBXBuildFile; fileRef = 085AAA34132C5B9F00DF32CA /* Gear.cpp */; };
		08D497D41417AFC10022E457 /* HelpScreen.cpp in Sources */ = {isa = PBXBuildFile; fileRef = 085AAA36132C5B9F00DF32CA /* HelpScreen.cpp */; };
		08D497D61417AFC10022E457 /* Input.cpp in Sources */ = {isa = PBXBuildFile; fileRef = 0816B6D1137F8C1B00CE5DE4 /* Input.cpp */; };
		08D497D81417AFC10022E457 /* Lighting.cpp in Sources */ = {isa = PBXBuildFile; fileRef = 085AAA38132C5B9F00DF32CA /* Lighting.cpp */; };
		08D497DA1417AFC10022E457 /* Lives.cpp in Sources */ = {isa = PBXBuildFile; fileRef = 085AAA3A132C5B9F00DF32CA /* Lives.cpp */; };
		08D497DC1417AFC10022E457 /* PowerUp.cpp in Sources */ = {isa = PBXBuildFile; fileRef = 08D2E1A913660E0300AD31B8 /* PowerUp.cpp */; };
		08D497E41417AFC10022E457 /* Recorder.cpp in Sources */ = {isa = PBXBuildFile; fileRef = 085AAA43132C5B9F00DF32CA /* Recorder.cpp */; };
		08D497E61417AFC10022E457 /* Settings.cpp in Sources */ = {isa = PBXBuildFile; fileRef = 085AAA45132C5B9F00DF32CA /* Settings.cpp */; };
		08D497E81417AFC10022E457 /* Smoke.cpp in Sources */ = {isa = PBXBuildFile; fileRef = 0877CB1213E43FB4002800D2 /* Smoke.cpp */; };
		08D497EA1417AFC10022E457 /* Stapler.cpp in Sources */ = {isa = PBXBuildFile; fileRef = 085AAA47132C5B9F00DF32CA /* Stapler.cpp */; };
		08D497EC1417AFC10022E457 /* StartScreen.cpp in Sources */ = {isa = PBXBuildFile; fileRef = 085AAA49132C5B9F00DF32CA /* StartScreen.cpp */; };
		08D497EE1417AFC10022E457 /* SuperDustBunny.cpp in Sources */ = {isa = PBXBuildFile; fileRef = 085AAA4B132C5B9F00DF32CA /* SuperDustBunny.cpp */; };
		08D497EF1417AFC10022E457 /* TennisBall.cpp in Sources */ = {isa = PBXBuildFile; fileRef = 085AAA4C132C5B9F00DF32CA /* TennisBall.cpp */; };
		08D497F11417AFC10022E457 /* Text.cpp in Sources */ = {isa = PBXBuildFile; fileRef = 0844B73813F9F0A500092ECE /* Text.cpp */; };
		08D497F31417AFC10022E457 /* Tutorial.cpp in Sources */ = {isa = PBXBuildFile; fileRef = 085AAA4E132C5B9F00DF32CA /* Tutorial.cpp */; };
		08D497F51417AFC10022E457 /* Vacuum.cpp in Sources */ = {isa = PBXBuildFile; fileRef = 085AAA50132C5B9F00DF32CA /* Vacuum.cpp */; };
		08D497F71417AFC10022E457 /* WinScreen.cpp in Sources */ = {isa = PBXBuildFile; fileRef = 085AAA52132C5B9F00DF32CA /* WinScreen.cpp */; };
		08D497F91417AFC10022E457 /* Wipe.cpp in Sources */ = {isa = PBXBuildFile; fileRef = 085AAA54132C5B9F00DF32CA /* Wipe.cpp */; };
		08D497FC1417BB3A0022E457 /* OpenGL.framework in Frameworks */ = {isa = PBXBuildFile; fileRef = 08D497FB1417BB3A0022E457 /* OpenGL.framework */; };
		08D497FD1417C0B00022E457 /* graphics.mm in Sources */ = {isa = PBXBuildFile; fileRef = 085AA9E9132C582C00DF32CA /* graphics.mm */; };
		08D497FE1417C0B00022E457 /* keyboard.mm in Sources */ = {isa = PBXBuildFile; fileRef = 085AA9EC132C582C00DF32CA /* keyboard.mm */; };
		08D497FF1417C0B00022E457 /* mouse.mm in Sources */ = {isa = PBXBuildFile; fileRef = 085AA9F1132C582C00DF32CA /* mouse.mm */; };
		08D498001417C0B00022E457 /* sound.mm in Sources */ = {isa = PBXBuildFile; fileRef = 085AA9F6132C582C00DF32CA /* sound.mm */; };
		08D498021417C5DB0022E457 /* OpenAL.framework in Frameworks */ = {isa = PBXBuildFile; fileRef = 08D498011417C5DA0022E457 /* OpenAL.framework */; };
		08D498041417C6010022E457 /* AudioToolbox.framework in Frameworks */ = {isa = PBXBuildFile; fileRef = 08D498031417C6010022E457 /* AudioToolbox.framework */; };
		08D498091417EBA70022E457 /* SDBOpenGLView.m in Sources */ = {isa = PBXBuildFile; fileRef = 08D498081417EBA60022E457 /* SDBOpenGLView.m */; };
		08D4980B1417F4450022E457 /* CoreVideo.framework in Frameworks */ = {isa = PBXBuildFile; fileRef = 08D4980A1417F4450022E457 /* CoreVideo.framework */; };
		08D4980C141800FD0022E457 /* Icon@2x.png in Resources */ = {isa = PBXBuildFile; fileRef = 0856200E1346A40000F9EFBA /* Icon@2x.png */; };
		08F44AD013FB694D00991708 /* Debug.cpp in Sources */ = {isa = PBXBuildFile; fileRef = 08F44ACF13FB694D00991708 /* Debug.cpp */; };
/* End PBXBuildFile section */

/* Begin PBXFileReference section */
		0816B6D1137F8C1B00CE5DE4 /* Input.cpp */ = {isa = PBXFileReference; fileEncoding = 4; lastKnownFileType = sourcecode.cpp.cpp; path = Input.cpp; sourceTree = "<group>"; };
		0816B6D2137F8C1C00CE5DE4 /* Input.h */ = {isa = PBXFileReference; fileEncoding = 4; lastKnownFileType = sourcecode.c.h; path = Input.h; sourceTree = "<group>"; };
		082C9B7F13E8D97400586EDB /* Icon-ipad.png */ = {isa = PBXFileReference; lastKnownFileType = image.png; path = "Icon-ipad.png"; sourceTree = "<group>"; };
		0844B73613F9F09B00092ECE /* Text.h */ = {isa = PBXFileReference; fileEncoding = 4; lastKnownFileType = sourcecode.c.h; path = Text.h; sourceTree = "<group>"; };
		0844B73813F9F0A500092ECE /* Text.cpp */ = {isa = PBXFileReference; fileEncoding = 4; lastKnownFileType = sourcecode.cpp.cpp; path = Text.cpp; sourceTree = "<group>"; };
		0856200A1346A40000F9EFBA /* Default-ipad.png */ = {isa = PBXFileReference; lastKnownFileType = image.png; path = "Default-ipad.png"; sourceTree = "<group>"; };
		0856200B1346A40000F9EFBA /* Default.png */ = {isa = PBXFileReference; lastKnownFileType = image.png; path = Default.png; sourceTree = "<group>"; };
		0856200C1346A40000F9EFBA /* Default@2x.png */ = {isa = PBXFileReference; lastKnownFileType = image.png; path = "Default@2x.png"; sourceTree = "<group>"; };
		0856200D1346A40000F9EFBA /* Icon.png */ = {isa = PBXFileReference; lastKnownFileType = image.png; path = Icon.png; sourceTree = "<group>"; };
		0856200E1346A40000F9EFBA /* Icon@2x.png */ = {isa = PBXFileReference; lastKnownFileType = image.png; path = "Icon@2x.png"; sourceTree = "<group>"; };
		085AA95A132C572A00DF32CA /* SDB.app */ = {isa = PBXFileReference; explicitFileType = wrapper.application; includeInIndex = 0; path = SDB.app; sourceTree = BUILT_PRODUCTS_DIR; };
		085AA95E132C572A00DF32CA /* UIKit.framework */ = {isa = PBXFileReference; lastKnownFileType = wrapper.framework; name = UIKit.framework; path = System/Library/Frameworks/UIKit.framework; sourceTree = SDKROOT; };
		085AA960132C572A00DF32CA /* Foundation.framework */ = {isa = PBXFileReference; lastKnownFileType = wrapper.framework; name = Foundation.framework; path = System/Library/Frameworks/Foundation.framework; sourceTree = SDKROOT; };
		085AA962132C572A00DF32CA /* CoreGraphics.framework */ = {isa = PBXFileReference; lastKnownFileType = wrapper.framework; name = CoreGraphics.framework; path = System/Library/Frameworks/CoreGraphics.framework; sourceTree = SDKROOT; };
		085AA9E6132C582C00DF32CA /* EAGLView.h */ = {isa = PBXFileReference; fileEncoding = 4; lastKnownFileType = sourcecode.c.h; path = EAGLView.h; sourceTree = "<group>"; };
		085AA9E7132C582C00DF32CA /* EAGLView.m */ = {isa = PBXFileReference; fileEncoding = 4; lastKnownFileType = sourcecode.c.objc; path = EAGLView.m; sourceTree = "<group>"; };
		085AA9E8132C582C00DF32CA /* graphics.h */ = {isa = PBXFileReference; fileEncoding = 4; lastKnownFileType = sourcecode.c.h; path = graphics.h; sourceTree = "<group>"; };
		085AA9E9132C582C00DF32CA /* graphics.mm */ = {isa = PBXFileReference; fileEncoding = 4; lastKnownFileType = sourcecode.cpp.objcpp; path = graphics.mm; sourceTree = "<group>"; };
		085AA9EA132C582C00DF32CA /* InfoPlist.strings */ = {isa = PBXFileReference; fileEncoding = 4; lastKnownFileType = text.plist.strings; path = InfoPlist.strings; sourceTree = "<group>"; };
		085AA9EB132C582C00DF32CA /* keyboard.h */ = {isa = PBXFileReference; fileEncoding = 4; lastKnownFileType = sourcecode.c.h; path = keyboard.h; sourceTree = "<group>"; };
		085AA9EC132C582C00DF32CA /* keyboard.mm */ = {isa = PBXFileReference; fileEncoding = 4; lastKnownFileType = sourcecode.cpp.objcpp; path = keyboard.mm; sourceTree = "<group>"; };
		085AA9ED132C582C00DF32CA /* main.m */ = {isa = PBXFileReference; fileEncoding = 4; lastKnownFileType = sourcecode.c.objc; path = main.m; sourceTree = "<group>"; };
		085AA9EE132C582C00DF32CA /* MainWindow-iPad.xib */ = {isa = PBXFileReference; fileEncoding = 4; lastKnownFileType = file.xib; path = "MainWindow-iPad.xib"; sourceTree = "<group>"; };
		085AA9EF132C582C00DF32CA /* MainWindow-iPhone.xib */ = {isa = PBXFileReference; fileEncoding = 4; lastKnownFileType = file.xib; path = "MainWindow-iPhone.xib"; sourceTree = "<group>"; };
		085AA9F0132C582C00DF32CA /* mouse.h */ = {isa = PBXFileReference; fileEncoding = 4; lastKnownFileType = sourcecode.c.h; path = mouse.h; sourceTree = "<group>"; };
		085AA9F1132C582C00DF32CA /* mouse.mm */ = {isa = PBXFileReference; fileEncoding = 4; lastKnownFileType = sourcecode.cpp.objcpp; path = mouse.mm; sourceTree = "<group>"; };
		085AA9F2132C582C00DF32CA /* SettingsViewController.h */ = {isa = PBXFileReference; fileEncoding = 4; lastKnownFileType = sourcecode.c.h; path = SettingsViewController.h; sourceTree = "<group>"; };
		085AA9F3132C582C00DF32CA /* SettingsViewController.m */ = {isa = PBXFileReference; fileEncoding = 4; lastKnownFileType = sourcecode.c.objc; path = SettingsViewController.m; sourceTree = "<group>"; };
		085AA9F4132C582C00DF32CA /* SettingsViewController.xib */ = {isa = PBXFileReference; fileEncoding = 4; lastKnownFileType = file.xib; path = SettingsViewController.xib; sourceTree = "<group>"; };
		085AA9F5132C582C00DF32CA /* sound.h */ = {isa = PBXFileReference; fileEncoding = 4; lastKnownFileType = sourcecode.c.h; path = sound.h; sourceTree = "<group>"; };
		085AA9F6132C582C00DF32CA /* sound.mm */ = {isa = PBXFileReference; fileEncoding = 4; lastKnownFileType = sourcecode.cpp.objcpp; path = sound.mm; sourceTree = "<group>"; };
		085AA9F7132C582C00DF32CA /* SuperDustBunny-Info.plist */ = {isa = PBXFileReference; fileEncoding = 4; lastKnownFileType = text.plist.xml; path = "SuperDustBunny-Info.plist"; sourceTree = "<group>"; };
		085AA9F8132C582C00DF32CA /* SuperDustBunny-Prefix.pch */ = {isa = PBXFileReference; fileEncoding = 4; lastKnownFileType = sourcecode.c.h; path = "SuperDustBunny-Prefix.pch"; sourceTree = "<group>"; };
		085AA9F9132C582C00DF32CA /* SuperDustBunnyAppDelegate.h */ = {isa = PBXFileReference; fileEncoding = 4; lastKnownFileType = sourcecode.c.h; path = SuperDustBunnyAppDelegate.h; sourceTree = "<group>"; };
		085AA9FA132C582C00DF32CA /* SuperDustBunnyAppDelegate.m */ = {isa = PBXFileReference; fileEncoding = 4; lastKnownFileType = sourcecode.c.objc; path = SuperDustBunnyAppDelegate.m; sourceTree = "<group>"; };
		085AA9FB132C582C00DF32CA /* SuperDustBunnyViewController.h */ = {isa = PBXFileReference; fileEncoding = 4; lastKnownFileType = sourcecode.c.h; path = SuperDustBunnyViewController.h; sourceTree = "<group>"; };
		085AA9FC132C582C00DF32CA /* SuperDustBunnyViewController.m */ = {isa = PBXFileReference; fileEncoding = 4; lastKnownFileType = sourcecode.c.objc; path = SuperDustBunnyViewController.m; sourceTree = "<group>"; };
		085AA9FD132C582C00DF32CA /* SuperDustBunnyViewController.xib */ = {isa = PBXFileReference; fileEncoding = 4; lastKnownFileType = file.xib; path = SuperDustBunnyViewController.xib; sourceTree = "<group>"; };
		085AAA0D132C5ABC00DF32CA /* OpenGLES.framework */ = {isa = PBXFileReference; lastKnownFileType = wrapper.framework; name = OpenGLES.framework; path = System/Library/Frameworks/OpenGLES.framework; sourceTree = SDKROOT; };
		085AAA10132C5B2E00DF32CA /* AudioToolbox.framework */ = {isa = PBXFileReference; lastKnownFileType = wrapper.framework; name = AudioToolbox.framework; path = System/Library/Frameworks/AudioToolbox.framework; sourceTree = SDKROOT; };
		085AAA12132C5B4800DF32CA /* OpenAL.framework */ = {isa = PBXFileReference; lastKnownFileType = wrapper.framework; name = OpenAL.framework; path = System/Library/Frameworks/OpenAL.framework; sourceTree = SDKROOT; };
		085AAA16132C5B9F00DF32CA /* Assets.cpp */ = {isa = PBXFileReference; fileEncoding = 4; lastKnownFileType = sourcecode.cpp.cpp; lineEnding = 2; path = Assets.cpp; sourceTree = "<group>"; };
		085AAA17132C5B9F00DF32CA /* Assets.h */ = {isa = PBXFileReference; fileEncoding = 4; lastKnownFileType = sourcecode.c.h; path = Assets.h; sourceTree = "<group>"; };
		085AAA18132C5B9F00DF32CA /* Barrel.cpp */ = {isa = PBXFileReference; fileEncoding = 4; lastKnownFileType = sourcecode.cpp.cpp; path = Barrel.cpp; sourceTree = "<group>"; };
		085AAA19132C5B9F00DF32CA /* Barrel.h */ = {isa = PBXFileReference; fileEncoding = 4; lastKnownFileType = sourcecode.c.h; path = Barrel.h; sourceTree = "<group>"; };
		085AAA1A132C5B9F00DF32CA /* chapter.cpp */ = {isa = PBXFileReference; fileEncoding = 4; lastKnownFileType = sourcecode.cpp.cpp; path = chapter.cpp; sourceTree = "<group>"; };
		085AAA1B132C5B9F00DF32CA /* chapter.h */ = {isa = PBXFileReference; fileEncoding = 4; lastKnownFileType = sourcecode.c.h; path = chapter.h; sourceTree = "<group>"; };
		085AAA1C132C5B9F00DF32CA /* ChapterIntro.cpp */ = {isa = PBXFileReference; fileEncoding = 4; lastKnownFileType = sourcecode.cpp.cpp; path = ChapterIntro.cpp; sourceTree = "<group>"; };
		085AAA1D132C5B9F00DF32CA /* ChapterIntro.h */ = {isa = PBXFileReference; fileEncoding = 4; lastKnownFileType = sourcecode.c.h; path = ChapterIntro.h; sourceTree = "<group>"; };
		085AAA1E132C5B9F00DF32CA /* Coin.cpp */ = {isa = PBXFileReference; fileEncoding = 4; lastKnownFileType = sourcecode.cpp.cpp; path = Coin.cpp; sourceTree = "<group>"; };
		085AAA1F132C5B9F00DF32CA /* Coin.h */ = {isa = PBXFileReference; fileEncoding = 4; lastKnownFileType = sourcecode.c.h; path = Coin.h; sourceTree = "<group>"; };
		085AAA20132C5B9F00DF32CA /* common.h */ = {isa = PBXFileReference; fileEncoding = 4; lastKnownFileType = sourcecode.c.h; path = common.h; sourceTree = "<group>"; };
		085AAA21132C5B9F00DF32CA /* CreditsScreen.cpp */ = {isa = PBXFileReference; fileEncoding = 4; lastKnownFileType = sourcecode.cpp.cpp; path = CreditsScreen.cpp; sourceTree = "<group>"; };
		085AAA22132C5B9F00DF32CA /* CreditsScreen.h */ = {isa = PBXFileReference; fileEncoding = 4; lastKnownFileType = sourcecode.c.h; path = CreditsScreen.h; sourceTree = "<group>"; };
		085AAA24132C5B9F00DF32CA /* Debris.cpp */ = {isa = PBXFileReference; fileEncoding = 4; lastKnownFileType = sourcecode.cpp.cpp; path = Debris.cpp; sourceTree = "<group>"; };
		085AAA25132C5B9F00DF32CA /* Debris.h */ = {isa = PBXFileReference; fileEncoding = 4; lastKnownFileType = sourcecode.c.h; path = Debris.h; sourceTree = "<group>"; };
		085AAA26132C5B9F00DF32CA /* DieScreen.cpp */ = {isa = PBXFileReference; fileEncoding = 4; lastKnownFileType = sourcecode.cpp.cpp; path = DieScreen.cpp; sourceTree = "<group>"; };
		085AAA27132C5B9F00DF32CA /* DieScreen.h */ = {isa = PBXFileReference; fileEncoding = 4; lastKnownFileType = sourcecode.c.h; path = DieScreen.h; sourceTree = "<group>"; };
		085AAA28132C5B9F00DF32CA /* Dust.cpp */ = {isa = PBXFileReference; fileEncoding = 4; lastKnownFileType = sourcecode.cpp.cpp; path = Dust.cpp; sourceTree = "<group>"; };
		085AAA29132C5B9F00DF32CA /* Dust.h */ = {isa = PBXFileReference; fileEncoding = 4; lastKnownFileType = sourcecode.c.h; path = Dust.h; sourceTree = "<group>"; };
		085AAA2A132C5B9F00DF32CA /* Dusty.cpp */ = {isa = PBXFileReference; fileEncoding = 4; lastKnownFileType = sourcecode.cpp.cpp; path = Dusty.cpp; sourceTree = "<group>"; };
		085AAA2B132C5B9F00DF32CA /* Dusty.h */ = {isa = PBXFileReference; fileEncoding = 4; lastKnownFileType = sourcecode.c.h; path = Dusty.h; sourceTree = "<group>"; };
		085AAA2C132C5B9F00DF32CA /* Fan.cpp */ = {isa = PBXFileReference; fileEncoding = 4; lastKnownFileType = sourcecode.cpp.cpp; path = Fan.cpp; sourceTree = "<group>"; };
		085AAA2D132C5B9F00DF32CA /* Fan.h */ = {isa = PBXFileReference; fileEncoding = 4; lastKnownFileType = sourcecode.c.h; path = Fan.h; sourceTree = "<group>"; };
		085AAA2E132C5B9F00DF32CA /* FireWorks.cpp */ = {isa = PBXFileReference; fileEncoding = 4; lastKnownFileType = sourcecode.cpp.cpp; path = FireWorks.cpp; sourceTree = "<group>"; };
		085AAA2F132C5B9F00DF32CA /* FireWorks.h */ = {isa = PBXFileReference; fileEncoding = 4; lastKnownFileType = sourcecode.c.h; path = FireWorks.h; sourceTree = "<group>"; };
		085AAA30132C5B9F00DF32CA /* Flashlight.cpp */ = {isa = PBXFileReference; fileEncoding = 4; lastKnownFileType = sourcecode.cpp.cpp; path = Flashlight.cpp; sourceTree = "<group>"; };
		085AAA31132C5B9F00DF32CA /* Flashlight.h */ = {isa = PBXFileReference; fileEncoding = 4; lastKnownFileType = sourcecode.c.h; path = Flashlight.h; sourceTree = "<group>"; };
		085AAA32132C5B9F00DF32CA /* GameScore.cpp */ = {isa = PBXFileReference; fileEncoding = 4; lastKnownFileType = sourcecode.cpp.cpp; path = GameScore.cpp; sourceTree = "<group>"; };
		085AAA33132C5B9F00DF32CA /* GameScore.h */ = {isa = PBXFileReference; fileEncoding = 4; lastKnownFileType = sourcecode.c.h; path = GameScore.h; sourceTree = "<group>"; };
		085AAA34132C5B9F00DF32CA /* Gear.cpp */ = {isa = PBXFileReference; fileEncoding = 4; lastKnownFileType = sourcecode.cpp.cpp; path = Gear.cpp; sourceTree = "<group>"; };
		085AAA35132C5B9F00DF32CA /* Gear.h */ = {isa = PBXFileReference; fileEncoding = 4; lastKnownFileType = sourcecode.c.h; path = Gear.h; sourceTree = "<group>"; };
		085AAA36132C5B9F00DF32CA /* HelpScreen.cpp */ = {isa = PBXFileReference; fileEncoding = 4; lastKnownFileType = sourcecode.cpp.cpp; path = HelpScreen.cpp; sourceTree = "<group>"; };
		085AAA37132C5B9F00DF32CA /* HelpScreen.h */ = {isa = PBXFileReference; fileEncoding = 4; lastKnownFileType = sourcecode.c.h; path = HelpScreen.h; sourceTree = "<group>"; };
		085AAA38132C5B9F00DF32CA /* Lighting.cpp */ = {isa = PBXFileReference; fileEncoding = 4; lastKnownFileType = sourcecode.cpp.cpp; path = Lighting.cpp; sourceTree = "<group>"; };
		085AAA39132C5B9F00DF32CA /* Lighting.h */ = {isa = PBXFileReference; fileEncoding = 4; lastKnownFileType = sourcecode.c.h; path = Lighting.h; sourceTree = "<group>"; };
		085AAA3A132C5B9F00DF32CA /* Lives.cpp */ = {isa = PBXFileReference; fileEncoding = 4; lastKnownFileType = sourcecode.cpp.cpp; path = Lives.cpp; sourceTree = "<group>"; };
		085AAA3B132C5B9F00DF32CA /* Lives.h */ = {isa = PBXFileReference; fileEncoding = 4; lastKnownFileType = sourcecode.c.h; path = Lives.h; sourceTree = "<group>"; };
		085AAA3D132C5B9F00DF32CA /* license.txt */ = {isa = PBXFileReference; fileEncoding = 4; lastKnownFileType = text; path = license.txt; sourceTree = "<group>"; };
		085AAA3E132C5B9F00DF32CA /* manual.html */ = {isa = PBXFileReference; fileEncoding = 4; lastKnownFileType = text.html; path = manual.html; sourceTree = "<group>"; };
		085AAA3F132C5B9F00DF32CA /* rapidxml.hpp */ = {isa = PBXFileReference; fileEncoding = 4; lastKnownFileType = sourcecode.cpp.h; path = rapidxml.hpp; sourceTree = "<group>"; };
		085AAA40132C5B9F00DF32CA /* rapidxml_iterators.hpp */ = {isa = PBXFileReference; fileEncoding = 4; lastKnownFileType = sourcecode.cpp.h; path = rapidxml_iterators.hpp; sourceTree = "<group>"; };
		085AAA41132C5B9F00DF32CA /* rapidxml_print.hpp */ = {isa = PBXFileReference; fileEncoding = 4; lastKnownFileType = sourcecode.cpp.h; path = rapidxml_print.hpp; sourceTree = "<group>"; };
		085AAA42132C5B9F00DF32CA /* rapidxml_utils.hpp */ = {isa = PBXFileReference; fileEncoding = 4; lastKnownFileType = sourcecode.cpp.h; path = rapidxml_utils.hpp; sourceTree = "<group>"; };
		085AAA43132C5B9F00DF32CA /* Recorder.cpp */ = {isa = PBXFileReference; fileEncoding = 4; lastKnownFileType = sourcecode.cpp.cpp; path = Recorder.cpp; sourceTree = "<group>"; };
		085AAA44132C5B9F00DF32CA /* Recorder.h */ = {isa = PBXFileReference; fileEncoding = 4; lastKnownFileType = sourcecode.c.h; path = Recorder.h; sourceTree = "<group>"; };
		085AAA45132C5B9F00DF32CA /* Settings.cpp */ = {isa = PBXFileReference; fileEncoding = 4; lastKnownFileType = sourcecode.cpp.cpp; path = Settings.cpp; sourceTree = "<group>"; };
		085AAA46132C5B9F00DF32CA /* Settings.h */ = {isa = PBXFileReference; fileEncoding = 4; lastKnownFileType = sourcecode.c.h; path = Settings.h; sourceTree = "<group>"; };
		085AAA47132C5B9F00DF32CA /* Stapler.cpp */ = {isa = PBXFileReference; fileEncoding = 4; lastKnownFileType = sourcecode.cpp.cpp; path = Stapler.cpp; sourceTree = "<group>"; };
		085AAA48132C5B9F00DF32CA /* Stapler.h */ = {isa = PBXFileReference; fileEncoding = 4; lastKnownFileType = sourcecode.c.h; path = Stapler.h; sourceTree = "<group>"; };
		085AAA49132C5B9F00DF32CA /* StartScreen.cpp */ = {isa = PBXFileReference; fileEncoding = 4; lastKnownFileType = sourcecode.cpp.cpp; path = StartScreen.cpp; sourceTree = "<group>"; };
		085AAA4A132C5B9F00DF32CA /* StartScreen.h */ = {isa = PBXFileReference; fileEncoding = 4; lastKnownFileType = sourcecode.c.h; path = StartScreen.h; sourceTree = "<group>"; };
		085AAA4B132C5B9F00DF32CA /* SuperDustBunny.cpp */ = {isa = PBXFileReference; fileEncoding = 4; lastKnownFileType = sourcecode.cpp.cpp; path = SuperDustBunny.cpp; sourceTree = "<group>"; };
		085AAA4C132C5B9F00DF32CA /* TennisBall.cpp */ = {isa = PBXFileReference; fileEncoding = 4; lastKnownFileType = sourcecode.cpp.cpp; path = TennisBall.cpp; sourceTree = "<group>"; };
		085AAA4D132C5B9F00DF32CA /* TennisBall.h */ = {isa = PBXFileReference; fileEncoding = 4; lastKnownFileType = sourcecode.c.h; path = TennisBall.h; sourceTree = "<group>"; };
		085AAA4E132C5B9F00DF32CA /* Tutorial.cpp */ = {isa = PBXFileReference; fileEncoding = 4; lastKnownFileType = sourcecode.cpp.cpp; path = Tutorial.cpp; sourceTree = "<group>"; };
		085AAA4F132C5B9F00DF32CA /* Tutorial.h */ = {isa = PBXFileReference; fileEncoding = 4; lastKnownFileType = sourcecode.c.h; path = Tutorial.h; sourceTree = "<group>"; };
		085AAA50132C5B9F00DF32CA /* Vacuum.cpp */ = {isa = PBXFileReference; fileEncoding = 4; lastKnownFileType = sourcecode.cpp.cpp; path = Vacuum.cpp; sourceTree = "<group>"; };
		085AAA51132C5B9F00DF32CA /* Vacuum.h */ = {isa = PBXFileReference; fileEncoding = 4; lastKnownFileType = sourcecode.c.h; path = Vacuum.h; sourceTree = "<group>"; };
		085AAA52132C5B9F00DF32CA /* WinScreen.cpp */ = {isa = PBXFileReference; fileEncoding = 4; lastKnownFileType = sourcecode.cpp.cpp; path = WinScreen.cpp; sourceTree = "<group>"; };
		085AAA53132C5B9F00DF32CA /* WinScreen.h */ = {isa = PBXFileReference; fileEncoding = 4; lastKnownFileType = sourcecode.c.h; path = WinScreen.h; sourceTree = "<group>"; };
		085AAA54132C5B9F00DF32CA /* Wipe.cpp */ = {isa = PBXFileReference; fileEncoding = 4; lastKnownFileType = sourcecode.cpp.cpp; path = Wipe.cpp; sourceTree = "<group>"; };
		085AAA55132C5B9F00DF32CA /* Wipe.h */ = {isa = PBXFileReference; fileEncoding = 4; lastKnownFileType = sourcecode.c.h; path = Wipe.h; sourceTree = "<group>"; };
		085AAA74132C5C9E00DF32CA /* QuartzCore.framework */ = {isa = PBXFileReference; lastKnownFileType = wrapper.framework; name = QuartzCore.framework; path = System/Library/Frameworks/QuartzCore.framework; sourceTree = SDKROOT; };
		085AAA89132D0E8F00DF32CA /* Converter.py */ = {isa = PBXFileReference; fileEncoding = 4; lastKnownFileType = text.script.python; name = Converter.py; path = ../../Tools/Converter/Converter.py; sourceTree = "<group>"; };
		085AAA8B132D169700DF32CA /* libz.dylib */ = {isa = PBXFileReference; lastKnownFileType = "compiled.mach-o.dylib"; name = libz.dylib; path = usr/lib/libz.dylib; sourceTree = SDKROOT; };
		0877CB0E13DCA16D002800D2 /* Flame.cpp */ = {isa = PBXFileReference; fileEncoding = 4; lastKnownFileType = sourcecode.cpp.cpp; path = Flame.cpp; sourceTree = "<group>"; };
		0877CB1113DCA17A002800D2 /* Flame.h */ = {isa = PBXFileReference; fileEncoding = 4; lastKnownFileType = sourcecode.c.h; path = Flame.h; sourceTree = "<group>"; };
		0877CB1213E43FB4002800D2 /* Smoke.cpp */ = {isa = PBXFileReference; fileEncoding = 4; lastKnownFileType = sourcecode.cpp.cpp; path = Smoke.cpp; sourceTree = "<group>"; };
		0877CB1413E43FE1002800D2 /* Smoke.h */ = {isa = PBXFileReference; fileEncoding = 4; lastKnownFileType = sourcecode.c.h; path = Smoke.h; sourceTree = "<group>"; };
		08A8FC7513302F6300E45A98 /* TODO.txt */ = {isa = PBXFileReference; fileEncoding = 4; lastKnownFileType = text; name = TODO.txt; path = ../../Docs/TODO.txt; sourceTree = "<group>"; };
		08BF391613466F4E002C1A7B /* Converted */ = {isa = PBXFileReference; lastKnownFileType = folder; name = Converted; path = ../../Converted; sourceTree = "<group>"; };
		08D2E1A913660E0300AD31B8 /* PowerUp.cpp */ = {isa = PBXFileReference; fileEncoding = 4; lastKnownFileType = sourcecode.cpp.cpp; path = PowerUp.cpp; sourceTree = "<group>"; };
		08D2E1AA13660E0300AD31B8 /* PowerUp.h */ = {isa = PBXFileReference; fileEncoding = 4; lastKnownFileType = sourcecode.c.h; path = PowerUp.h; sourceTree = "<group>"; };
		08D497931417AE100022E457 /* SuperDustBunny.app */ = {isa = PBXFileReference; explicitFileType = wrapper.application; includeInIndex = 0; path = SuperDustBunny.app; sourceTree = BUILT_PRODUCTS_DIR; };
		08D497951417AE100022E457 /* Cocoa.framework */ = {isa = PBXFileReference; lastKnownFileType = wrapper.framework; name = Cocoa.framework; path = Library/Frameworks/Cocoa.framework; sourceTree = DEVELOPER_DIR; };
		08D497981417AE100022E457 /* AppKit.framework */ = {isa = PBXFileReference; lastKnownFileType = wrapper.framework; name = AppKit.framework; path = Library/Frameworks/AppKit.framework; sourceTree = SDKROOT; };
		08D497991417AE100022E457 /* CoreData.framework */ = {isa = PBXFileReference; lastKnownFileType = wrapper.framework; name = CoreData.framework; path = Library/Frameworks/CoreData.framework; sourceTree = SDKROOT; };
		08D4979A1417AE100022E457 /* Foundation.framework */ = {isa = PBXFileReference; lastKnownFileType = wrapper.framework; name = Foundation.framework; path = Library/Frameworks/Foundation.framework; sourceTree = SDKROOT; };
		08D4979D1417AE100022E457 /* SuperDustBunny-Info.plist */ = {isa = PBXFileReference; lastKnownFileType = text.plist.xml; path = "SuperDustBunny-Info.plist"; sourceTree = "<group>"; };
		08D4979F1417AE100022E457 /* en */ = {isa = PBXFileReference; lastKnownFileType = text.plist.strings; name = en; path = en.lproj/InfoPlist.strings; sourceTree = "<group>"; };
		08D497A11417AE110022E457 /* main.m */ = {isa = PBXFileReference; lastKnownFileType = sourcecode.c.objc; path = main.m; sourceTree = "<group>"; };
		08D497A31417AE110022E457 /* SuperDustBunny-Prefix.pch */ = {isa = PBXFileReference; lastKnownFileType = sourcecode.c.h; path = "SuperDustBunny-Prefix.pch"; sourceTree = "<group>"; };
		08D497A51417AE110022E457 /* en */ = {isa = PBXFileReference; lastKnownFileType = text.rtf; name = en; path = en.lproj/Credits.rtf; sourceTree = "<group>"; };
		08D497A71417AE110022E457 /* SDBAppDelegate.h */ = {isa = PBXFileReference; lastKnownFileType = sourcecode.c.h; path = SDBAppDelegate.h; sourceTree = "<group>"; };
		08D497A81417AE110022E457 /* SDBAppDelegate.m */ = {isa = PBXFileReference; lastKnownFileType = sourcecode.c.objc; path = SDBAppDelegate.m; sourceTree = "<group>"; };
		08D497AB1417AE110022E457 /* en */ = {isa = PBXFileReference; lastKnownFileType = file.xib; name = en; path = en.lproj/MainMenu.xib; sourceTree = "<group>"; };
		08D497FB1417BB3A0022E457 /* OpenGL.framework */ = {isa = PBXFileReference; lastKnownFileType = wrapper.framework; name = OpenGL.framework; path = SDKs/MacOSX10.7.sdk/System/Library/Frameworks/OpenGL.framework; sourceTree = DEVELOPER_DIR; };
		08D498011417C5DA0022E457 /* OpenAL.framework */ = {isa = PBXFileReference; lastKnownFileType = wrapper.framework; name = OpenAL.framework; path = SDKs/MacOSX10.7.sdk/System/Library/Frameworks/OpenAL.framework; sourceTree = DEVELOPER_DIR; };
		08D498031417C6010022E457 /* AudioToolbox.framework */ = {isa = PBXFileReference; lastKnownFileType = wrapper.framework; name = AudioToolbox.framework; path = SDKs/MacOSX10.7.sdk/System/Library/Frameworks/AudioToolbox.framework; sourceTree = DEVELOPER_DIR; };
		08D498071417EBA60022E457 /* SDBOpenGLView.h */ = {isa = PBXFileReference; fileEncoding = 4; lastKnownFileType = sourcecode.c.h; name = SDBOpenGLView.h; path = ../../Mac/SDBOpenGLView.h; sourceTree = "<group>"; };
		08D498081417EBA60022E457 /* SDBOpenGLView.m */ = {isa = PBXFileReference; fileEncoding = 4; lastKnownFileType = sourcecode.c.objc; name = SDBOpenGLView.m; path = ../../Mac/SDBOpenGLView.m; sourceTree = "<group>"; };
		08D4980A1417F4450022E457 /* CoreVideo.framework */ = {isa = PBXFileReference; lastKnownFileType = wrapper.framework; name = CoreVideo.framework; path = SDKs/MacOSX10.7.sdk/System/Library/Frameworks/CoreVideo.framework; sourceTree = DEVELOPER_DIR; };
		08F44ACD13FB694300991708 /* Debug.h */ = {isa = PBXFileReference; fileEncoding = 4; lastKnownFileType = sourcecode.c.h; path = Debug.h; sourceTree = "<group>"; };
		08F44ACF13FB694D00991708 /* Debug.cpp */ = {isa = PBXFileReference; fileEncoding = 4; lastKnownFileType = sourcecode.cpp.cpp; path = Debug.cpp; sourceTree = "<group>"; };
/* End PBXFileReference section */

/* Begin PBXFrameworksBuildPhase section */
		085AA957132C572A00DF32CA /* Frameworks */ = {
			isa = PBXFrameworksBuildPhase;
			buildActionMask = 2147483647;
			files = (
				085AAA8C132D169700DF32CA /* libz.dylib in Frameworks */,
				085AAA75132C5C9E00DF32CA /* QuartzCore.framework in Frameworks */,
				085AAA13132C5B4800DF32CA /* OpenAL.framework in Frameworks */,
				085AAA11132C5B2E00DF32CA /* AudioToolbox.framework in Frameworks */,
				085AAA0E132C5ABC00DF32CA /* OpenGLES.framework in Frameworks */,
				085AA95F132C572A00DF32CA /* UIKit.framework in Frameworks */,
				085AA961132C572A00DF32CA /* Foundation.framework in Frameworks */,
				085AA963132C572A00DF32CA /* CoreGraphics.framework in Frameworks */,
			);
			runOnlyForDeploymentPostprocessing = 0;
		};
		08D497901417AE100022E457 /* Frameworks */ = {
			isa = PBXFrameworksBuildPhase;
			buildActionMask = 2147483647;
			files = (
				08D4980B1417F4450022E457 /* CoreVideo.framework in Frameworks */,
				08D498041417C6010022E457 /* AudioToolbox.framework in Frameworks */,
				08D498021417C5DB0022E457 /* OpenAL.framework in Frameworks */,
				08D497FC1417BB3A0022E457 /* OpenGL.framework in Frameworks */,
				08D497961417AE100022E457 /* Cocoa.framework in Frameworks */,
			);
			runOnlyForDeploymentPostprocessing = 0;
		};
/* End PBXFrameworksBuildPhase section */

/* Begin PBXGroup section */
		085AA94F132C572A00DF32CA = {
			isa = PBXGroup;
			children = (
				08D4980A1417F4450022E457 /* CoreVideo.framework */,
				08D498031417C6010022E457 /* AudioToolbox.framework */,
				08D498011417C5DA0022E457 /* OpenAL.framework */,
				08BF391613466F4E002C1A7B /* Converted */,
				08A8FC7313302BB300E45A98 /* Documentation */,
				085AAA88132D0E7100DF32CA /* Converter */,
				085AAA15132C5B9F00DF32CA /* Common */,
				085AAA14132C5B5F00DF32CA /* iOS */,
				08D4979B1417AE100022E457 /* Mac */,
				085AA95D132C572A00DF32CA /* Frameworks */,
				085AA95B132C572A00DF32CA /* Products */,
			);
			sourceTree = "<group>";
		};
		085AA95B132C572A00DF32CA /* Products */ = {
			isa = PBXGroup;
			children = (
				085AA95A132C572A00DF32CA /* SDB.app */,
				08D497931417AE100022E457 /* SuperDustBunny.app */,
			);
			name = Products;
			sourceTree = "<group>";
		};
		085AA95D132C572A00DF32CA /* Frameworks */ = {
			isa = PBXGroup;
			children = (
				08D497FB1417BB3A0022E457 /* OpenGL.framework */,
				085AAA8B132D169700DF32CA /* libz.dylib */,
				085AAA74132C5C9E00DF32CA /* QuartzCore.framework */,
				085AAA12132C5B4800DF32CA /* OpenAL.framework */,
				085AAA10132C5B2E00DF32CA /* AudioToolbox.framework */,
				085AAA0D132C5ABC00DF32CA /* OpenGLES.framework */,
				085AA95E132C572A00DF32CA /* UIKit.framework */,
				085AA960132C572A00DF32CA /* Foundation.framework */,
				085AA962132C572A00DF32CA /* CoreGraphics.framework */,
				08D497951417AE100022E457 /* Cocoa.framework */,
				08D497971417AE100022E457 /* Other Frameworks */,
			);
			name = Frameworks;
			sourceTree = "<group>";
		};
		085AAA14132C5B5F00DF32CA /* iOS */ = {
			isa = PBXGroup;
			children = (
				0856200A1346A40000F9EFBA /* Default-ipad.png */,
				0856200B1346A40000F9EFBA /* Default.png */,
				0856200C1346A40000F9EFBA /* Default@2x.png */,
				0856200D1346A40000F9EFBA /* Icon.png */,
				0856200E1346A40000F9EFBA /* Icon@2x.png */,
				082C9B7F13E8D97400586EDB /* Icon-ipad.png */,
				085AA9E6132C582C00DF32CA /* EAGLView.h */,
				085AA9E7132C582C00DF32CA /* EAGLView.m */,
				085AA9E8132C582C00DF32CA /* graphics.h */,
				085AA9E9132C582C00DF32CA /* graphics.mm */,
				085AA9EA132C582C00DF32CA /* InfoPlist.strings */,
				085AA9EB132C582C00DF32CA /* keyboard.h */,
				085AA9EC132C582C00DF32CA /* keyboard.mm */,
				085AA9ED132C582C00DF32CA /* main.m */,
				085AA9EE132C582C00DF32CA /* MainWindow-iPad.xib */,
				085AA9EF132C582C00DF32CA /* MainWindow-iPhone.xib */,
				085AA9F0132C582C00DF32CA /* mouse.h */,
				085AA9F1132C582C00DF32CA /* mouse.mm */,
				085AA9F2132C582C00DF32CA /* SettingsViewController.h */,
				085AA9F3132C582C00DF32CA /* SettingsViewController.m */,
				085AA9F4132C582C00DF32CA /* SettingsViewController.xib */,
				085AA9F5132C582C00DF32CA /* sound.h */,
				085AA9F6132C582C00DF32CA /* sound.mm */,
				085AA9F7132C582C00DF32CA /* SuperDustBunny-Info.plist */,
				085AA9F8132C582C00DF32CA /* SuperDustBunny-Prefix.pch */,
				085AA9F9132C582C00DF32CA /* SuperDustBunnyAppDelegate.h */,
				085AA9FA132C582C00DF32CA /* SuperDustBunnyAppDelegate.m */,
				085AA9FB132C582C00DF32CA /* SuperDustBunnyViewController.h */,
				085AA9FC132C582C00DF32CA /* SuperDustBunnyViewController.m */,
				085AA9FD132C582C00DF32CA /* SuperDustBunnyViewController.xib */,
			);
			name = iOS;
			sourceTree = "<group>";
		};
		085AAA15132C5B9F00DF32CA /* Common */ = {
			isa = PBXGroup;
			children = (
				085AAA16132C5B9F00DF32CA /* Assets.cpp */,
				085AAA17132C5B9F00DF32CA /* Assets.h */,
				085AAA18132C5B9F00DF32CA /* Barrel.cpp */,
				085AAA19132C5B9F00DF32CA /* Barrel.h */,
				085AAA1A132C5B9F00DF32CA /* chapter.cpp */,
				085AAA1B132C5B9F00DF32CA /* chapter.h */,
				085AAA1C132C5B9F00DF32CA /* ChapterIntro.cpp */,
				085AAA1D132C5B9F00DF32CA /* ChapterIntro.h */,
				085AAA1E132C5B9F00DF32CA /* Coin.cpp */,
				085AAA1F132C5B9F00DF32CA /* Coin.h */,
				085AAA20132C5B9F00DF32CA /* common.h */,
				085AAA21132C5B9F00DF32CA /* CreditsScreen.cpp */,
				085AAA22132C5B9F00DF32CA /* CreditsScreen.h */,
				085AAA24132C5B9F00DF32CA /* Debris.cpp */,
				085AAA25132C5B9F00DF32CA /* Debris.h */,
				08F44ACF13FB694D00991708 /* Debug.cpp */,
				08F44ACD13FB694300991708 /* Debug.h */,
				085AAA26132C5B9F00DF32CA /* DieScreen.cpp */,
				085AAA27132C5B9F00DF32CA /* DieScreen.h */,
				085AAA28132C5B9F00DF32CA /* Dust.cpp */,
				085AAA29132C5B9F00DF32CA /* Dust.h */,
				085AAA2A132C5B9F00DF32CA /* Dusty.cpp */,
				085AAA2B132C5B9F00DF32CA /* Dusty.h */,
				085AAA2C132C5B9F00DF32CA /* Fan.cpp */,
				085AAA2D132C5B9F00DF32CA /* Fan.h */,
				085AAA2E132C5B9F00DF32CA /* FireWorks.cpp */,
				085AAA2F132C5B9F00DF32CA /* FireWorks.h */,
				0877CB0E13DCA16D002800D2 /* Flame.cpp */,
				0877CB1113DCA17A002800D2 /* Flame.h */,
				085AAA30132C5B9F00DF32CA /* Flashlight.cpp */,
				085AAA31132C5B9F00DF32CA /* Flashlight.h */,
				085AAA32132C5B9F00DF32CA /* GameScore.cpp */,
				085AAA33132C5B9F00DF32CA /* GameScore.h */,
				085AAA34132C5B9F00DF32CA /* Gear.cpp */,
				085AAA35132C5B9F00DF32CA /* Gear.h */,
				085AAA36132C5B9F00DF32CA /* HelpScreen.cpp */,
				085AAA37132C5B9F00DF32CA /* HelpScreen.h */,
				0816B6D1137F8C1B00CE5DE4 /* Input.cpp */,
				0816B6D2137F8C1C00CE5DE4 /* Input.h */,
				085AAA38132C5B9F00DF32CA /* Lighting.cpp */,
				085AAA39132C5B9F00DF32CA /* Lighting.h */,
				085AAA3A132C5B9F00DF32CA /* Lives.cpp */,
				085AAA3B132C5B9F00DF32CA /* Lives.h */,
				08D2E1A913660E0300AD31B8 /* PowerUp.cpp */,
				08D2E1AA13660E0300AD31B8 /* PowerUp.h */,
				085AAA3C132C5B9F00DF32CA /* rapidxml */,
				085AAA43132C5B9F00DF32CA /* Recorder.cpp */,
				085AAA44132C5B9F00DF32CA /* Recorder.h */,
				085AAA45132C5B9F00DF32CA /* Settings.cpp */,
				085AAA46132C5B9F00DF32CA /* Settings.h */,
				0877CB1213E43FB4002800D2 /* Smoke.cpp */,
				0877CB1413E43FE1002800D2 /* Smoke.h */,
				085AAA47132C5B9F00DF32CA /* Stapler.cpp */,
				085AAA48132C5B9F00DF32CA /* Stapler.h */,
				085AAA49132C5B9F00DF32CA /* StartScreen.cpp */,
				085AAA4A132C5B9F00DF32CA /* StartScreen.h */,
				085AAA4B132C5B9F00DF32CA /* SuperDustBunny.cpp */,
				085AAA4C132C5B9F00DF32CA /* TennisBall.cpp */,
				085AAA4D132C5B9F00DF32CA /* TennisBall.h */,
				0844B73813F9F0A500092ECE /* Text.cpp */,
				0844B73613F9F09B00092ECE /* Text.h */,
				085AAA4E132C5B9F00DF32CA /* Tutorial.cpp */,
				085AAA4F132C5B9F00DF32CA /* Tutorial.h */,
				085AAA50132C5B9F00DF32CA /* Vacuum.cpp */,
				085AAA51132C5B9F00DF32CA /* Vacuum.h */,
				085AAA52132C5B9F00DF32CA /* WinScreen.cpp */,
				085AAA53132C5B9F00DF32CA /* WinScreen.h */,
				085AAA54132C5B9F00DF32CA /* Wipe.cpp */,
				085AAA55132C5B9F00DF32CA /* Wipe.h */,
			);
			name = Common;
			path = ../Common;
			sourceTree = "<group>";
		};
		085AAA3C132C5B9F00DF32CA /* rapidxml */ = {
			isa = PBXGroup;
			children = (
				085AAA3D132C5B9F00DF32CA /* license.txt */,
				085AAA3E132C5B9F00DF32CA /* manual.html */,
				085AAA3F132C5B9F00DF32CA /* rapidxml.hpp */,
				085AAA40132C5B9F00DF32CA /* rapidxml_iterators.hpp */,
				085AAA41132C5B9F00DF32CA /* rapidxml_print.hpp */,
				085AAA42132C5B9F00DF32CA /* rapidxml_utils.hpp */,
			);
			path = rapidxml;
			sourceTree = "<group>";
		};
		085AAA88132D0E7100DF32CA /* Converter */ = {
			isa = PBXGroup;
			children = (
				085AAA89132D0E8F00DF32CA /* Converter.py */,
			);
			name = Converter;
			sourceTree = "<group>";
		};
		08A8FC7313302BB300E45A98 /* Documentation */ = {
			isa = PBXGroup;
			children = (
				08A8FC7513302F6300E45A98 /* TODO.txt */,
			);
			name = Documentation;
			sourceTree = "<group>";
		};
		08D497971417AE100022E457 /* Other Frameworks */ = {
			isa = PBXGroup;
			children = (
				08D497981417AE100022E457 /* AppKit.framework */,
				08D497991417AE100022E457 /* CoreData.framework */,
				08D4979A1417AE100022E457 /* Foundation.framework */,
			);
			name = "Other Frameworks";
			sourceTree = "<group>";
		};
		08D4979B1417AE100022E457 /* Mac */ = {
			isa = PBXGroup;
			children = (
				08D497A71417AE110022E457 /* SDBAppDelegate.h */,
				08D497A81417AE110022E457 /* SDBAppDelegate.m */,
				08D497AA1417AE110022E457 /* MainMenu.xib */,
				08D4979C1417AE100022E457 /* Supporting Files */,
				08D498071417EBA60022E457 /* SDBOpenGLView.h */,
				08D498081417EBA60022E457 /* SDBOpenGLView.m */,
			);
			name = Mac;
			path = SuperDustBunny;
			sourceTree = "<group>";
		};
		08D4979C1417AE100022E457 /* Supporting Files */ = {
			isa = PBXGroup;
			children = (
				08D4979D1417AE100022E457 /* SuperDustBunny-Info.plist */,
				08D4979E1417AE100022E457 /* InfoPlist.strings */,
				08D497A11417AE110022E457 /* main.m */,
				08D497A31417AE110022E457 /* SuperDustBunny-Prefix.pch */,
				08D497A41417AE110022E457 /* Credits.rtf */,
			);
			name = "Supporting Files";
			sourceTree = "<group>";
		};
/* End PBXGroup section */

/* Begin PBXNativeTarget section */
		085AA959132C572A00DF32CA /* SDB */ = {
			isa = PBXNativeTarget;
			buildConfigurationList = 085AA980132C572A00DF32CA /* Build configuration list for PBXNativeTarget "SDB" */;
			buildPhases = (
				085AA956132C572A00DF32CA /* Sources */,
				085AA957132C572A00DF32CA /* Frameworks */,
				085AA958132C572A00DF32CA /* Resources */,
			);
			buildRules = (
			);
			dependencies = (
			);
			name = SDB;
			productName = SuperDustBunny;
			productReference = 085AA95A132C572A00DF32CA /* SDB.app */;
			productType = "com.apple.product-type.application";
		};
		08D497921417AE100022E457 /* SuperDustBunny */ = {
			isa = PBXNativeTarget;
			buildConfigurationList = 08D497AF1417AE110022E457 /* Build configuration list for PBXNativeTarget "SuperDustBunny" */;
			buildPhases = (
				08D4978F1417AE100022E457 /* Sources */,
				08D497901417AE100022E457 /* Frameworks */,
				08D497911417AE100022E457 /* Resources */,
			);
			buildRules = (
			);
			dependencies = (
			);
			name = SuperDustBunny;
			productName = SuperDustBunny;
			productReference = 08D497931417AE100022E457 /* SuperDustBunny.app */;
			productType = "com.apple.product-type.application";
		};
/* End PBXNativeTarget section */

/* Begin PBXProject section */
		085AA951132C572A00DF32CA /* Project object */ = {
			isa = PBXProject;
			attributes = {
				LastUpgradeCheck = 0420;
				ORGANIZATIONNAME = Self;
			};
			buildConfigurationList = 085AA954132C572A00DF32CA /* Build configuration list for PBXProject "SuperDustBunny" */;
			compatibilityVersion = "Xcode 3.2";
			developmentRegion = English;
			hasScannedForEncodings = 0;
			knownRegions = (
				en,
			);
			mainGroup = 085AA94F132C572A00DF32CA;
			productRefGroup = 085AA95B132C572A00DF32CA /* Products */;
			projectDirPath = "";
			projectRoot = "";
			targets = (
				085AA959132C572A00DF32CA /* SDB */,
				08D497921417AE100022E457 /* SuperDustBunny */,
			);
		};
/* End PBXProject section */

/* Begin PBXResourcesBuildPhase section */
		085AA958132C572A00DF32CA /* Resources */ = {
			isa = PBXResourcesBuildPhase;
			buildActionMask = 2147483647;
			files = (
				085AAA00132C582C00DF32CA /* InfoPlist.strings in Resources */,
				085AAA03132C582C00DF32CA /* MainWindow-iPad.xib in Resources */,
				085AAA04132C582C00DF32CA /* MainWindow-iPhone.xib in Resources */,
				085AAA07132C582C00DF32CA /* SettingsViewController.xib in Resources */,
				085AAA0C132C582C00DF32CA /* SuperDustBunnyViewController.xib in Resources */,
				085AAA68132C5B9F00DF32CA /* license.txt in Resources */,
				085AAA69132C5B9F00DF32CA /* manual.html in Resources */,
				085AAA8A132D0E8F00DF32CA /* Converter.py in Resources */,
				08A8FC7613302F6300E45A98 /* TODO.txt in Resources */,
				08BF391713466F4E002C1A7B /* Converted in Resources */,
				0856200F1346A40000F9EFBA /* Default-ipad.png in Resources */,
				085620101346A40000F9EFBA /* Default.png in Resources */,
				085620111346A40000F9EFBA /* Default@2x.png in Resources */,
				085620121346A40000F9EFBA /* Icon.png in Resources */,
				085620131346A40000F9EFBA /* Icon@2x.png in Resources */,
				082C9B8013E8D97400586EDB /* Icon-ipad.png in Resources */,
			);
			runOnlyForDeploymentPostprocessing = 0;
		};
		08D497911417AE100022E457 /* Resources */ = {
			isa = PBXResourcesBuildPhase;
			buildActionMask = 2147483647;
			files = (
				08D497A01417AE110022E457 /* InfoPlist.strings in Resources */,
				08D497A61417AE110022E457 /* Credits.rtf in Resources */,
				08D497AC1417AE110022E457 /* MainMenu.xib in Resources */,
				08D4980C141800FD0022E457 /* Icon@2x.png in Resources */,
			);
			runOnlyForDeploymentPostprocessing = 0;
		};
/* End PBXResourcesBuildPhase section */

/* Begin PBXSourcesBuildPhase section */
		085AA956132C572A00DF32CA /* Sources */ = {
			isa = PBXSourcesBuildPhase;
			buildActionMask = 2147483647;
			files = (
				085AA9FE132C582C00DF32CA /* EAGLView.m in Sources */,
				085AA9FF132C582C00DF32CA /* graphics.mm in Sources */,
				085AAA01132C582C00DF32CA /* keyboard.mm in Sources */,
				085AAA02132C582C00DF32CA /* main.m in Sources */,
				085AAA05132C582C00DF32CA /* mouse.mm in Sources */,
				085AAA06132C582C00DF32CA /* SettingsViewController.m in Sources */,
				085AAA08132C582C00DF32CA /* sound.mm in Sources */,
				085AAA0A132C582C00DF32CA /* SuperDustBunnyAppDelegate.m in Sources */,
				085AAA0B132C582C00DF32CA /* SuperDustBunnyViewController.m in Sources */,
				085AAA56132C5B9F00DF32CA /* Assets.cpp in Sources */,
				085AAA57132C5B9F00DF32CA /* Barrel.cpp in Sources */,
				085AAA58132C5B9F00DF32CA /* chapter.cpp in Sources */,
				085AAA59132C5B9F00DF32CA /* ChapterIntro.cpp in Sources */,
				085AAA5A132C5B9F00DF32CA /* Coin.cpp in Sources */,
				085AAA5B132C5B9F00DF32CA /* CreditsScreen.cpp in Sources */,
				085AAA5C132C5B9F00DF32CA /* Debris.cpp in Sources */,
				085AAA5D132C5B9F00DF32CA /* DieScreen.cpp in Sources */,
				085AAA5E132C5B9F00DF32CA /* Dust.cpp in Sources */,
				085AAA5F132C5B9F00DF32CA /* Dusty.cpp in Sources */,
				085AAA60132C5B9F00DF32CA /* Fan.cpp in Sources */,
				085AAA61132C5B9F00DF32CA /* FireWorks.cpp in Sources */,
				085AAA62132C5B9F00DF32CA /* Flashlight.cpp in Sources */,
				085AAA63132C5B9F00DF32CA /* GameScore.cpp in Sources */,
				085AAA64132C5B9F00DF32CA /* Gear.cpp in Sources */,
				085AAA65132C5B9F00DF32CA /* HelpScreen.cpp in Sources */,
				085AAA66132C5B9F00DF32CA /* Lighting.cpp in Sources */,
				085AAA67132C5B9F00DF32CA /* Lives.cpp in Sources */,
				085AAA6A132C5B9F00DF32CA /* Recorder.cpp in Sources */,
				085AAA6B132C5B9F00DF32CA /* Settings.cpp in Sources */,
				085AAA6C132C5B9F00DF32CA /* Stapler.cpp in Sources */,
				085AAA6D132C5B9F00DF32CA /* StartScreen.cpp in Sources */,
				085AAA6E132C5B9F00DF32CA /* SuperDustBunny.cpp in Sources */,
				085AAA6F132C5B9F00DF32CA /* TennisBall.cpp in Sources */,
				085AAA70132C5B9F00DF32CA /* Tutorial.cpp in Sources */,
				085AAA71132C5B9F00DF32CA /* Vacuum.cpp in Sources */,
				085AAA72132C5B9F00DF32CA /* WinScreen.cpp in Sources */,
				085AAA73132C5B9F00DF32CA /* Wipe.cpp in Sources */,
				08D2E1AB13660E0300AD31B8 /* PowerUp.cpp in Sources */,
				0816B6D3137F8C1C00CE5DE4 /* Input.cpp in Sources */,
				0877CB0F13DCA16E002800D2 /* Flame.cpp in Sources */,
				0877CB1313E43FB5002800D2 /* Smoke.cpp in Sources */,
				0844B73913F9F0A500092ECE /* Text.cpp in Sources */,
				08F44AD013FB694D00991708 /* Debug.cpp in Sources */,
			);
			runOnlyForDeploymentPostprocessing = 0;
		};
		08D4978F1417AE100022E457 /* Sources */ = {
			isa = PBXSourcesBuildPhase;
			buildActionMask = 2147483647;
			files = (
				08D497FD1417C0B00022E457 /* graphics.mm in Sources */,
				08D497FE1417C0B00022E457 /* keyboard.mm in Sources */,
				08D497FF1417C0B00022E457 /* mouse.mm in Sources */,
				08D498001417C0B00022E457 /* sound.mm in Sources */,
				08D497B11417AFC10022E457 /* Assets.cpp in Sources */,
				08D497B31417AFC10022E457 /* Barrel.cpp in Sources */,
				08D497B51417AFC10022E457 /* chapter.cpp in Sources */,
				08D497B71417AFC10022E457 /* ChapterIntro.cpp in Sources */,
				08D497B91417AFC10022E457 /* Coin.cpp in Sources */,
				08D497BC1417AFC10022E457 /* CreditsScreen.cpp in Sources */,
				08D497BE1417AFC10022E457 /* Debris.cpp in Sources */,
				08D497C01417AFC10022E457 /* Debug.cpp in Sources */,
				08D497C21417AFC10022E457 /* DieScreen.cpp in Sources */,
				08D497C41417AFC10022E457 /* Dust.cpp in Sources */,
				08D497C61417AFC10022E457 /* Dusty.cpp in Sources */,
				08D497C81417AFC10022E457 /* Fan.cpp in Sources */,
				08D497CA1417AFC10022E457 /* FireWorks.cpp in Sources */,
				08D497CC1417AFC10022E457 /* Flame.cpp in Sources */,
				08D497CE1417AFC10022E457 /* Flashlight.cpp in Sources */,
				08D497D01417AFC10022E457 /* GameScore.cpp in Sources */,
				08D497D21417AFC10022E457 /* Gear.cpp in Sources */,
				08D497D41417AFC10022E457 /* HelpScreen.cpp in Sources */,
				08D497D61417AFC10022E457 /* Input.cpp in Sources */,
				08D497D81417AFC10022E457 /* Lighting.cpp in Sources */,
				08D497DA1417AFC10022E457 /* Lives.cpp in Sources */,
				08D497DC1417AFC10022E457 /* PowerUp.cpp in Sources */,
				08D497E41417AFC10022E457 /* Recorder.cpp in Sources */,
				08D497E61417AFC10022E457 /* Settings.cpp in Sources */,
				08D497E81417AFC10022E457 /* Smoke.cpp in Sources */,
				08D497EA1417AFC10022E457 /* Stapler.cpp in Sources */,
				08D497EC1417AFC10022E457 /* StartScreen.cpp in Sources */,
				08D497EE1417AFC10022E457 /* SuperDustBunny.cpp in Sources */,
				08D497EF1417AFC10022E457 /* TennisBall.cpp in Sources */,
				08D497F11417AFC10022E457 /* Text.cpp in Sources */,
				08D497F31417AFC10022E457 /* Tutorial.cpp in Sources */,
				08D497F51417AFC10022E457 /* Vacuum.cpp in Sources */,
				08D497F71417AFC10022E457 /* WinScreen.cpp in Sources */,
				08D497F91417AFC10022E457 /* Wipe.cpp in Sources */,
				08D497A21417AE110022E457 /* main.m in Sources */,
				08D497A91417AE110022E457 /* SDBAppDelegate.m in Sources */,
				08D498091417EBA70022E457 /* SDBOpenGLView.m in Sources */,
			);
			runOnlyForDeploymentPostprocessing = 0;
		};
/* End PBXSourcesBuildPhase section */

/* Begin PBXVariantGroup section */
		08D4979E1417AE100022E457 /* InfoPlist.strings */ = {
			isa = PBXVariantGroup;
			children = (
				08D4979F1417AE100022E457 /* en */,
			);
			name = InfoPlist.strings;
			sourceTree = "<group>";
		};
		08D497A41417AE110022E457 /* Credits.rtf */ = {
			isa = PBXVariantGroup;
			children = (
				08D497A51417AE110022E457 /* en */,
			);
			name = Credits.rtf;
			sourceTree = "<group>";
		};
		08D497AA1417AE110022E457 /* MainMenu.xib */ = {
			isa = PBXVariantGroup;
			children = (
				08D497AB1417AE110022E457 /* en */,
			);
			name = MainMenu.xib;
			sourceTree = "<group>";
		};
/* End PBXVariantGroup section */

/* Begin XCBuildConfiguration section */
		085AA97E132C572A00DF32CA /* Debug */ = {
			isa = XCBuildConfiguration;
			buildSettings = {
				ARCHS = (
					armv6,
					"$(ARCHS_STANDARD_32_BIT)",
				);
				"CODE_SIGN_IDENTITY[sdk=iphoneos*]" = "iPhone Developer";
				GCC_C_LANGUAGE_STANDARD = gnu99;
				GCC_OPTIMIZATION_LEVEL = 0;
				GCC_PREPROCESSOR_DEFINITIONS = DEBUG;
				GCC_SYMBOLS_PRIVATE_EXTERN = NO;
				GCC_VERSION = com.apple.compilers.llvmgcc42;
				GCC_WARN_ABOUT_RETURN_TYPE = YES;
				GCC_WARN_UNUSED_VARIABLE = YES;
				IPHONEOS_DEPLOYMENT_TARGET = 3.1;
				SDKROOT = iphoneos;
				TARGETED_DEVICE_FAMILY = "1,2";
			};
			name = Debug;
		};
		085AA97F132C572A00DF32CA /* Release */ = {
			isa = XCBuildConfiguration;
			buildSettings = {
				ARCHS = (
					armv6,
					"$(ARCHS_STANDARD_32_BIT)",
				);
				"CODE_SIGN_IDENTITY[sdk=iphoneos*]" = "iPhone Developer";
				GCC_C_LANGUAGE_STANDARD = gnu99;
				GCC_VERSION = com.apple.compilers.llvmgcc42;
				GCC_WARN_ABOUT_RETURN_TYPE = YES;
				GCC_WARN_UNUSED_VARIABLE = YES;
				IPHONEOS_DEPLOYMENT_TARGET = 3.1;
				OTHER_CFLAGS = "-DNS_BLOCK_ASSERTIONS=1";
				SDKROOT = iphoneos;
				TARGETED_DEVICE_FAMILY = "1,2";
			};
			name = Release;
		};
		085AA981132C572A00DF32CA /* Debug */ = {
			isa = XCBuildConfiguration;
			buildSettings = {
				ALWAYS_SEARCH_USER_PATHS = NO;
				COPY_PHASE_STRIP = NO;
				GCC_DYNAMIC_NO_PIC = NO;
				GCC_INPUT_FILETYPE = sourcecode.cpp.objcpp;
				GCC_PRECOMPILE_PREFIX_HEADER = YES;
				GCC_PREFIX_HEADER = "SuperDustBunny-Prefix.pch";
				GCC_VERSION = com.apple.compilers.llvm.clang.1_0;
				INFOPLIST_FILE = "SuperDustBunny-Info.plist";
				IPHONEOS_DEPLOYMENT_TARGET = 3.1;
				PRECOMPS_INCLUDE_HEADERS_FROM_BUILT_PRODUCTS_DIR = YES;
				PRODUCT_NAME = "$(TARGET_NAME)";
				WRAPPER_EXTENSION = app;
			};
			name = Debug;
		};
		085AA982132C572A00DF32CA /* Release */ = {
			isa = XCBuildConfiguration;
			buildSettings = {
				ALWAYS_SEARCH_USER_PATHS = NO;
				COPY_PHASE_STRIP = YES;
				GCC_INPUT_FILETYPE = sourcecode.cpp.objcpp;
				GCC_PRECOMPILE_PREFIX_HEADER = YES;
				GCC_PREFIX_HEADER = "SuperDustBunny-Prefix.pch";
				GCC_VERSION = com.apple.compilers.llvm.clang.1_0;
				INFOPLIST_FILE = "SuperDustBunny-Info.plist";
				IPHONEOS_DEPLOYMENT_TARGET = 3.1;
				PRECOMPS_INCLUDE_HEADERS_FROM_BUILT_PRODUCTS_DIR = YES;
				PRODUCT_NAME = "$(TARGET_NAME)";
				VALIDATE_PRODUCT = YES;
				WRAPPER_EXTENSION = app;
			};
			name = Release;
		};
		08D497AD1417AE110022E457 /* Debug */ = {
			isa = XCBuildConfiguration;
			buildSettings = {
				ALWAYS_SEARCH_USER_PATHS = NO;
				ARCHS = "$(ARCHS_STANDARD_64_BIT)";
				CLANG_ENABLE_OBJC_ARC = NO;
				COPY_PHASE_STRIP = NO;
				FRAMEWORK_SEARCH_PATHS = (
					"$(inherited)",
					"\"$(DEVELOPER_FRAMEWORKS_DIR)\"",
				);
				GCC_DYNAMIC_NO_PIC = NO;
				GCC_ENABLE_OBJC_EXCEPTIONS = YES;
				GCC_INPUT_FILETYPE = sourcecode.cpp.objcpp;
				GCC_PRECOMPILE_PREFIX_HEADER = YES;
				GCC_PREFIX_HEADER = "SuperDustBunny/SuperDustBunny-Prefix.pch";
				GCC_PREPROCESSOR_DEFINITIONS = (
					"DEBUG=1",
					"$(inherited)",
				);
				GCC_VERSION = com.apple.compilers.llvm.clang.1_0;
				GCC_WARN_64_TO_32_BIT_CONVERSION = YES;
				GCC_WARN_ABOUT_MISSING_PROTOTYPES = YES;
				INFOPLIST_FILE = "SuperDustBunny/SuperDustBunny-Info.plist";
				MACOSX_DEPLOYMENT_TARGET = 10.7;
				ONLY_ACTIVE_ARCH = YES;
				PRODUCT_NAME = "$(TARGET_NAME)";
				SDKROOT = macosx;
				WRAPPER_EXTENSION = app;
			};
			name = Debug;
		};
		08D497AE1417AE110022E457 /* Release */ = {
			isa = XCBuildConfiguration;
			buildSettings = {
				ALWAYS_SEARCH_USER_PATHS = NO;
				ARCHS = "$(ARCHS_STANDARD_64_BIT)";
				CLANG_ENABLE_OBJC_ARC = NO;
				COPY_PHASE_STRIP = YES;
				DEBUG_INFORMATION_FORMAT = "dwarf-with-dsym";
				FRAMEWORK_SEARCH_PATHS = (
					"$(inherited)",
					"\"$(DEVELOPER_FRAMEWORKS_DIR)\"",
				);
				GCC_ENABLE_OBJC_EXCEPTIONS = YES;
				GCC_INPUT_FILETYPE = sourcecode.cpp.objcpp;
				GCC_PRECOMPILE_PREFIX_HEADER = YES;
				GCC_PREFIX_HEADER = "SuperDustBunny/SuperDustBunny-Prefix.pch";
				GCC_VERSION = com.apple.compilers.llvm.clang.1_0;
				GCC_WARN_64_TO_32_BIT_CONVERSION = YES;
				GCC_WARN_ABOUT_MISSING_PROTOTYPES = YES;
				INFOPLIST_FILE = "SuperDustBunny/SuperDustBunny-Info.plist";
				MACOSX_DEPLOYMENT_TARGET = 10.7;
				PRODUCT_NAME = "$(TARGET_NAME)";
				SDKROOT = macosx;
				WRAPPER_EXTENSION = app;
			};
			name = Release;
		};
/* End XCBuildConfiguration section */

/* Begin XCConfigurationList section */
		085AA954132C572A00DF32CA /* Build configuration list for PBXProject "SuperDustBunny" */ = {
			isa = XCConfigurationList;
			buildConfigurations = (
				085AA97E132C572A00DF32CA /* Debug */,
				085AA97F132C572A00DF32CA /* Release */,
			);
			defaultConfigurationIsVisible = 0;
			defaultConfigurationName = Release;
		};
		085AA980132C572A00DF32CA /* Build configuration list for PBXNativeTarget "SDB" */ = {
			isa = XCConfigurationList;
			buildConfigurations = (
				085AA981132C572A00DF32CA /* Debug */,
				085AA982132C572A00DF32CA /* Release */,
			);
			defaultConfigurationIsVisible = 0;
			defaultConfigurationName = Release;
		};
		08D497AF1417AE110022E457 /* Build configuration list for PBXNativeTarget "SuperDustBunny" */ = {
			isa = XCConfigurationList;
			buildConfigurations = (
				08D497AD1417AE110022E457 /* Debug */,
				08D497AE1417AE110022E457 /* Release */,
			);
			defaultConfigurationIsVisible = 0;
		};
/* End XCConfigurationList section */
	};
	rootObject = 085AA951132C572A00DF32CA /* Project object */;
}
