// !$*UTF8*$!
{
	archiveVersion = 1;
	classes = {
	};
	objectVersion = 46;
	objects = {

/* Begin PBXBuildFile section */
		0814324E1305E3E3007D4611 /* Converter.py in Resources */ = {isa = PBXBuildFile; fileRef = 0814324D1305E3E3007D4611 /* Converter.py */; };
		0814334D13061704007D4611 /* Converted in Resources */ = {isa = PBXBuildFile; fileRef = 0814334C13061704007D4611 /* Converted */; };
		08172273130EBB4800F380F1 /* Icon.png in Resources */ = {isa = PBXBuildFile; fileRef = 08172271130EBB4800F380F1 /* Icon.png */; };
		08172274130EBB4800F380F1 /* Icon@2x.png in Resources */ = {isa = PBXBuildFile; fileRef = 08172272130EBB4800F380F1 /* Icon@2x.png */; };
		0856F6C11305769000573848 /* Default.png in Resources */ = {isa = PBXBuildFile; fileRef = 0856F6BE1305761300573848 /* Default.png */; };
		08587B0B12E8D0AA003A66B6 /* UIKit.framework in Frameworks */ = {isa = PBXBuildFile; fileRef = 08587B0A12E8D0AA003A66B6 /* UIKit.framework */; };
		08587B0D12E8D0AA003A66B6 /* Foundation.framework in Frameworks */ = {isa = PBXBuildFile; fileRef = 08587B0C12E8D0AA003A66B6 /* Foundation.framework */; };
		08587B0F12E8D0AA003A66B6 /* CoreGraphics.framework in Frameworks */ = {isa = PBXBuildFile; fileRef = 08587B0E12E8D0AA003A66B6 /* CoreGraphics.framework */; };
		08587B1112E8D0AA003A66B6 /* QuartzCore.framework in Frameworks */ = {isa = PBXBuildFile; fileRef = 08587B1012E8D0AA003A66B6 /* QuartzCore.framework */; };
		08587B1312E8D0AA003A66B6 /* OpenGLES.framework in Frameworks */ = {isa = PBXBuildFile; fileRef = 08587B1212E8D0AA003A66B6 /* OpenGLES.framework */; };
		0893506912EFCBCE00BEFFFA /* Assets.cpp in Sources */ = {isa = PBXBuildFile; fileRef = 0893504712EFCBCE00BEFFFA /* Assets.cpp */; };
		0893506A12EFCBCE00BEFFFA /* Barrel.cpp in Sources */ = {isa = PBXBuildFile; fileRef = 0893504912EFCBCE00BEFFFA /* Barrel.cpp */; };
		0893506B12EFCBCE00BEFFFA /* chapter.cpp in Sources */ = {isa = PBXBuildFile; fileRef = 0893504B12EFCBCE00BEFFFA /* chapter.cpp */; };
		0893506C12EFCBCE00BEFFFA /* ChapterIntro.cpp in Sources */ = {isa = PBXBuildFile; fileRef = 0893504D12EFCBCE00BEFFFA /* ChapterIntro.cpp */; };
		0893506D12EFCBCE00BEFFFA /* Coin.cpp in Sources */ = {isa = PBXBuildFile; fileRef = 0893504F12EFCBCE00BEFFFA /* Coin.cpp */; };
		0893506E12EFCBCE00BEFFFA /* CreditsScreen.cpp in Sources */ = {isa = PBXBuildFile; fileRef = 0893505212EFCBCE00BEFFFA /* CreditsScreen.cpp */; };
		0893506F12EFCBCE00BEFFFA /* Debris.cpp in Sources */ = {isa = PBXBuildFile; fileRef = 0893505512EFCBCE00BEFFFA /* Debris.cpp */; };
		0893507012EFCBCE00BEFFFA /* DieScreen.cpp in Sources */ = {isa = PBXBuildFile; fileRef = 0893505712EFCBCE00BEFFFA /* DieScreen.cpp */; };
		0893507112EFCBCE00BEFFFA /* Dust.cpp in Sources */ = {isa = PBXBuildFile; fileRef = 0893505912EFCBCE00BEFFFA /* Dust.cpp */; };
		0893507212EFCBCE00BEFFFA /* Dusty.cpp in Sources */ = {isa = PBXBuildFile; fileRef = 0893505B12EFCBCE00BEFFFA /* Dusty.cpp */; };
		0893507312EFCBCE00BEFFFA /* Fan.cpp in Sources */ = {isa = PBXBuildFile; fileRef = 0893505D12EFCBCE00BEFFFA /* Fan.cpp */; };
		0893507412EFCBCE00BEFFFA /* FireWorks.cpp in Sources */ = {isa = PBXBuildFile; fileRef = 0893505F12EFCBCE00BEFFFA /* FireWorks.cpp */; };
		0893507512EFCBCE00BEFFFA /* Flashlight.cpp in Sources */ = {isa = PBXBuildFile; fileRef = 0893506112EFCBCE00BEFFFA /* Flashlight.cpp */; };
		0893507612EFCBCE00BEFFFA /* GameScore.cpp in Sources */ = {isa = PBXBuildFile; fileRef = 0893506312EFCBCE00BEFFFA /* GameScore.cpp */; };
		0893507712EFCBCE00BEFFFA /* Gear.cpp in Sources */ = {isa = PBXBuildFile; fileRef = 0893506512EFCBCE00BEFFFA /* Gear.cpp */; };
		0893507812EFCBCE00BEFFFA /* HelpScreen.cpp in Sources */ = {isa = PBXBuildFile; fileRef = 0893506712EFCBCE00BEFFFA /* HelpScreen.cpp */; };
		0893509312EFCBE700BEFFFA /* Lighting.cpp in Sources */ = {isa = PBXBuildFile; fileRef = 0893507912EFCBE700BEFFFA /* Lighting.cpp */; };
		0893509412EFCBE700BEFFFA /* Lives.cpp in Sources */ = {isa = PBXBuildFile; fileRef = 0893507B12EFCBE700BEFFFA /* Lives.cpp */; };
		0893509512EFCBE700BEFFFA /* license.txt in Resources */ = {isa = PBXBuildFile; fileRef = 0893507E12EFCBE700BEFFFA /* license.txt */; };
		0893509712EFCBE700BEFFFA /* Recorder.cpp in Sources */ = {isa = PBXBuildFile; fileRef = 0893508412EFCBE700BEFFFA /* Recorder.cpp */; };
		0893509812EFCBE700BEFFFA /* StartScreen.cpp in Sources */ = {isa = PBXBuildFile; fileRef = 0893508612EFCBE700BEFFFA /* StartScreen.cpp */; };
		0893509912EFCBE700BEFFFA /* SuperDustBunny.cpp in Sources */ = {isa = PBXBuildFile; fileRef = 0893508812EFCBE700BEFFFA /* SuperDustBunny.cpp */; };
		0893509A12EFCBE700BEFFFA /* TennisBall.cpp in Sources */ = {isa = PBXBuildFile; fileRef = 0893508912EFCBE700BEFFFA /* TennisBall.cpp */; };
		0893509B12EFCBE700BEFFFA /* Tutorial.cpp in Sources */ = {isa = PBXBuildFile; fileRef = 0893508B12EFCBE700BEFFFA /* Tutorial.cpp */; };
		0893509C12EFCBE700BEFFFA /* Vacuum.cpp in Sources */ = {isa = PBXBuildFile; fileRef = 0893508D12EFCBE700BEFFFA /* Vacuum.cpp */; };
		0893509D12EFCBE700BEFFFA /* WinScreen.cpp in Sources */ = {isa = PBXBuildFile; fileRef = 0893508F12EFCBE700BEFFFA /* WinScreen.cpp */; };
		0893509E12EFCBE700BEFFFA /* Wipe.cpp in Sources */ = {isa = PBXBuildFile; fileRef = 0893509112EFCBE700BEFFFA /* Wipe.cpp */; };
		089350B912EFCBFC00BEFFFA /* EAGLView.m in Sources */ = {isa = PBXBuildFile; fileRef = 089350A112EFCBFC00BEFFFA /* EAGLView.m */; };
		089350BA12EFCBFC00BEFFFA /* graphics.mm in Sources */ = {isa = PBXBuildFile; fileRef = 089350A312EFCBFC00BEFFFA /* graphics.mm */; };
		089350BB12EFCBFC00BEFFFA /* InfoPlist.strings in Resources */ = {isa = PBXBuildFile; fileRef = 089350A412EFCBFC00BEFFFA /* InfoPlist.strings */; };
		089350BC12EFCBFC00BEFFFA /* keyboard.mm in Sources */ = {isa = PBXBuildFile; fileRef = 089350A612EFCBFC00BEFFFA /* keyboard.mm */; };
		089350BD12EFCBFC00BEFFFA /* main.m in Sources */ = {isa = PBXBuildFile; fileRef = 089350A712EFCBFC00BEFFFA /* main.m */; };
		089350BE12EFCBFC00BEFFFA /* MainWindow-iPad.xib in Resources */ = {isa = PBXBuildFile; fileRef = 089350A812EFCBFC00BEFFFA /* MainWindow-iPad.xib */; };
		089350BF12EFCBFC00BEFFFA /* MainWindow.xib in Resources */ = {isa = PBXBuildFile; fileRef = 089350A912EFCBFC00BEFFFA /* MainWindow.xib */; };
		089350C012EFCBFC00BEFFFA /* mouse.mm in Sources */ = {isa = PBXBuildFile; fileRef = 089350AB12EFCBFC00BEFFFA /* mouse.mm */; };
		089350C112EFCBFC00BEFFFA /* sound.mm in Sources */ = {isa = PBXBuildFile; fileRef = 089350AD12EFCBFC00BEFFFA /* sound.mm */; };
		089350C312EFCBFC00BEFFFA /* SuperDustBunnyAppDelegate.m in Sources */ = {isa = PBXBuildFile; fileRef = 089350B512EFCBFC00BEFFFA /* SuperDustBunnyAppDelegate.m */; };
		089350C412EFCBFC00BEFFFA /* SuperDustBunnyViewController.m in Sources */ = {isa = PBXBuildFile; fileRef = 089350B712EFCBFC00BEFFFA /* SuperDustBunnyViewController.m */; };
		089350C512EFCBFC00BEFFFA /* SuperDustBunnyViewController.xib in Resources */ = {isa = PBXBuildFile; fileRef = 089350B812EFCBFC00BEFFFA /* SuperDustBunnyViewController.xib */; };
		08B5953D1304D60B006F3D32 /* Stapler.cpp in Sources */ = {isa = PBXBuildFile; fileRef = 08B5953B1304D60B006F3D32 /* Stapler.cpp */; };
		08CB7013130B2235008F8F34 /* SettingsViewController.m in Sources */ = {isa = PBXBuildFile; fileRef = 08CB7011130B2235008F8F34 /* SettingsViewController.m */; };
		08CB7014130B2235008F8F34 /* SettingsViewController.xib in Resources */ = {isa = PBXBuildFile; fileRef = 08CB7012130B2235008F8F34 /* SettingsViewController.xib */; };
		08CB701A130C3548008F8F34 /* Settings.cpp in Sources */ = {isa = PBXBuildFile; fileRef = 08CB7018130C3548008F8F34 /* Settings.cpp */; };
		08CE829E12F3140B00320555 /* Data in Resources */ = {isa = PBXBuildFile; fileRef = 08CE829D12F3140B00320555 /* Data */; };
		08CE82A112F3141A00320555 /* Tilesets in Resources */ = {isa = PBXBuildFile; fileRef = 08CE82A012F3141A00320555 /* Tilesets */; };
		08CE82A312F3142500320555 /* Chapters in Resources */ = {isa = PBXBuildFile; fileRef = 08CE82A212F3142500320555 /* Chapters */; };
		08EADE5612EB376900229125 /* OpenAL.framework in Frameworks */ = {isa = PBXBuildFile; fileRef = 08EADE5512EB376900229125 /* OpenAL.framework */; };
		08EADE5B12EB37E400229125 /* AudioToolbox.framework in Frameworks */ = {isa = PBXBuildFile; fileRef = 08EADE5A12EB37E400229125 /* AudioToolbox.framework */; };
/* End PBXBuildFile section */

/* Begin PBXFileReference section */
		0814324D1305E3E3007D4611 /* Converter.py */ = {isa = PBXFileReference; fileEncoding = 4; lastKnownFileType = text.script.python; name = Converter.py; path = ../../Tools/Converter/Converter.py; sourceTree = "<group>"; };
		0814334C13061704007D4611 /* Converted */ = {isa = PBXFileReference; lastKnownFileType = folder; name = Converted; path = ../../Converted; sourceTree = "<group>"; };
		08172271130EBB4800F380F1 /* Icon.png */ = {isa = PBXFileReference; lastKnownFileType = image.png; path = Icon.png; sourceTree = "<group>"; };
		08172272130EBB4800F380F1 /* Icon@2x.png */ = {isa = PBXFileReference; lastKnownFileType = image.png; path = "Icon@2x.png"; sourceTree = "<group>"; };
		0856F6BE1305761300573848 /* Default.png */ = {isa = PBXFileReference; lastKnownFileType = image.png; path = Default.png; sourceTree = "<group>"; };
		08587B0612E8D0AA003A66B6 /* SuperDustBunny.app */ = {isa = PBXFileReference; explicitFileType = wrapper.application; includeInIndex = 0; path = SuperDustBunny.app; sourceTree = BUILT_PRODUCTS_DIR; };
		08587B0A12E8D0AA003A66B6 /* UIKit.framework */ = {isa = PBXFileReference; lastKnownFileType = wrapper.framework; name = UIKit.framework; path = System/Library/Frameworks/UIKit.framework; sourceTree = SDKROOT; };
		08587B0C12E8D0AA003A66B6 /* Foundation.framework */ = {isa = PBXFileReference; lastKnownFileType = wrapper.framework; name = Foundation.framework; path = System/Library/Frameworks/Foundation.framework; sourceTree = SDKROOT; };
		08587B0E12E8D0AA003A66B6 /* CoreGraphics.framework */ = {isa = PBXFileReference; lastKnownFileType = wrapper.framework; name = CoreGraphics.framework; path = System/Library/Frameworks/CoreGraphics.framework; sourceTree = SDKROOT; };
		08587B1012E8D0AA003A66B6 /* QuartzCore.framework */ = {isa = PBXFileReference; lastKnownFileType = wrapper.framework; name = QuartzCore.framework; path = System/Library/Frameworks/QuartzCore.framework; sourceTree = SDKROOT; };
		08587B1212E8D0AA003A66B6 /* OpenGLES.framework */ = {isa = PBXFileReference; lastKnownFileType = wrapper.framework; name = OpenGLES.framework; path = System/Library/Frameworks/OpenGLES.framework; sourceTree = SDKROOT; };
		0893504712EFCBCE00BEFFFA /* Assets.cpp */ = {isa = PBXFileReference; fileEncoding = 4; lastKnownFileType = sourcecode.cpp.cpp; name = Assets.cpp; path = ../Assets.cpp; sourceTree = "<group>"; };
		0893504812EFCBCE00BEFFFA /* Assets.h */ = {isa = PBXFileReference; fileEncoding = 4; lastKnownFileType = sourcecode.c.h; name = Assets.h; path = ../Assets.h; sourceTree = "<group>"; };
		0893504912EFCBCE00BEFFFA /* Barrel.cpp */ = {isa = PBXFileReference; fileEncoding = 4; lastKnownFileType = sourcecode.cpp.cpp; name = Barrel.cpp; path = ../Barrel.cpp; sourceTree = "<group>"; };
		0893504A12EFCBCE00BEFFFA /* Barrel.h */ = {isa = PBXFileReference; fileEncoding = 4; lastKnownFileType = sourcecode.c.h; name = Barrel.h; path = ../Barrel.h; sourceTree = "<group>"; };
		0893504B12EFCBCE00BEFFFA /* chapter.cpp */ = {isa = PBXFileReference; fileEncoding = 4; lastKnownFileType = sourcecode.cpp.cpp; name = chapter.cpp; path = ../chapter.cpp; sourceTree = "<group>"; };
		0893504C12EFCBCE00BEFFFA /* chapter.h */ = {isa = PBXFileReference; fileEncoding = 4; lastKnownFileType = sourcecode.c.h; name = chapter.h; path = ../chapter.h; sourceTree = "<group>"; };
		0893504D12EFCBCE00BEFFFA /* ChapterIntro.cpp */ = {isa = PBXFileReference; fileEncoding = 4; lastKnownFileType = sourcecode.cpp.cpp; name = ChapterIntro.cpp; path = ../ChapterIntro.cpp; sourceTree = "<group>"; };
		0893504E12EFCBCE00BEFFFA /* ChapterIntro.h */ = {isa = PBXFileReference; fileEncoding = 4; lastKnownFileType = sourcecode.c.h; name = ChapterIntro.h; path = ../ChapterIntro.h; sourceTree = "<group>"; };
		0893504F12EFCBCE00BEFFFA /* Coin.cpp */ = {isa = PBXFileReference; fileEncoding = 4; lastKnownFileType = sourcecode.cpp.cpp; name = Coin.cpp; path = ../Coin.cpp; sourceTree = "<group>"; };
		0893505012EFCBCE00BEFFFA /* Coin.h */ = {isa = PBXFileReference; fileEncoding = 4; lastKnownFileType = sourcecode.c.h; name = Coin.h; path = ../Coin.h; sourceTree = "<group>"; };
		0893505112EFCBCE00BEFFFA /* common.h */ = {isa = PBXFileReference; fileEncoding = 4; lastKnownFileType = sourcecode.c.h; name = common.h; path = ../common.h; sourceTree = "<group>"; };
		0893505212EFCBCE00BEFFFA /* CreditsScreen.cpp */ = {isa = PBXFileReference; fileEncoding = 4; lastKnownFileType = sourcecode.cpp.cpp; name = CreditsScreen.cpp; path = ../CreditsScreen.cpp; sourceTree = "<group>"; };
		0893505312EFCBCE00BEFFFA /* CreditsScreen.h */ = {isa = PBXFileReference; fileEncoding = 4; lastKnownFileType = sourcecode.c.h; name = CreditsScreen.h; path = ../CreditsScreen.h; sourceTree = "<group>"; };
		0893505412EFCBCE00BEFFFA /* Crumb.h */ = {isa = PBXFileReference; fileEncoding = 4; lastKnownFileType = sourcecode.c.h; name = Crumb.h; path = ../Crumb.h; sourceTree = "<group>"; };
		0893505512EFCBCE00BEFFFA /* Debris.cpp */ = {isa = PBXFileReference; fileEncoding = 4; lastKnownFileType = sourcecode.cpp.cpp; name = Debris.cpp; path = ../Debris.cpp; sourceTree = "<group>"; };
		0893505612EFCBCE00BEFFFA /* Debris.h */ = {isa = PBXFileReference; fileEncoding = 4; lastKnownFileType = sourcecode.c.h; name = Debris.h; path = ../Debris.h; sourceTree = "<group>"; };
		0893505712EFCBCE00BEFFFA /* DieScreen.cpp */ = {isa = PBXFileReference; fileEncoding = 4; lastKnownFileType = sourcecode.cpp.cpp; name = DieScreen.cpp; path = ../DieScreen.cpp; sourceTree = "<group>"; };
		0893505812EFCBCE00BEFFFA /* DieScreen.h */ = {isa = PBXFileReference; fileEncoding = 4; lastKnownFileType = sourcecode.c.h; name = DieScreen.h; path = ../DieScreen.h; sourceTree = "<group>"; };
		0893505912EFCBCE00BEFFFA /* Dust.cpp */ = {isa = PBXFileReference; fileEncoding = 4; lastKnownFileType = sourcecode.cpp.cpp; name = Dust.cpp; path = ../Dust.cpp; sourceTree = "<group>"; };
		0893505A12EFCBCE00BEFFFA /* Dust.h */ = {isa = PBXFileReference; fileEncoding = 4; lastKnownFileType = sourcecode.c.h; name = Dust.h; path = ../Dust.h; sourceTree = "<group>"; };
		0893505B12EFCBCE00BEFFFA /* Dusty.cpp */ = {isa = PBXFileReference; fileEncoding = 4; lastKnownFileType = sourcecode.cpp.cpp; name = Dusty.cpp; path = ../Dusty.cpp; sourceTree = "<group>"; };
		0893505C12EFCBCE00BEFFFA /* Dusty.h */ = {isa = PBXFileReference; fileEncoding = 4; lastKnownFileType = sourcecode.c.h; name = Dusty.h; path = ../Dusty.h; sourceTree = "<group>"; };
		0893505D12EFCBCE00BEFFFA /* Fan.cpp */ = {isa = PBXFileReference; fileEncoding = 4; lastKnownFileType = sourcecode.cpp.cpp; name = Fan.cpp; path = ../Fan.cpp; sourceTree = "<group>"; };
		0893505E12EFCBCE00BEFFFA /* Fan.h */ = {isa = PBXFileReference; fileEncoding = 4; lastKnownFileType = sourcecode.c.h; name = Fan.h; path = ../Fan.h; sourceTree = "<group>"; };
		0893505F12EFCBCE00BEFFFA /* FireWorks.cpp */ = {isa = PBXFileReference; fileEncoding = 4; lastKnownFileType = sourcecode.cpp.cpp; name = FireWorks.cpp; path = ../FireWorks.cpp; sourceTree = "<group>"; };
		0893506012EFCBCE00BEFFFA /* FireWorks.h */ = {isa = PBXFileReference; fileEncoding = 4; lastKnownFileType = sourcecode.c.h; name = FireWorks.h; path = ../FireWorks.h; sourceTree = "<group>"; };
		0893506112EFCBCE00BEFFFA /* Flashlight.cpp */ = {isa = PBXFileReference; fileEncoding = 4; lastKnownFileType = sourcecode.cpp.cpp; name = Flashlight.cpp; path = ../Flashlight.cpp; sourceTree = "<group>"; };
		0893506212EFCBCE00BEFFFA /* Flashlight.h */ = {isa = PBXFileReference; fileEncoding = 4; lastKnownFileType = sourcecode.c.h; name = Flashlight.h; path = ../Flashlight.h; sourceTree = "<group>"; };
		0893506312EFCBCE00BEFFFA /* GameScore.cpp */ = {isa = PBXFileReference; fileEncoding = 4; lastKnownFileType = sourcecode.cpp.cpp; name = GameScore.cpp; path = ../GameScore.cpp; sourceTree = "<group>"; };
		0893506412EFCBCE00BEFFFA /* GameScore.h */ = {isa = PBXFileReference; fileEncoding = 4; lastKnownFileType = sourcecode.c.h; name = GameScore.h; path = ../GameScore.h; sourceTree = "<group>"; };
		0893506512EFCBCE00BEFFFA /* Gear.cpp */ = {isa = PBXFileReference; fileEncoding = 4; lastKnownFileType = sourcecode.cpp.cpp; name = Gear.cpp; path = ../Gear.cpp; sourceTree = "<group>"; };
		0893506612EFCBCE00BEFFFA /* Gear.h */ = {isa = PBXFileReference; fileEncoding = 4; lastKnownFileType = sourcecode.c.h; name = Gear.h; path = ../Gear.h; sourceTree = "<group>"; };
		0893506712EFCBCE00BEFFFA /* HelpScreen.cpp */ = {isa = PBXFileReference; fileEncoding = 4; lastKnownFileType = sourcecode.cpp.cpp; name = HelpScreen.cpp; path = ../HelpScreen.cpp; sourceTree = "<group>"; };
		0893506812EFCBCE00BEFFFA /* HelpScreen.h */ = {isa = PBXFileReference; fileEncoding = 4; lastKnownFileType = sourcecode.c.h; name = HelpScreen.h; path = ../HelpScreen.h; sourceTree = "<group>"; };
		0893507912EFCBE700BEFFFA /* Lighting.cpp */ = {isa = PBXFileReference; fileEncoding = 4; lastKnownFileType = sourcecode.cpp.cpp; name = Lighting.cpp; path = ../Lighting.cpp; sourceTree = "<group>"; };
		0893507A12EFCBE700BEFFFA /* Lighting.h */ = {isa = PBXFileReference; fileEncoding = 4; lastKnownFileType = sourcecode.c.h; name = Lighting.h; path = ../Lighting.h; sourceTree = "<group>"; };
		0893507B12EFCBE700BEFFFA /* Lives.cpp */ = {isa = PBXFileReference; fileEncoding = 4; lastKnownFileType = sourcecode.cpp.cpp; name = Lives.cpp; path = ../Lives.cpp; sourceTree = "<group>"; };
		0893507C12EFCBE700BEFFFA /* Lives.h */ = {isa = PBXFileReference; fileEncoding = 4; lastKnownFileType = sourcecode.c.h; name = Lives.h; path = ../Lives.h; sourceTree = "<group>"; };
		0893507E12EFCBE700BEFFFA /* license.txt */ = {isa = PBXFileReference; fileEncoding = 4; lastKnownFileType = text; path = license.txt; sourceTree = "<group>"; };
		0893507F12EFCBE700BEFFFA /* manual.html */ = {isa = PBXFileReference; fileEncoding = 4; lastKnownFileType = text.html; path = manual.html; sourceTree = "<group>"; };
		0893508012EFCBE700BEFFFA /* rapidxml.hpp */ = {isa = PBXFileReference; fileEncoding = 4; lastKnownFileType = sourcecode.cpp.h; path = rapidxml.hpp; sourceTree = "<group>"; };
		0893508112EFCBE700BEFFFA /* rapidxml_iterators.hpp */ = {isa = PBXFileReference; fileEncoding = 4; lastKnownFileType = sourcecode.cpp.h; path = rapidxml_iterators.hpp; sourceTree = "<group>"; };
		0893508212EFCBE700BEFFFA /* rapidxml_print.hpp */ = {isa = PBXFileReference; fileEncoding = 4; lastKnownFileType = sourcecode.cpp.h; path = rapidxml_print.hpp; sourceTree = "<group>"; };
		0893508312EFCBE700BEFFFA /* rapidxml_utils.hpp */ = {isa = PBXFileReference; fileEncoding = 4; lastKnownFileType = sourcecode.cpp.h; path = rapidxml_utils.hpp; sourceTree = "<group>"; };
		0893508412EFCBE700BEFFFA /* Recorder.cpp */ = {isa = PBXFileReference; fileEncoding = 4; lastKnownFileType = sourcecode.cpp.cpp; name = Recorder.cpp; path = ../Recorder.cpp; sourceTree = "<group>"; };
		0893508512EFCBE700BEFFFA /* Recorder.h */ = {isa = PBXFileReference; fileEncoding = 4; lastKnownFileType = sourcecode.c.h; name = Recorder.h; path = ../Recorder.h; sourceTree = "<group>"; };
		0893508612EFCBE700BEFFFA /* StartScreen.cpp */ = {isa = PBXFileReference; fileEncoding = 4; lastKnownFileType = sourcecode.cpp.cpp; name = StartScreen.cpp; path = ../StartScreen.cpp; sourceTree = "<group>"; };
		0893508712EFCBE700BEFFFA /* StartScreen.h */ = {isa = PBXFileReference; fileEncoding = 4; lastKnownFileType = sourcecode.c.h; name = StartScreen.h; path = ../StartScreen.h; sourceTree = "<group>"; };
		0893508812EFCBE700BEFFFA /* SuperDustBunny.cpp */ = {isa = PBXFileReference; fileEncoding = 4; lastKnownFileType = sourcecode.cpp.cpp; name = SuperDustBunny.cpp; path = ../SuperDustBunny.cpp; sourceTree = "<group>"; };
		0893508912EFCBE700BEFFFA /* TennisBall.cpp */ = {isa = PBXFileReference; fileEncoding = 4; lastKnownFileType = sourcecode.cpp.cpp; name = TennisBall.cpp; path = ../TennisBall.cpp; sourceTree = "<group>"; };
		0893508A12EFCBE700BEFFFA /* TennisBall.h */ = {isa = PBXFileReference; fileEncoding = 4; lastKnownFileType = sourcecode.c.h; name = TennisBall.h; path = ../TennisBall.h; sourceTree = "<group>"; };
		0893508B12EFCBE700BEFFFA /* Tutorial.cpp */ = {isa = PBXFileReference; fileEncoding = 4; lastKnownFileType = sourcecode.cpp.cpp; name = Tutorial.cpp; path = ../Tutorial.cpp; sourceTree = "<group>"; };
		0893508C12EFCBE700BEFFFA /* Tutorial.h */ = {isa = PBXFileReference; fileEncoding = 4; lastKnownFileType = sourcecode.c.h; name = Tutorial.h; path = ../Tutorial.h; sourceTree = "<group>"; };
		0893508D12EFCBE700BEFFFA /* Vacuum.cpp */ = {isa = PBXFileReference; fileEncoding = 4; lastKnownFileType = sourcecode.cpp.cpp; name = Vacuum.cpp; path = ../Vacuum.cpp; sourceTree = "<group>"; };
		0893508E12EFCBE700BEFFFA /* Vacuum.h */ = {isa = PBXFileReference; fileEncoding = 4; lastKnownFileType = sourcecode.c.h; name = Vacuum.h; path = ../Vacuum.h; sourceTree = "<group>"; };
		0893508F12EFCBE700BEFFFA /* WinScreen.cpp */ = {isa = PBXFileReference; fileEncoding = 4; lastKnownFileType = sourcecode.cpp.cpp; name = WinScreen.cpp; path = ../WinScreen.cpp; sourceTree = "<group>"; };
		0893509012EFCBE700BEFFFA /* WinScreen.h */ = {isa = PBXFileReference; fileEncoding = 4; lastKnownFileType = sourcecode.c.h; name = WinScreen.h; path = ../WinScreen.h; sourceTree = "<group>"; };
		0893509112EFCBE700BEFFFA /* Wipe.cpp */ = {isa = PBXFileReference; fileEncoding = 4; lastKnownFileType = sourcecode.cpp.cpp; name = Wipe.cpp; path = ../Wipe.cpp; sourceTree = "<group>"; };
		0893509212EFCBE700BEFFFA /* Wipe.h */ = {isa = PBXFileReference; fileEncoding = 4; lastKnownFileType = sourcecode.c.h; name = Wipe.h; path = ../Wipe.h; sourceTree = "<group>"; };
		089350A012EFCBFC00BEFFFA /* EAGLView.h */ = {isa = PBXFileReference; fileEncoding = 4; lastKnownFileType = sourcecode.c.h; path = EAGLView.h; sourceTree = "<group>"; };
		089350A112EFCBFC00BEFFFA /* EAGLView.m */ = {isa = PBXFileReference; fileEncoding = 4; lastKnownFileType = sourcecode.c.objc; path = EAGLView.m; sourceTree = "<group>"; };
		089350A212EFCBFC00BEFFFA /* graphics.h */ = {isa = PBXFileReference; fileEncoding = 4; lastKnownFileType = sourcecode.c.h; path = graphics.h; sourceTree = "<group>"; };
		089350A312EFCBFC00BEFFFA /* graphics.mm */ = {isa = PBXFileReference; fileEncoding = 4; lastKnownFileType = sourcecode.cpp.objcpp; path = graphics.mm; sourceTree = "<group>"; };
		089350A412EFCBFC00BEFFFA /* InfoPlist.strings */ = {isa = PBXFileReference; fileEncoding = 4; lastKnownFileType = text.plist.strings; path = InfoPlist.strings; sourceTree = "<group>"; };
		089350A512EFCBFC00BEFFFA /* keyboard.h */ = {isa = PBXFileReference; fileEncoding = 4; lastKnownFileType = sourcecode.c.h; path = keyboard.h; sourceTree = "<group>"; };
		089350A612EFCBFC00BEFFFA /* keyboard.mm */ = {isa = PBXFileReference; fileEncoding = 4; lastKnownFileType = sourcecode.cpp.objcpp; path = keyboard.mm; sourceTree = "<group>"; };
		089350A712EFCBFC00BEFFFA /* main.m */ = {isa = PBXFileReference; fileEncoding = 4; lastKnownFileType = sourcecode.c.objc; path = main.m; sourceTree = "<group>"; };
		089350A812EFCBFC00BEFFFA /* MainWindow-iPad.xib */ = {isa = PBXFileReference; fileEncoding = 4; lastKnownFileType = file.xib; path = "MainWindow-iPad.xib"; sourceTree = "<group>"; };
		089350A912EFCBFC00BEFFFA /* MainWindow.xib */ = {isa = PBXFileReference; fileEncoding = 4; lastKnownFileType = file.xib; path = MainWindow.xib; sourceTree = "<group>"; };
		089350AA12EFCBFC00BEFFFA /* mouse.h */ = {isa = PBXFileReference; fileEncoding = 4; lastKnownFileType = sourcecode.c.h; path = mouse.h; sourceTree = "<group>"; };
		089350AB12EFCBFC00BEFFFA /* mouse.mm */ = {isa = PBXFileReference; fileEncoding = 4; lastKnownFileType = sourcecode.cpp.objcpp; path = mouse.mm; sourceTree = "<group>"; };
		089350AC12EFCBFC00BEFFFA /* sound.h */ = {isa = PBXFileReference; fileEncoding = 4; lastKnownFileType = sourcecode.c.h; path = sound.h; sourceTree = "<group>"; };
		089350AD12EFCBFC00BEFFFA /* sound.mm */ = {isa = PBXFileReference; fileEncoding = 4; lastKnownFileType = sourcecode.cpp.objcpp; path = sound.mm; sourceTree = "<group>"; };
		089350AF12EFCBFC00BEFFFA /* SuperDustBunny-Info.plist */ = {isa = PBXFileReference; fileEncoding = 4; lastKnownFileType = text.plist.xml; path = "SuperDustBunny-Info.plist"; sourceTree = "<group>"; };
		089350B012EFCBFC00BEFFFA /* SuperDustBunny-Prefix.pch */ = {isa = PBXFileReference; fileEncoding = 4; lastKnownFileType = sourcecode.c.h; path = "SuperDustBunny-Prefix.pch"; sourceTree = "<group>"; };
		089350B412EFCBFC00BEFFFA /* SuperDustBunnyAppDelegate.h */ = {isa = PBXFileReference; fileEncoding = 4; lastKnownFileType = sourcecode.c.h; path = SuperDustBunnyAppDelegate.h; sourceTree = "<group>"; };
		089350B512EFCBFC00BEFFFA /* SuperDustBunnyAppDelegate.m */ = {isa = PBXFileReference; fileEncoding = 4; lastKnownFileType = sourcecode.c.objc; path = SuperDustBunnyAppDelegate.m; sourceTree = "<group>"; };
		089350B612EFCBFC00BEFFFA /* SuperDustBunnyViewController.h */ = {isa = PBXFileReference; fileEncoding = 4; lastKnownFileType = sourcecode.c.h; path = SuperDustBunnyViewController.h; sourceTree = "<group>"; };
		089350B712EFCBFC00BEFFFA /* SuperDustBunnyViewController.m */ = {isa = PBXFileReference; fileEncoding = 4; lastKnownFileType = sourcecode.c.objc; path = SuperDustBunnyViewController.m; sourceTree = "<group>"; };
		089350B812EFCBFC00BEFFFA /* SuperDustBunnyViewController.xib */ = {isa = PBXFileReference; fileEncoding = 4; lastKnownFileType = file.xib; path = SuperDustBunnyViewController.xib; sourceTree = "<group>"; };
		08B5953B1304D60B006F3D32 /* Stapler.cpp */ = {isa = PBXFileReference; fileEncoding = 4; lastKnownFileType = sourcecode.cpp.cpp; name = Stapler.cpp; path = ../Stapler.cpp; sourceTree = "<group>"; };
		08B5953C1304D60B006F3D32 /* Stapler.h */ = {isa = PBXFileReference; fileEncoding = 4; lastKnownFileType = sourcecode.c.h; name = Stapler.h; path = ../Stapler.h; sourceTree = "<group>"; };
		08CB7010130B2235008F8F34 /* SettingsViewController.h */ = {isa = PBXFileReference; fileEncoding = 4; lastKnownFileType = sourcecode.c.h; name = SettingsViewController.h; path = SuperDustBunny.xcodeproj/SettingsViewController.h; sourceTree = "<group>"; };
		08CB7011130B2235008F8F34 /* SettingsViewController.m */ = {isa = PBXFileReference; fileEncoding = 4; lastKnownFileType = sourcecode.c.objc; name = SettingsViewController.m; path = SuperDustBunny.xcodeproj/SettingsViewController.m; sourceTree = "<group>"; };
		08CB7012130B2235008F8F34 /* SettingsViewController.xib */ = {isa = PBXFileReference; fileEncoding = 4; lastKnownFileType = file.xib; name = SettingsViewController.xib; path = SuperDustBunny.xcodeproj/SettingsViewController.xib; sourceTree = "<group>"; };
		08CB7018130C3548008F8F34 /* Settings.cpp */ = {isa = PBXFileReference; fileEncoding = 4; lastKnownFileType = sourcecode.cpp.cpp; name = Settings.cpp; path = ../Settings.cpp; sourceTree = "<group>"; };
		08CB7019130C3548008F8F34 /* Settings.h */ = {isa = PBXFileReference; fileEncoding = 4; lastKnownFileType = sourcecode.c.h; name = Settings.h; path = ../Settings.h; sourceTree = "<group>"; };
		08CE829D12F3140B00320555 /* Data */ = {isa = PBXFileReference; lastKnownFileType = folder; name = Data; path = ../../Data; sourceTree = "<group>"; };
		08CE82A012F3141A00320555 /* Tilesets */ = {isa = PBXFileReference; lastKnownFileType = folder; name = Tilesets; path = ../../Tilesets; sourceTree = "<group>"; };
		08CE82A212F3142500320555 /* Chapters */ = {isa = PBXFileReference; lastKnownFileType = folder; name = Chapters; path = ../../Chapters; sourceTree = "<group>"; };
		08EADE5512EB376900229125 /* OpenAL.framework */ = {isa = PBXFileReference; lastKnownFileType = wrapper.framework; name = OpenAL.framework; path = System/Library/Frameworks/OpenAL.framework; sourceTree = SDKROOT; };
		08EADE5A12EB37E400229125 /* AudioToolbox.framework */ = {isa = PBXFileReference; lastKnownFileType = wrapper.framework; name = AudioToolbox.framework; path = System/Library/Frameworks/AudioToolbox.framework; sourceTree = SDKROOT; };
/* End PBXFileReference section */

/* Begin PBXFrameworksBuildPhase section */
		08587B0312E8D0AA003A66B6 /* Frameworks */ = {
			isa = PBXFrameworksBuildPhase;
			buildActionMask = 2147483647;
			files = (
				08587B0B12E8D0AA003A66B6 /* UIKit.framework in Frameworks */,
				08587B0D12E8D0AA003A66B6 /* Foundation.framework in Frameworks */,
				08587B0F12E8D0AA003A66B6 /* CoreGraphics.framework in Frameworks */,
				08587B1112E8D0AA003A66B6 /* QuartzCore.framework in Frameworks */,
				08587B1312E8D0AA003A66B6 /* OpenGLES.framework in Frameworks */,
				08EADE5612EB376900229125 /* OpenAL.framework in Frameworks */,
				08EADE5B12EB37E400229125 /* AudioToolbox.framework in Frameworks */,
			);
			runOnlyForDeploymentPostprocessing = 0;
		};
/* End PBXFrameworksBuildPhase section */

/* Begin PBXGroup section */
		0814324B1305E288007D4611 /* Converter */ = {
			isa = PBXGroup;
			children = (
				0814324D1305E3E3007D4611 /* Converter.py */,
			);
			name = Converter;
			sourceTree = "<group>";
		};
		08587AFB12E8D0AA003A66B6 = {
			isa = PBXGroup;
			children = (
				0814334C13061704007D4611 /* Converted */,
				0814324B1305E288007D4611 /* Converter */,
				0856F6BE1305761300573848 /* Default.png */,
				08CE82A212F3142500320555 /* Chapters */,
				08CE82A012F3141A00320555 /* Tilesets */,
				08CE829D12F3140B00320555 /* Data */,
				0893509F12EFCBFC00BEFFFA /* iOS */,
				0893504712EFCBCE00BEFFFA /* Assets.cpp */,
				0893504812EFCBCE00BEFFFA /* Assets.h */,
				0893504912EFCBCE00BEFFFA /* Barrel.cpp */,
				0893504A12EFCBCE00BEFFFA /* Barrel.h */,
				0893504B12EFCBCE00BEFFFA /* chapter.cpp */,
				0893504C12EFCBCE00BEFFFA /* chapter.h */,
				0893504D12EFCBCE00BEFFFA /* ChapterIntro.cpp */,
				0893504E12EFCBCE00BEFFFA /* ChapterIntro.h */,
				0893504F12EFCBCE00BEFFFA /* Coin.cpp */,
				0893505012EFCBCE00BEFFFA /* Coin.h */,
				0893505112EFCBCE00BEFFFA /* common.h */,
				0893505212EFCBCE00BEFFFA /* CreditsScreen.cpp */,
				0893505312EFCBCE00BEFFFA /* CreditsScreen.h */,
				0893505412EFCBCE00BEFFFA /* Crumb.h */,
				0893505512EFCBCE00BEFFFA /* Debris.cpp */,
				0893505612EFCBCE00BEFFFA /* Debris.h */,
				0893505712EFCBCE00BEFFFA /* DieScreen.cpp */,
				0893505812EFCBCE00BEFFFA /* DieScreen.h */,
				0893505912EFCBCE00BEFFFA /* Dust.cpp */,
				0893505A12EFCBCE00BEFFFA /* Dust.h */,
				0893505B12EFCBCE00BEFFFA /* Dusty.cpp */,
				0893505C12EFCBCE00BEFFFA /* Dusty.h */,
				0893505D12EFCBCE00BEFFFA /* Fan.cpp */,
				0893505E12EFCBCE00BEFFFA /* Fan.h */,
				0893505F12EFCBCE00BEFFFA /* FireWorks.cpp */,
				0893506012EFCBCE00BEFFFA /* FireWorks.h */,
				0893506112EFCBCE00BEFFFA /* Flashlight.cpp */,
				0893506212EFCBCE00BEFFFA /* Flashlight.h */,
				0893506312EFCBCE00BEFFFA /* GameScore.cpp */,
				0893506412EFCBCE00BEFFFA /* GameScore.h */,
				0893506512EFCBCE00BEFFFA /* Gear.cpp */,
				0893506612EFCBCE00BEFFFA /* Gear.h */,
				0893506712EFCBCE00BEFFFA /* HelpScreen.cpp */,
				0893506812EFCBCE00BEFFFA /* HelpScreen.h */,
				0893507B12EFCBE700BEFFFA /* Lives.cpp */,
				0893507C12EFCBE700BEFFFA /* Lives.h */,
				0893507912EFCBE700BEFFFA /* Lighting.cpp */,
				0893507A12EFCBE700BEFFFA /* Lighting.h */,
				0893507D12EFCBE700BEFFFA /* rapidxml */,
				0893508412EFCBE700BEFFFA /* Recorder.cpp */,
				0893508512EFCBE700BEFFFA /* Recorder.h */,
				08CB7018130C3548008F8F34 /* Settings.cpp */,
				08CB7019130C3548008F8F34 /* Settings.h */,
				0893508612EFCBE700BEFFFA /* StartScreen.cpp */,
				0893508712EFCBE700BEFFFA /* StartScreen.h */,
				08B5953B1304D60B006F3D32 /* Stapler.cpp */,
				08B5953C1304D60B006F3D32 /* Stapler.h */,
				0893508812EFCBE700BEFFFA /* SuperDustBunny.cpp */,
				0893508912EFCBE700BEFFFA /* TennisBall.cpp */,
				0893508A12EFCBE700BEFFFA /* TennisBall.h */,
				0893508B12EFCBE700BEFFFA /* Tutorial.cpp */,
				0893508C12EFCBE700BEFFFA /* Tutorial.h */,
				0893508D12EFCBE700BEFFFA /* Vacuum.cpp */,
				0893508E12EFCBE700BEFFFA /* Vacuum.h */,
				0893508F12EFCBE700BEFFFA /* WinScreen.cpp */,
				0893509012EFCBE700BEFFFA /* WinScreen.h */,
				0893509112EFCBE700BEFFFA /* Wipe.cpp */,
				0893509212EFCBE700BEFFFA /* Wipe.h */,
				08587B0912E8D0AA003A66B6 /* Frameworks */,
				08587B0712E8D0AA003A66B6 /* Products */,
			);
			sourceTree = "<group>";
		};
		08587B0712E8D0AA003A66B6 /* Products */ = {
			isa = PBXGroup;
			children = (
				08587B0612E8D0AA003A66B6 /* SuperDustBunny.app */,
			);
			name = Products;
			sourceTree = "<group>";
		};
		08587B0912E8D0AA003A66B6 /* Frameworks */ = {
			isa = PBXGroup;
			children = (
				08EADE5A12EB37E400229125 /* AudioToolbox.framework */,
				08EADE5512EB376900229125 /* OpenAL.framework */,
				08587B0A12E8D0AA003A66B6 /* UIKit.framework */,
				08587B0C12E8D0AA003A66B6 /* Foundation.framework */,
				08587B0E12E8D0AA003A66B6 /* CoreGraphics.framework */,
				08587B1012E8D0AA003A66B6 /* QuartzCore.framework */,
				08587B1212E8D0AA003A66B6 /* OpenGLES.framework */,
			);
			name = Frameworks;
			sourceTree = "<group>";
		};
		0893507D12EFCBE700BEFFFA /* rapidxml */ = {
			isa = PBXGroup;
			children = (
				0893507E12EFCBE700BEFFFA /* license.txt */,
				0893507F12EFCBE700BEFFFA /* manual.html */,
				0893508012EFCBE700BEFFFA /* rapidxml.hpp */,
				0893508112EFCBE700BEFFFA /* rapidxml_iterators.hpp */,
				0893508212EFCBE700BEFFFA /* rapidxml_print.hpp */,
				0893508312EFCBE700BEFFFA /* rapidxml_utils.hpp */,
			);
			name = rapidxml;
			path = ../rapidxml;
			sourceTree = "<group>";
		};
		0893509F12EFCBFC00BEFFFA /* iOS */ = {
			isa = PBXGroup;
			children = (
				08172271130EBB4800F380F1 /* Icon.png */,
				08172272130EBB4800F380F1 /* Icon@2x.png */,
				089350A012EFCBFC00BEFFFA /* EAGLView.h */,
				089350A112EFCBFC00BEFFFA /* EAGLView.m */,
				089350A212EFCBFC00BEFFFA /* graphics.h */,
				089350A312EFCBFC00BEFFFA /* graphics.mm */,
				089350A412EFCBFC00BEFFFA /* InfoPlist.strings */,
				089350A512EFCBFC00BEFFFA /* keyboard.h */,
				089350A612EFCBFC00BEFFFA /* keyboard.mm */,
				089350A712EFCBFC00BEFFFA /* main.m */,
				089350A812EFCBFC00BEFFFA /* MainWindow-iPad.xib */,
				089350A912EFCBFC00BEFFFA /* MainWindow.xib */,
				089350AA12EFCBFC00BEFFFA /* mouse.h */,
				089350AB12EFCBFC00BEFFFA /* mouse.mm */,
				089350AC12EFCBFC00BEFFFA /* sound.h */,
				089350AD12EFCBFC00BEFFFA /* sound.mm */,
				089350AE12EFCBFC00BEFFFA /* SuperDustBunny */,
				089350AF12EFCBFC00BEFFFA /* SuperDustBunny-Info.plist */,
				089350B012EFCBFC00BEFFFA /* SuperDustBunny-Prefix.pch */,
				089350B412EFCBFC00BEFFFA /* SuperDustBunnyAppDelegate.h */,
				089350B512EFCBFC00BEFFFA /* SuperDustBunnyAppDelegate.m */,
				089350B612EFCBFC00BEFFFA /* SuperDustBunnyViewController.h */,
				089350B712EFCBFC00BEFFFA /* SuperDustBunnyViewController.m */,
				089350B812EFCBFC00BEFFFA /* SuperDustBunnyViewController.xib */,
				08CB7010130B2235008F8F34 /* SettingsViewController.h */,
				08CB7011130B2235008F8F34 /* SettingsViewController.m */,
				08CB7012130B2235008F8F34 /* SettingsViewController.xib */,
			);
			name = iOS;
			sourceTree = "<group>";
		};
		089350AE12EFCBFC00BEFFFA /* SuperDustBunny */ = {
			isa = PBXGroup;
			children = (
			);
			path = SuperDustBunny;
			sourceTree = "<group>";
		};
/* End PBXGroup section */

/* Begin PBXNativeTarget section */
		08587B0512E8D0AA003A66B6 /* SuperDustBunny */ = {
			isa = PBXNativeTarget;
			buildConfigurationList = 08587B3212E8D0AA003A66B6 /* Build configuration list for PBXNativeTarget "SuperDustBunny" */;
			buildPhases = (
				08587B0212E8D0AA003A66B6 /* Sources */,
				08587B0312E8D0AA003A66B6 /* Frameworks */,
				0814324C1305E2B4007D4611 /* Convert Assets */,
				08587B0412E8D0AA003A66B6 /* Resources */,
			);
			buildRules = (
			);
			dependencies = (
			);
			name = SuperDustBunny;
			productName = SuperDustBunny;
			productReference = 08587B0612E8D0AA003A66B6 /* SuperDustBunny.app */;
			productType = "com.apple.product-type.application";
		};
/* End PBXNativeTarget section */

/* Begin PBXProject section */
		08587AFD12E8D0AA003A66B6 /* Project object */ = {
			isa = PBXProject;
			attributes = {
				ORGANIZATIONNAME = Self;
			};
			buildConfigurationList = 08587B0012E8D0AA003A66B6 /* Build configuration list for PBXProject "SuperDustBunny" */;
			compatibilityVersion = "Xcode 3.2";
			developmentRegion = English;
			hasScannedForEncodings = 0;
			knownRegions = (
				en,
			);
			mainGroup = 08587AFB12E8D0AA003A66B6;
			productRefGroup = 08587B0712E8D0AA003A66B6 /* Products */;
			projectDirPath = "";
			projectRoot = "";
			targets = (
				08587B0512E8D0AA003A66B6 /* SuperDustBunny */,
			);
		};
/* End PBXProject section */

/* Begin PBXResourcesBuildPhase section */
		08587B0412E8D0AA003A66B6 /* Resources */ = {
			isa = PBXResourcesBuildPhase;
			buildActionMask = 2147483647;
			files = (
				0893509512EFCBE700BEFFFA /* license.txt in Resources */,
				089350BB12EFCBFC00BEFFFA /* InfoPlist.strings in Resources */,
				089350BE12EFCBFC00BEFFFA /* MainWindow-iPad.xib in Resources */,
				089350BF12EFCBFC00BEFFFA /* MainWindow.xib in Resources */,
				089350C512EFCBFC00BEFFFA /* SuperDustBunnyViewController.xib in Resources */,
				08CE829E12F3140B00320555 /* Data in Resources */,
				08CE82A112F3141A00320555 /* Tilesets in Resources */,
				08CE82A312F3142500320555 /* Chapters in Resources */,
				0856F6C11305769000573848 /* Default.png in Resources */,
				0814324E1305E3E3007D4611 /* Converter.py in Resources */,
				0814334D13061704007D4611 /* Converted in Resources */,
				08CB7014130B2235008F8F34 /* SettingsViewController.xib in Resources */,
				08172273130EBB4800F380F1 /* Icon.png in Resources */,
				08172274130EBB4800F380F1 /* Icon@2x.png in Resources */,
			);
			runOnlyForDeploymentPostprocessing = 0;
		};
/* End PBXResourcesBuildPhase section */

/* Begin PBXShellScriptBuildPhase section */
		0814324C1305E2B4007D4611 /* Convert Assets */ = {
			isa = PBXShellScriptBuildPhase;
			buildActionMask = 12;
			files = (
			);
			inputPaths = (
			);
			name = "Convert Assets";
			outputPaths = (
			);
			runOnlyForDeploymentPostprocessing = 0;
			shellPath = /bin/sh;
			shellScript = "cd ../../\n/opt/local/bin/python2.6 -u Tools/Converter/Converter.py\n";
		};
/* End PBXShellScriptBuildPhase section */

/* Begin PBXSourcesBuildPhase section */
		08587B0212E8D0AA003A66B6 /* Sources */ = {
			isa = PBXSourcesBuildPhase;
			buildActionMask = 2147483647;
			files = (
				0893506912EFCBCE00BEFFFA /* Assets.cpp in Sources */,
				0893506A12EFCBCE00BEFFFA /* Barrel.cpp in Sources */,
				0893506B12EFCBCE00BEFFFA /* chapter.cpp in Sources */,
				0893506C12EFCBCE00BEFFFA /* ChapterIntro.cpp in Sources */,
				0893506D12EFCBCE00BEFFFA /* Coin.cpp in Sources */,
				0893506E12EFCBCE00BEFFFA /* CreditsScreen.cpp in Sources */,
				0893506F12EFCBCE00BEFFFA /* Debris.cpp in Sources */,
				0893507012EFCBCE00BEFFFA /* DieScreen.cpp in Sources */,
				0893507112EFCBCE00BEFFFA /* Dust.cpp in Sources */,
				0893507212EFCBCE00BEFFFA /* Dusty.cpp in Sources */,
				0893507312EFCBCE00BEFFFA /* Fan.cpp in Sources */,
				0893507412EFCBCE00BEFFFA /* FireWorks.cpp in Sources */,
				0893507512EFCBCE00BEFFFA /* Flashlight.cpp in Sources */,
				0893507612EFCBCE00BEFFFA /* GameScore.cpp in Sources */,
				0893507712EFCBCE00BEFFFA /* Gear.cpp in Sources */,
				0893507812EFCBCE00BEFFFA /* HelpScreen.cpp in Sources */,
				0893509312EFCBE700BEFFFA /* Lighting.cpp in Sources */,
				0893509412EFCBE700BEFFFA /* Lives.cpp in Sources */,
				0893509712EFCBE700BEFFFA /* Recorder.cpp in Sources */,
				0893509812EFCBE700BEFFFA /* StartScreen.cpp in Sources */,
				0893509912EFCBE700BEFFFA /* SuperDustBunny.cpp in Sources */,
				0893509A12EFCBE700BEFFFA /* TennisBall.cpp in Sources */,
				0893509B12EFCBE700BEFFFA /* Tutorial.cpp in Sources */,
				0893509C12EFCBE700BEFFFA /* Vacuum.cpp in Sources */,
				0893509D12EFCBE700BEFFFA /* WinScreen.cpp in Sources */,
				0893509E12EFCBE700BEFFFA /* Wipe.cpp in Sources */,
				089350B912EFCBFC00BEFFFA /* EAGLView.m in Sources */,
				089350BA12EFCBFC00BEFFFA /* graphics.mm in Sources */,
				089350BC12EFCBFC00BEFFFA /* keyboard.mm in Sources */,
				089350BD12EFCBFC00BEFFFA /* main.m in Sources */,
				089350C012EFCBFC00BEFFFA /* mouse.mm in Sources */,
				089350C112EFCBFC00BEFFFA /* sound.mm in Sources */,
				089350C312EFCBFC00BEFFFA /* SuperDustBunnyAppDelegate.m in Sources */,
				089350C412EFCBFC00BEFFFA /* SuperDustBunnyViewController.m in Sources */,
				08B5953D1304D60B006F3D32 /* Stapler.cpp in Sources */,
				08CB7013130B2235008F8F34 /* SettingsViewController.m in Sources */,
				08CB701A130C3548008F8F34 /* Settings.cpp in Sources */,
			);
			runOnlyForDeploymentPostprocessing = 0;
		};
/* End PBXSourcesBuildPhase section */

/* Begin XCBuildConfiguration section */
		08587B3012E8D0AA003A66B6 /* Debug */ = {
			isa = XCBuildConfiguration;
			buildSettings = {
				ARCHS = "$(ARCHS_STANDARD_32_BIT)";
				"CODE_SIGN_IDENTITY[sdk=iphoneos*]" = "iPhone Developer";
				GCC_C_LANGUAGE_STANDARD = gnu99;
				GCC_OPTIMIZATION_LEVEL = 0;
				GCC_PREPROCESSOR_DEFINITIONS = DEBUG;
				GCC_WARN_ABOUT_RETURN_TYPE = YES;
				GCC_WARN_UNUSED_VARIABLE = YES;
				IPHONEOS_DEPLOYMENT_TARGET = 4.2;
				SDKROOT = iphoneos;
			};
			name = Debug;
		};
		08587B3112E8D0AA003A66B6 /* Release */ = {
			isa = XCBuildConfiguration;
			buildSettings = {
				ARCHS = "$(ARCHS_STANDARD_32_BIT)";
				"CODE_SIGN_IDENTITY[sdk=iphoneos*]" = "iPhone Developer";
				GCC_C_LANGUAGE_STANDARD = gnu99;
				GCC_WARN_ABOUT_RETURN_TYPE = YES;
				GCC_WARN_UNUSED_VARIABLE = YES;
				IPHONEOS_DEPLOYMENT_TARGET = 4.2;
				OTHER_CFLAGS = "-DNS_BLOCK_ASSERTIONS=1";
				SDKROOT = iphoneos;
			};
			name = Release;
		};
		08587B3312E8D0AA003A66B6 /* Debug */ = {
			isa = XCBuildConfiguration;
			buildSettings = {
				ALWAYS_SEARCH_USER_PATHS = NO;
				COPY_PHASE_STRIP = NO;
				GCC_DYNAMIC_NO_PIC = NO;
				GCC_INPUT_FILETYPE = sourcecode.cpp.objcpp;
				GCC_PRECOMPILE_PREFIX_HEADER = YES;
				GCC_PREFIX_HEADER = "SuperDustBunny-Prefix.pch";
				"GCC_THUMB_SUPPORT[arch=armv6]" = "";
				INFOPLIST_FILE = "SuperDustBunny-Info.plist";
				IPHONEOS_DEPLOYMENT_TARGET = 4.2;
				PRODUCT_NAME = "$(TARGET_NAME)";
				TARGETED_DEVICE_FAMILY = "1,2";
				WRAPPER_EXTENSION = app;
			};
			name = Debug;
		};
		08587B3412E8D0AA003A66B6 /* Release */ = {
			isa = XCBuildConfiguration;
			buildSettings = {
				ALWAYS_SEARCH_USER_PATHS = NO;
				COPY_PHASE_STRIP = YES;
				GCC_INPUT_FILETYPE = sourcecode.cpp.objcpp;
				GCC_PRECOMPILE_PREFIX_HEADER = YES;
				GCC_PREFIX_HEADER = "SuperDustBunny-Prefix.pch";
				"GCC_THUMB_SUPPORT[arch=armv6]" = "";
				INFOPLIST_FILE = "SuperDustBunny-Info.plist";
				IPHONEOS_DEPLOYMENT_TARGET = 4.2;
				PRODUCT_NAME = "$(TARGET_NAME)";
				TARGETED_DEVICE_FAMILY = "1,2";
				VALIDATE_PRODUCT = YES;
				WRAPPER_EXTENSION = app;
			};
			name = Release;
		};
/* End XCBuildConfiguration section */

/* Begin XCConfigurationList section */
		08587B0012E8D0AA003A66B6 /* Build configuration list for PBXProject "SuperDustBunny" */ = {
			isa = XCConfigurationList;
			buildConfigurations = (
				08587B3012E8D0AA003A66B6 /* Debug */,
				08587B3112E8D0AA003A66B6 /* Release */,
			);
			defaultConfigurationIsVisible = 0;
			defaultConfigurationName = Release;
		};
		08587B3212E8D0AA003A66B6 /* Build configuration list for PBXNativeTarget "SuperDustBunny" */ = {
			isa = XCConfigurationList;
			buildConfigurations = (
				08587B3312E8D0AA003A66B6 /* Debug */,
				08587B3412E8D0AA003A66B6 /* Release */,
			);
			defaultConfigurationIsVisible = 0;
			defaultConfigurationName = Release;
		};
/* End XCConfigurationList section */
	};
	rootObject = 08587AFD12E8D0AA003A66B6 /* Project object */;
}
